
Microsoft Visual Studio Solution File, Format Version 12.00
# Visual Studio Version 17
VisualStudioVersion = 17.9.34902.65
MinimumVisualStudioVersion = 10.0.40219.1
Project("{778DAE3C-4631-46EA-AA77-85C1314464D9}") = "devkit-netcore5", "devkit-netcore5.vbproj", "{470AAB61-E443-46EA-8E9F-8E67B7750E25}"
EndProject
Project("{2150E333-8FDC-42A3-9474-1A3956D46DE8}") = "framework", "framework", "{AC58D495-6BB9-4CBB-88B7-CEA59BFEF351}"
EndProject
Project("{778DAE3C-4631-46EA-AA77-85C1314464D9}") = "Core", "..\..\..\..\runtime\sciBASIC#\Microsoft.VisualBasic.Core\src\Core.vbproj", "{DEF1EAC3-60F4-43EF-AE07-EC26D5527D70}"
EndProject
Project("{778DAE3C-4631-46EA-AA77-85C1314464D9}") = "Rsharp-netcore5", "..\..\..\R#\Rsharp-netcore5.vbproj", "{1EF7F868-2E43-45EE-88B0-6F353D803D9C}"
EndProject
Project("{778DAE3C-4631-46EA-AA77-85C1314464D9}") = "html_netcore5", "..\..\..\..\runtime\sciBASIC#\mime\text%html\html_netcore5.vbproj", "{B4B44A3D-D46D-4A9F-BF37-3BDFFCBAE9C0}"
EndProject
Project("{778DAE3C-4631-46EA-AA77-85C1314464D9}") = "VisualStudio.NET5", "..\..\..\..\runtime\sciBASIC#\vs_solutions\dev\VisualStudio\VisualStudio.NET5.vbproj", "{A12F5A26-9BF1-42F2-949D-00F62EF729C5}"
EndProject
Project("{778DAE3C-4631-46EA-AA77-85C1314464D9}") = "JSON-netcore5", "..\..\..\..\runtime\sciBASIC#\mime\application%json\JSON-netcore5.vbproj", "{39CF1BCA-07EB-4915-937A-3BF361156E9F}"
EndProject
Project("{778DAE3C-4631-46EA-AA77-85C1314464D9}") = "markdown.NET5", "..\..\..\..\runtime\sciBASIC#\mime\text%markdown\markdown.NET5.vbproj", "{4C7C790B-3A00-4041-AFBC-55FDE923C972}"
EndProject
Project("{778DAE3C-4631-46EA-AA77-85C1314464D9}") = "binarydata-netcore5", "..\..\..\..\runtime\sciBASIC#\Data\BinaryData\BinaryData\binarydata-netcore5.vbproj", "{54C5FC57-D71C-4D20-8D43-3CE3262FF1EB}"
EndProject
Project("{2150E333-8FDC-42A3-9474-1A3956D46DE8}") = "renv", "renv", "{E69DE394-D0F9-4170-ACEB-DAC92EFA9C2C}"
EndProject
Project("{2150E333-8FDC-42A3-9474-1A3956D46DE8}") = "mime", "mime", "{30F0F2AA-CF54-437D-904C-A82B9B7317F4}"
EndProject
Project("{2150E333-8FDC-42A3-9474-1A3956D46DE8}") = "data", "data", "{E741565B-9AF0-4683-8CCD-9F01D720BAF6}"
EndProject
Project("{778DAE3C-4631-46EA-AA77-85C1314464D9}") = "SQLite3", "..\..\..\..\runtime\sciBASIC#\Data\BinaryData\SQLite3\SQLite3.vbproj", "{4C318582-4BB9-41B8-BF9E-7096231E81BE}"
EndProject
Project("{778DAE3C-4631-46EA-AA77-85C1314464D9}") = "dataframework-netcore5", "..\..\..\..\runtime\sciBASIC#\Data\DataFrame\dataframework-netcore5.vbproj", "{100335B9-F84A-491A-BDC8-C82EA3AF6185}"
EndProject
Project("{778DAE3C-4631-46EA-AA77-85C1314464D9}") = "RData.NET5", "..\..\RData\RData.NET5.vbproj", "{A5A7FA23-FBA0-4BF6-9E92-39EB3F100F6F}"
EndProject
Project("{778DAE3C-4631-46EA-AA77-85C1314464D9}") = "roxygenNet-netcore5", "..\roxygenNet\roxygenNet-netcore5.vbproj", "{98E58D12-74DC-4CE6-91D0-0F94D20378DC}"
EndProject
Global
	GlobalSection(SolutionConfigurationPlatforms) = preSolution
		Debug|Any CPU = Debug|Any CPU
		Debug|x64 = Debug|x64
		gcmodeller_desktop|Any CPU = gcmodeller_desktop|Any CPU
		gcmodeller_desktop|x64 = gcmodeller_desktop|x64
		LipidSearch|Any CPU = LipidSearch|Any CPU
		LipidSearch|x64 = LipidSearch|x64
		mzkit_win32|Any CPU = mzkit_win32|Any CPU
		mzkit_win32|x64 = mzkit_win32|x64
		mzkit|Any CPU = mzkit|Any CPU
		mzkit|x64 = mzkit|x64
		NPSearch|Any CPU = NPSearch|Any CPU
		NPSearch|x64 = NPSearch|x64
		nuget_release|Any CPU = nuget_release|Any CPU
		nuget_release|x64 = nuget_release|x64
		PlantMAT|Any CPU = PlantMAT|Any CPU
		PlantMAT|x64 = PlantMAT|x64
		Release|Any CPU = Release|Any CPU
		Release|x64 = Release|x64
		Rsharp_app_release|Any CPU = Rsharp_app_release|Any CPU
		Rsharp_app_release|x64 = Rsharp_app_release|x64
	EndGlobalSection
	GlobalSection(ProjectConfigurationPlatforms) = postSolution
		{470AAB61-E443-46EA-8E9F-8E67B7750E25}.Debug|Any CPU.ActiveCfg = Debug|Any CPU
		{470AAB61-E443-46EA-8E9F-8E67B7750E25}.Debug|Any CPU.Build.0 = Debug|Any CPU
		{470AAB61-E443-46EA-8E9F-8E67B7750E25}.Debug|x64.ActiveCfg = Debug|x64
		{470AAB61-E443-46EA-8E9F-8E67B7750E25}.Debug|x64.Build.0 = Debug|x64
		{470AAB61-E443-46EA-8E9F-8E67B7750E25}.gcmodeller_desktop|Any CPU.ActiveCfg = mzkit_win32|Any CPU
		{470AAB61-E443-46EA-8E9F-8E67B7750E25}.gcmodeller_desktop|Any CPU.Build.0 = mzkit_win32|Any CPU
		{470AAB61-E443-46EA-8E9F-8E67B7750E25}.gcmodeller_desktop|x64.ActiveCfg = mzkit_win32|x64
		{470AAB61-E443-46EA-8E9F-8E67B7750E25}.gcmodeller_desktop|x64.Build.0 = mzkit_win32|x64
		{470AAB61-E443-46EA-8E9F-8E67B7750E25}.LipidSearch|Any CPU.ActiveCfg = Rsharp_app_release|Any CPU
		{470AAB61-E443-46EA-8E9F-8E67B7750E25}.LipidSearch|Any CPU.Build.0 = Rsharp_app_release|Any CPU
		{470AAB61-E443-46EA-8E9F-8E67B7750E25}.LipidSearch|x64.ActiveCfg = Release|x64
		{470AAB61-E443-46EA-8E9F-8E67B7750E25}.LipidSearch|x64.Build.0 = Release|x64
		{470AAB61-E443-46EA-8E9F-8E67B7750E25}.mzkit_win32|Any CPU.ActiveCfg = mzkit_win32|Any CPU
		{470AAB61-E443-46EA-8E9F-8E67B7750E25}.mzkit_win32|Any CPU.Build.0 = mzkit_win32|Any CPU
		{470AAB61-E443-46EA-8E9F-8E67B7750E25}.mzkit_win32|x64.ActiveCfg = mzkit_win32|x64
		{470AAB61-E443-46EA-8E9F-8E67B7750E25}.mzkit_win32|x64.Build.0 = mzkit_win32|x64
		{470AAB61-E443-46EA-8E9F-8E67B7750E25}.mzkit|Any CPU.ActiveCfg = Rsharp_app_release|Any CPU
		{470AAB61-E443-46EA-8E9F-8E67B7750E25}.mzkit|Any CPU.Build.0 = Rsharp_app_release|Any CPU
		{470AAB61-E443-46EA-8E9F-8E67B7750E25}.mzkit|x64.ActiveCfg = Release|x64
		{470AAB61-E443-46EA-8E9F-8E67B7750E25}.mzkit|x64.Build.0 = Release|x64
		{470AAB61-E443-46EA-8E9F-8E67B7750E25}.NPSearch|Any CPU.ActiveCfg = Rsharp_app_release|Any CPU
		{470AAB61-E443-46EA-8E9F-8E67B7750E25}.NPSearch|Any CPU.Build.0 = Rsharp_app_release|Any CPU
		{470AAB61-E443-46EA-8E9F-8E67B7750E25}.NPSearch|x64.ActiveCfg = Release|x64
		{470AAB61-E443-46EA-8E9F-8E67B7750E25}.NPSearch|x64.Build.0 = Release|x64
		{470AAB61-E443-46EA-8E9F-8E67B7750E25}.nuget_release|Any CPU.ActiveCfg = mzkit_win32|Any CPU
		{470AAB61-E443-46EA-8E9F-8E67B7750E25}.nuget_release|Any CPU.Build.0 = mzkit_win32|Any CPU
		{470AAB61-E443-46EA-8E9F-8E67B7750E25}.nuget_release|x64.ActiveCfg = mzkit_win32|x64
		{470AAB61-E443-46EA-8E9F-8E67B7750E25}.nuget_release|x64.Build.0 = mzkit_win32|x64
		{470AAB61-E443-46EA-8E9F-8E67B7750E25}.PlantMAT|Any CPU.ActiveCfg = Rsharp_app_release|Any CPU
		{470AAB61-E443-46EA-8E9F-8E67B7750E25}.PlantMAT|Any CPU.Build.0 = Rsharp_app_release|Any CPU
		{470AAB61-E443-46EA-8E9F-8E67B7750E25}.PlantMAT|x64.ActiveCfg = Release|x64
		{470AAB61-E443-46EA-8E9F-8E67B7750E25}.PlantMAT|x64.Build.0 = Release|x64
		{470AAB61-E443-46EA-8E9F-8E67B7750E25}.Release|Any CPU.ActiveCfg = Release|Any CPU
		{470AAB61-E443-46EA-8E9F-8E67B7750E25}.Release|Any CPU.Build.0 = Release|Any CPU
		{470AAB61-E443-46EA-8E9F-8E67B7750E25}.Release|x64.ActiveCfg = Release|Any CPU
		{470AAB61-E443-46EA-8E9F-8E67B7750E25}.Release|x64.Build.0 = Release|Any CPU
		{470AAB61-E443-46EA-8E9F-8E67B7750E25}.Rsharp_app_release|Any CPU.ActiveCfg = Rsharp_app_release|Any CPU
		{470AAB61-E443-46EA-8E9F-8E67B7750E25}.Rsharp_app_release|Any CPU.Build.0 = Rsharp_app_release|Any CPU
		{470AAB61-E443-46EA-8E9F-8E67B7750E25}.Rsharp_app_release|x64.ActiveCfg = Rsharp_app_release|x64
		{470AAB61-E443-46EA-8E9F-8E67B7750E25}.Rsharp_app_release|x64.Build.0 = Rsharp_app_release|x64
		{DEF1EAC3-60F4-43EF-AE07-EC26D5527D70}.Debug|Any CPU.ActiveCfg = Debug|Any CPU
		{DEF1EAC3-60F4-43EF-AE07-EC26D5527D70}.Debug|Any CPU.Build.0 = Debug|Any CPU
		{DEF1EAC3-60F4-43EF-AE07-EC26D5527D70}.Debug|x64.ActiveCfg = Debug|x64
		{DEF1EAC3-60F4-43EF-AE07-EC26D5527D70}.Debug|x64.Build.0 = Debug|x64
		{DEF1EAC3-60F4-43EF-AE07-EC26D5527D70}.gcmodeller_desktop|Any CPU.ActiveCfg = gcmodeller_desktop|Any CPU
		{DEF1EAC3-60F4-43EF-AE07-EC26D5527D70}.gcmodeller_desktop|Any CPU.Build.0 = gcmodeller_desktop|Any CPU
		{DEF1EAC3-60F4-43EF-AE07-EC26D5527D70}.gcmodeller_desktop|x64.ActiveCfg = gcmodeller_desktop|x64
		{DEF1EAC3-60F4-43EF-AE07-EC26D5527D70}.gcmodeller_desktop|x64.Build.0 = gcmodeller_desktop|x64
		{DEF1EAC3-60F4-43EF-AE07-EC26D5527D70}.LipidSearch|Any CPU.ActiveCfg = LipidSearch|Any CPU
		{DEF1EAC3-60F4-43EF-AE07-EC26D5527D70}.LipidSearch|Any CPU.Build.0 = LipidSearch|Any CPU
		{DEF1EAC3-60F4-43EF-AE07-EC26D5527D70}.LipidSearch|x64.ActiveCfg = LipidSearch|x64
		{DEF1EAC3-60F4-43EF-AE07-EC26D5527D70}.LipidSearch|x64.Build.0 = LipidSearch|x64
		{DEF1EAC3-60F4-43EF-AE07-EC26D5527D70}.mzkit_win32|Any CPU.ActiveCfg = mzkit_win32|Any CPU
		{DEF1EAC3-60F4-43EF-AE07-EC26D5527D70}.mzkit_win32|Any CPU.Build.0 = mzkit_win32|Any CPU
		{DEF1EAC3-60F4-43EF-AE07-EC26D5527D70}.mzkit_win32|x64.ActiveCfg = mzkit_win32|x64
		{DEF1EAC3-60F4-43EF-AE07-EC26D5527D70}.mzkit_win32|x64.Build.0 = mzkit_win32|x64
		{DEF1EAC3-60F4-43EF-AE07-EC26D5527D70}.mzkit|Any CPU.ActiveCfg = mzkit|Any CPU
		{DEF1EAC3-60F4-43EF-AE07-EC26D5527D70}.mzkit|Any CPU.Build.0 = mzkit|Any CPU
		{DEF1EAC3-60F4-43EF-AE07-EC26D5527D70}.mzkit|x64.ActiveCfg = mzkit|x64
		{DEF1EAC3-60F4-43EF-AE07-EC26D5527D70}.mzkit|x64.Build.0 = mzkit|x64
		{DEF1EAC3-60F4-43EF-AE07-EC26D5527D70}.NPSearch|Any CPU.ActiveCfg = NPSearch|Any CPU
		{DEF1EAC3-60F4-43EF-AE07-EC26D5527D70}.NPSearch|Any CPU.Build.0 = NPSearch|Any CPU
		{DEF1EAC3-60F4-43EF-AE07-EC26D5527D70}.NPSearch|x64.ActiveCfg = NPSearch|x64
		{DEF1EAC3-60F4-43EF-AE07-EC26D5527D70}.NPSearch|x64.Build.0 = NPSearch|x64
		{DEF1EAC3-60F4-43EF-AE07-EC26D5527D70}.nuget_release|Any CPU.ActiveCfg = nuget_release|Any CPU
		{DEF1EAC3-60F4-43EF-AE07-EC26D5527D70}.nuget_release|Any CPU.Build.0 = nuget_release|Any CPU
		{DEF1EAC3-60F4-43EF-AE07-EC26D5527D70}.nuget_release|x64.ActiveCfg = nuget_release|x64
		{DEF1EAC3-60F4-43EF-AE07-EC26D5527D70}.nuget_release|x64.Build.0 = nuget_release|x64
		{DEF1EAC3-60F4-43EF-AE07-EC26D5527D70}.PlantMAT|Any CPU.ActiveCfg = PlantMAT|Any CPU
		{DEF1EAC3-60F4-43EF-AE07-EC26D5527D70}.PlantMAT|Any CPU.Build.0 = PlantMAT|Any CPU
		{DEF1EAC3-60F4-43EF-AE07-EC26D5527D70}.PlantMAT|x64.ActiveCfg = PlantMAT|x64
		{DEF1EAC3-60F4-43EF-AE07-EC26D5527D70}.PlantMAT|x64.Build.0 = PlantMAT|x64
		{DEF1EAC3-60F4-43EF-AE07-EC26D5527D70}.Release|Any CPU.ActiveCfg = Release|Any CPU
		{DEF1EAC3-60F4-43EF-AE07-EC26D5527D70}.Release|Any CPU.Build.0 = Release|Any CPU
		{DEF1EAC3-60F4-43EF-AE07-EC26D5527D70}.Release|x64.ActiveCfg = Release|x64
		{DEF1EAC3-60F4-43EF-AE07-EC26D5527D70}.Release|x64.Build.0 = Release|x64
		{DEF1EAC3-60F4-43EF-AE07-EC26D5527D70}.Rsharp_app_release|Any CPU.ActiveCfg = Rsharp_app_release|Any CPU
		{DEF1EAC3-60F4-43EF-AE07-EC26D5527D70}.Rsharp_app_release|Any CPU.Build.0 = Rsharp_app_release|Any CPU
		{DEF1EAC3-60F4-43EF-AE07-EC26D5527D70}.Rsharp_app_release|x64.ActiveCfg = Rsharp_app_release|x64
		{DEF1EAC3-60F4-43EF-AE07-EC26D5527D70}.Rsharp_app_release|x64.Build.0 = Rsharp_app_release|x64
		{1EF7F868-2E43-45EE-88B0-6F353D803D9C}.Debug|Any CPU.ActiveCfg = Debug|Any CPU
		{1EF7F868-2E43-45EE-88B0-6F353D803D9C}.Debug|Any CPU.Build.0 = Debug|Any CPU
		{1EF7F868-2E43-45EE-88B0-6F353D803D9C}.Debug|x64.ActiveCfg = Debug|x64
		{1EF7F868-2E43-45EE-88B0-6F353D803D9C}.Debug|x64.Build.0 = Debug|x64
		{1EF7F868-2E43-45EE-88B0-6F353D803D9C}.gcmodeller_desktop|Any CPU.ActiveCfg = gcmodeller_desktop|Any CPU
		{1EF7F868-2E43-45EE-88B0-6F353D803D9C}.gcmodeller_desktop|Any CPU.Build.0 = gcmodeller_desktop|Any CPU
		{1EF7F868-2E43-45EE-88B0-6F353D803D9C}.gcmodeller_desktop|x64.ActiveCfg = gcmodeller_desktop|x64
		{1EF7F868-2E43-45EE-88B0-6F353D803D9C}.gcmodeller_desktop|x64.Build.0 = gcmodeller_desktop|x64
		{1EF7F868-2E43-45EE-88B0-6F353D803D9C}.LipidSearch|Any CPU.ActiveCfg = LipidSearch|Any CPU
		{1EF7F868-2E43-45EE-88B0-6F353D803D9C}.LipidSearch|Any CPU.Build.0 = LipidSearch|Any CPU
		{1EF7F868-2E43-45EE-88B0-6F353D803D9C}.LipidSearch|x64.ActiveCfg = LipidSearch|x64
		{1EF7F868-2E43-45EE-88B0-6F353D803D9C}.LipidSearch|x64.Build.0 = LipidSearch|x64
		{1EF7F868-2E43-45EE-88B0-6F353D803D9C}.mzkit_win32|Any CPU.ActiveCfg = mzkit|Any CPU
		{1EF7F868-2E43-45EE-88B0-6F353D803D9C}.mzkit_win32|Any CPU.Build.0 = mzkit|Any CPU
		{1EF7F868-2E43-45EE-88B0-6F353D803D9C}.mzkit_win32|x64.ActiveCfg = mzkit|x64
		{1EF7F868-2E43-45EE-88B0-6F353D803D9C}.mzkit_win32|x64.Build.0 = mzkit|x64
		{1EF7F868-2E43-45EE-88B0-6F353D803D9C}.mzkit|Any CPU.ActiveCfg = mzkit|Any CPU
		{1EF7F868-2E43-45EE-88B0-6F353D803D9C}.mzkit|Any CPU.Build.0 = mzkit|Any CPU
		{1EF7F868-2E43-45EE-88B0-6F353D803D9C}.mzkit|x64.ActiveCfg = mzkit|x64
		{1EF7F868-2E43-45EE-88B0-6F353D803D9C}.mzkit|x64.Build.0 = mzkit|x64
		{1EF7F868-2E43-45EE-88B0-6F353D803D9C}.NPSearch|Any CPU.ActiveCfg = NPSearch|Any CPU
		{1EF7F868-2E43-45EE-88B0-6F353D803D9C}.NPSearch|Any CPU.Build.0 = NPSearch|Any CPU
		{1EF7F868-2E43-45EE-88B0-6F353D803D9C}.NPSearch|x64.ActiveCfg = NPSearch|x64
		{1EF7F868-2E43-45EE-88B0-6F353D803D9C}.NPSearch|x64.Build.0 = NPSearch|x64
		{1EF7F868-2E43-45EE-88B0-6F353D803D9C}.nuget_release|Any CPU.ActiveCfg = NPSearch|Any CPU
		{1EF7F868-2E43-45EE-88B0-6F353D803D9C}.nuget_release|Any CPU.Build.0 = NPSearch|Any CPU
		{1EF7F868-2E43-45EE-88B0-6F353D803D9C}.nuget_release|x64.ActiveCfg = NPSearch|x64
		{1EF7F868-2E43-45EE-88B0-6F353D803D9C}.nuget_release|x64.Build.0 = NPSearch|x64
		{1EF7F868-2E43-45EE-88B0-6F353D803D9C}.PlantMAT|Any CPU.ActiveCfg = PlantMAT|Any CPU
		{1EF7F868-2E43-45EE-88B0-6F353D803D9C}.PlantMAT|Any CPU.Build.0 = PlantMAT|Any CPU
		{1EF7F868-2E43-45EE-88B0-6F353D803D9C}.PlantMAT|x64.ActiveCfg = PlantMAT|x64
		{1EF7F868-2E43-45EE-88B0-6F353D803D9C}.PlantMAT|x64.Build.0 = PlantMAT|x64
		{1EF7F868-2E43-45EE-88B0-6F353D803D9C}.Release|Any CPU.ActiveCfg = Release|Any CPU
		{1EF7F868-2E43-45EE-88B0-6F353D803D9C}.Release|Any CPU.Build.0 = Release|Any CPU
		{1EF7F868-2E43-45EE-88B0-6F353D803D9C}.Release|x64.ActiveCfg = Release|x64
		{1EF7F868-2E43-45EE-88B0-6F353D803D9C}.Release|x64.Build.0 = Release|x64
		{1EF7F868-2E43-45EE-88B0-6F353D803D9C}.Rsharp_app_release|Any CPU.ActiveCfg = Rsharp_app_release|Any CPU
		{1EF7F868-2E43-45EE-88B0-6F353D803D9C}.Rsharp_app_release|Any CPU.Build.0 = Rsharp_app_release|Any CPU
		{1EF7F868-2E43-45EE-88B0-6F353D803D9C}.Rsharp_app_release|x64.ActiveCfg = Rsharp_app_release|x64
		{1EF7F868-2E43-45EE-88B0-6F353D803D9C}.Rsharp_app_release|x64.Build.0 = Rsharp_app_release|x64
		{B4B44A3D-D46D-4A9F-BF37-3BDFFCBAE9C0}.Debug|Any CPU.ActiveCfg = Debug|Any CPU
		{B4B44A3D-D46D-4A9F-BF37-3BDFFCBAE9C0}.Debug|Any CPU.Build.0 = Debug|Any CPU
		{B4B44A3D-D46D-4A9F-BF37-3BDFFCBAE9C0}.Debug|x64.ActiveCfg = Debug|x64
		{B4B44A3D-D46D-4A9F-BF37-3BDFFCBAE9C0}.Debug|x64.Build.0 = Debug|x64
		{B4B44A3D-D46D-4A9F-BF37-3BDFFCBAE9C0}.gcmodeller_desktop|Any CPU.ActiveCfg = gcmodeller_desktop|Any CPU
		{B4B44A3D-D46D-4A9F-BF37-3BDFFCBAE9C0}.gcmodeller_desktop|Any CPU.Build.0 = gcmodeller_desktop|Any CPU
		{B4B44A3D-D46D-4A9F-BF37-3BDFFCBAE9C0}.gcmodeller_desktop|x64.ActiveCfg = gcmodeller_desktop|x64
		{B4B44A3D-D46D-4A9F-BF37-3BDFFCBAE9C0}.gcmodeller_desktop|x64.Build.0 = gcmodeller_desktop|x64
		{B4B44A3D-D46D-4A9F-BF37-3BDFFCBAE9C0}.LipidSearch|Any CPU.ActiveCfg = LipidSearch|Any CPU
		{B4B44A3D-D46D-4A9F-BF37-3BDFFCBAE9C0}.LipidSearch|Any CPU.Build.0 = LipidSearch|Any CPU
		{B4B44A3D-D46D-4A9F-BF37-3BDFFCBAE9C0}.LipidSearch|x64.ActiveCfg = LipidSearch|x64
		{B4B44A3D-D46D-4A9F-BF37-3BDFFCBAE9C0}.LipidSearch|x64.Build.0 = LipidSearch|x64
		{B4B44A3D-D46D-4A9F-BF37-3BDFFCBAE9C0}.mzkit_win32|Any CPU.ActiveCfg = mzkit_win32|Any CPU
		{B4B44A3D-D46D-4A9F-BF37-3BDFFCBAE9C0}.mzkit_win32|Any CPU.Build.0 = mzkit_win32|Any CPU
		{B4B44A3D-D46D-4A9F-BF37-3BDFFCBAE9C0}.mzkit_win32|x64.ActiveCfg = mzkit_win32|x64
		{B4B44A3D-D46D-4A9F-BF37-3BDFFCBAE9C0}.mzkit_win32|x64.Build.0 = mzkit_win32|x64
		{B4B44A3D-D46D-4A9F-BF37-3BDFFCBAE9C0}.mzkit|Any CPU.ActiveCfg = mzkit|Any CPU
		{B4B44A3D-D46D-4A9F-BF37-3BDFFCBAE9C0}.mzkit|Any CPU.Build.0 = mzkit|Any CPU
		{B4B44A3D-D46D-4A9F-BF37-3BDFFCBAE9C0}.mzkit|x64.ActiveCfg = mzkit|x64
		{B4B44A3D-D46D-4A9F-BF37-3BDFFCBAE9C0}.mzkit|x64.Build.0 = mzkit|x64
		{B4B44A3D-D46D-4A9F-BF37-3BDFFCBAE9C0}.NPSearch|Any CPU.ActiveCfg = NPSearch|Any CPU
		{B4B44A3D-D46D-4A9F-BF37-3BDFFCBAE9C0}.NPSearch|Any CPU.Build.0 = NPSearch|Any CPU
		{B4B44A3D-D46D-4A9F-BF37-3BDFFCBAE9C0}.NPSearch|x64.ActiveCfg = NPSearch|x64
		{B4B44A3D-D46D-4A9F-BF37-3BDFFCBAE9C0}.NPSearch|x64.Build.0 = NPSearch|x64
		{B4B44A3D-D46D-4A9F-BF37-3BDFFCBAE9C0}.nuget_release|Any CPU.ActiveCfg = nuget_release|Any CPU
		{B4B44A3D-D46D-4A9F-BF37-3BDFFCBAE9C0}.nuget_release|Any CPU.Build.0 = nuget_release|Any CPU
		{B4B44A3D-D46D-4A9F-BF37-3BDFFCBAE9C0}.nuget_release|x64.ActiveCfg = nuget_release|x64
		{B4B44A3D-D46D-4A9F-BF37-3BDFFCBAE9C0}.nuget_release|x64.Build.0 = nuget_release|x64
		{B4B44A3D-D46D-4A9F-BF37-3BDFFCBAE9C0}.PlantMAT|Any CPU.ActiveCfg = Rsharp_app_release|Any CPU
		{B4B44A3D-D46D-4A9F-BF37-3BDFFCBAE9C0}.PlantMAT|Any CPU.Build.0 = Rsharp_app_release|Any CPU
		{B4B44A3D-D46D-4A9F-BF37-3BDFFCBAE9C0}.PlantMAT|x64.ActiveCfg = Rsharp_app_release|x64
		{B4B44A3D-D46D-4A9F-BF37-3BDFFCBAE9C0}.PlantMAT|x64.Build.0 = Rsharp_app_release|x64
		{B4B44A3D-D46D-4A9F-BF37-3BDFFCBAE9C0}.Release|Any CPU.ActiveCfg = Release|Any CPU
		{B4B44A3D-D46D-4A9F-BF37-3BDFFCBAE9C0}.Release|Any CPU.Build.0 = Release|Any CPU
		{B4B44A3D-D46D-4A9F-BF37-3BDFFCBAE9C0}.Release|x64.ActiveCfg = Release|x64
		{B4B44A3D-D46D-4A9F-BF37-3BDFFCBAE9C0}.Release|x64.Build.0 = Release|x64
		{B4B44A3D-D46D-4A9F-BF37-3BDFFCBAE9C0}.Rsharp_app_release|Any CPU.ActiveCfg = Rsharp_app_release|Any CPU
		{B4B44A3D-D46D-4A9F-BF37-3BDFFCBAE9C0}.Rsharp_app_release|Any CPU.Build.0 = Rsharp_app_release|Any CPU
		{B4B44A3D-D46D-4A9F-BF37-3BDFFCBAE9C0}.Rsharp_app_release|x64.ActiveCfg = Rsharp_app_release|x64
		{B4B44A3D-D46D-4A9F-BF37-3BDFFCBAE9C0}.Rsharp_app_release|x64.Build.0 = Rsharp_app_release|x64
		{A12F5A26-9BF1-42F2-949D-00F62EF729C5}.Debug|Any CPU.ActiveCfg = Debug|Any CPU
		{A12F5A26-9BF1-42F2-949D-00F62EF729C5}.Debug|Any CPU.Build.0 = Debug|Any CPU
		{A12F5A26-9BF1-42F2-949D-00F62EF729C5}.Debug|x64.ActiveCfg = Debug|x64
		{A12F5A26-9BF1-42F2-949D-00F62EF729C5}.Debug|x64.Build.0 = Debug|x64
		{A12F5A26-9BF1-42F2-949D-00F62EF729C5}.gcmodeller_desktop|Any CPU.ActiveCfg = mzkit_win32|Any CPU
		{A12F5A26-9BF1-42F2-949D-00F62EF729C5}.gcmodeller_desktop|Any CPU.Build.0 = mzkit_win32|Any CPU
		{A12F5A26-9BF1-42F2-949D-00F62EF729C5}.gcmodeller_desktop|x64.ActiveCfg = mzkit_win32|x64
		{A12F5A26-9BF1-42F2-949D-00F62EF729C5}.gcmodeller_desktop|x64.Build.0 = mzkit_win32|x64
		{A12F5A26-9BF1-42F2-949D-00F62EF729C5}.LipidSearch|Any CPU.ActiveCfg = Debug|Any CPU
		{A12F5A26-9BF1-42F2-949D-00F62EF729C5}.LipidSearch|Any CPU.Build.0 = Debug|Any CPU
		{A12F5A26-9BF1-42F2-949D-00F62EF729C5}.LipidSearch|x64.ActiveCfg = Debug|x64
		{A12F5A26-9BF1-42F2-949D-00F62EF729C5}.LipidSearch|x64.Build.0 = Debug|x64
		{A12F5A26-9BF1-42F2-949D-00F62EF729C5}.mzkit_win32|Any CPU.ActiveCfg = mzkit_win32|Any CPU
		{A12F5A26-9BF1-42F2-949D-00F62EF729C5}.mzkit_win32|Any CPU.Build.0 = mzkit_win32|Any CPU
		{A12F5A26-9BF1-42F2-949D-00F62EF729C5}.mzkit_win32|x64.ActiveCfg = mzkit_win32|x64
		{A12F5A26-9BF1-42F2-949D-00F62EF729C5}.mzkit_win32|x64.Build.0 = mzkit_win32|x64
		{A12F5A26-9BF1-42F2-949D-00F62EF729C5}.mzkit|Any CPU.ActiveCfg = Debug|Any CPU
		{A12F5A26-9BF1-42F2-949D-00F62EF729C5}.mzkit|Any CPU.Build.0 = Debug|Any CPU
		{A12F5A26-9BF1-42F2-949D-00F62EF729C5}.mzkit|x64.ActiveCfg = Debug|x64
		{A12F5A26-9BF1-42F2-949D-00F62EF729C5}.mzkit|x64.Build.0 = Debug|x64
		{A12F5A26-9BF1-42F2-949D-00F62EF729C5}.NPSearch|Any CPU.ActiveCfg = Debug|Any CPU
		{A12F5A26-9BF1-42F2-949D-00F62EF729C5}.NPSearch|Any CPU.Build.0 = Debug|Any CPU
		{A12F5A26-9BF1-42F2-949D-00F62EF729C5}.NPSearch|x64.ActiveCfg = Debug|x64
		{A12F5A26-9BF1-42F2-949D-00F62EF729C5}.NPSearch|x64.Build.0 = Debug|x64
		{A12F5A26-9BF1-42F2-949D-00F62EF729C5}.nuget_release|Any CPU.ActiveCfg = nuget_release|Any CPU
		{A12F5A26-9BF1-42F2-949D-00F62EF729C5}.nuget_release|Any CPU.Build.0 = nuget_release|Any CPU
		{A12F5A26-9BF1-42F2-949D-00F62EF729C5}.nuget_release|x64.ActiveCfg = nuget_release|x64
		{A12F5A26-9BF1-42F2-949D-00F62EF729C5}.nuget_release|x64.Build.0 = nuget_release|x64
		{A12F5A26-9BF1-42F2-949D-00F62EF729C5}.PlantMAT|Any CPU.ActiveCfg = Debug|Any CPU
		{A12F5A26-9BF1-42F2-949D-00F62EF729C5}.PlantMAT|Any CPU.Build.0 = Debug|Any CPU
		{A12F5A26-9BF1-42F2-949D-00F62EF729C5}.PlantMAT|x64.ActiveCfg = Debug|x64
		{A12F5A26-9BF1-42F2-949D-00F62EF729C5}.PlantMAT|x64.Build.0 = Debug|x64
		{A12F5A26-9BF1-42F2-949D-00F62EF729C5}.Release|Any CPU.ActiveCfg = Release|Any CPU
		{A12F5A26-9BF1-42F2-949D-00F62EF729C5}.Release|Any CPU.Build.0 = Release|Any CPU
		{A12F5A26-9BF1-42F2-949D-00F62EF729C5}.Release|x64.ActiveCfg = Release|x64
		{A12F5A26-9BF1-42F2-949D-00F62EF729C5}.Release|x64.Build.0 = Release|x64
		{A12F5A26-9BF1-42F2-949D-00F62EF729C5}.Rsharp_app_release|Any CPU.ActiveCfg = Rsharp_app_release|Any CPU
		{A12F5A26-9BF1-42F2-949D-00F62EF729C5}.Rsharp_app_release|Any CPU.Build.0 = Rsharp_app_release|Any CPU
		{A12F5A26-9BF1-42F2-949D-00F62EF729C5}.Rsharp_app_release|x64.ActiveCfg = Rsharp_app_release|x64
		{A12F5A26-9BF1-42F2-949D-00F62EF729C5}.Rsharp_app_release|x64.Build.0 = Rsharp_app_release|x64
		{39CF1BCA-07EB-4915-937A-3BF361156E9F}.Debug|Any CPU.ActiveCfg = Debug|Any CPU
		{39CF1BCA-07EB-4915-937A-3BF361156E9F}.Debug|Any CPU.Build.0 = Debug|Any CPU
		{39CF1BCA-07EB-4915-937A-3BF361156E9F}.Debug|x64.ActiveCfg = Debug|x64
		{39CF1BCA-07EB-4915-937A-3BF361156E9F}.Debug|x64.Build.0 = Debug|x64
		{39CF1BCA-07EB-4915-937A-3BF361156E9F}.gcmodeller_desktop|Any CPU.ActiveCfg = gcmodeller_desktop|Any CPU
		{39CF1BCA-07EB-4915-937A-3BF361156E9F}.gcmodeller_desktop|Any CPU.Build.0 = gcmodeller_desktop|Any CPU
		{39CF1BCA-07EB-4915-937A-3BF361156E9F}.gcmodeller_desktop|x64.ActiveCfg = gcmodeller_desktop|x64
		{39CF1BCA-07EB-4915-937A-3BF361156E9F}.gcmodeller_desktop|x64.Build.0 = gcmodeller_desktop|x64
		{39CF1BCA-07EB-4915-937A-3BF361156E9F}.LipidSearch|Any CPU.ActiveCfg = Debug|Any CPU
		{39CF1BCA-07EB-4915-937A-3BF361156E9F}.LipidSearch|Any CPU.Build.0 = Debug|Any CPU
		{39CF1BCA-07EB-4915-937A-3BF361156E9F}.LipidSearch|x64.ActiveCfg = Debug|x64
		{39CF1BCA-07EB-4915-937A-3BF361156E9F}.LipidSearch|x64.Build.0 = Debug|x64
		{39CF1BCA-07EB-4915-937A-3BF361156E9F}.mzkit_win32|Any CPU.ActiveCfg = mzkit_win32|Any CPU
		{39CF1BCA-07EB-4915-937A-3BF361156E9F}.mzkit_win32|Any CPU.Build.0 = mzkit_win32|Any CPU
		{39CF1BCA-07EB-4915-937A-3BF361156E9F}.mzkit_win32|x64.ActiveCfg = mzkit_win32|x64
		{39CF1BCA-07EB-4915-937A-3BF361156E9F}.mzkit_win32|x64.Build.0 = mzkit_win32|x64
		{39CF1BCA-07EB-4915-937A-3BF361156E9F}.mzkit|Any CPU.ActiveCfg = Debug|Any CPU
		{39CF1BCA-07EB-4915-937A-3BF361156E9F}.mzkit|Any CPU.Build.0 = Debug|Any CPU
		{39CF1BCA-07EB-4915-937A-3BF361156E9F}.mzkit|x64.ActiveCfg = Debug|x64
		{39CF1BCA-07EB-4915-937A-3BF361156E9F}.mzkit|x64.Build.0 = Debug|x64
		{39CF1BCA-07EB-4915-937A-3BF361156E9F}.NPSearch|Any CPU.ActiveCfg = NPSearch|Any CPU
		{39CF1BCA-07EB-4915-937A-3BF361156E9F}.NPSearch|Any CPU.Build.0 = NPSearch|Any CPU
		{39CF1BCA-07EB-4915-937A-3BF361156E9F}.NPSearch|x64.ActiveCfg = NPSearch|x64
		{39CF1BCA-07EB-4915-937A-3BF361156E9F}.NPSearch|x64.Build.0 = NPSearch|x64
		{39CF1BCA-07EB-4915-937A-3BF361156E9F}.nuget_release|Any CPU.ActiveCfg = nuget_release|Any CPU
		{39CF1BCA-07EB-4915-937A-3BF361156E9F}.nuget_release|Any CPU.Build.0 = nuget_release|Any CPU
		{39CF1BCA-07EB-4915-937A-3BF361156E9F}.nuget_release|x64.ActiveCfg = nuget_release|x64
		{39CF1BCA-07EB-4915-937A-3BF361156E9F}.nuget_release|x64.Build.0 = nuget_release|x64
		{39CF1BCA-07EB-4915-937A-3BF361156E9F}.PlantMAT|Any CPU.ActiveCfg = PlantMAT|Any CPU
		{39CF1BCA-07EB-4915-937A-3BF361156E9F}.PlantMAT|Any CPU.Build.0 = PlantMAT|Any CPU
		{39CF1BCA-07EB-4915-937A-3BF361156E9F}.PlantMAT|x64.ActiveCfg = PlantMAT|x64
		{39CF1BCA-07EB-4915-937A-3BF361156E9F}.PlantMAT|x64.Build.0 = PlantMAT|x64
		{39CF1BCA-07EB-4915-937A-3BF361156E9F}.Release|Any CPU.ActiveCfg = Release|Any CPU
		{39CF1BCA-07EB-4915-937A-3BF361156E9F}.Release|Any CPU.Build.0 = Release|Any CPU
		{39CF1BCA-07EB-4915-937A-3BF361156E9F}.Release|x64.ActiveCfg = Release|x64
		{39CF1BCA-07EB-4915-937A-3BF361156E9F}.Release|x64.Build.0 = Release|x64
		{39CF1BCA-07EB-4915-937A-3BF361156E9F}.Rsharp_app_release|Any CPU.ActiveCfg = Rsharp_app_release|Any CPU
		{39CF1BCA-07EB-4915-937A-3BF361156E9F}.Rsharp_app_release|Any CPU.Build.0 = Rsharp_app_release|Any CPU
		{39CF1BCA-07EB-4915-937A-3BF361156E9F}.Rsharp_app_release|x64.ActiveCfg = Rsharp_app_release|x64
		{39CF1BCA-07EB-4915-937A-3BF361156E9F}.Rsharp_app_release|x64.Build.0 = Rsharp_app_release|x64
		{4C7C790B-3A00-4041-AFBC-55FDE923C972}.Debug|Any CPU.ActiveCfg = Debug|Any CPU
		{4C7C790B-3A00-4041-AFBC-55FDE923C972}.Debug|Any CPU.Build.0 = Debug|Any CPU
		{4C7C790B-3A00-4041-AFBC-55FDE923C972}.Debug|x64.ActiveCfg = Debug|x64
		{4C7C790B-3A00-4041-AFBC-55FDE923C972}.Debug|x64.Build.0 = Debug|x64
		{4C7C790B-3A00-4041-AFBC-55FDE923C972}.gcmodeller_desktop|Any CPU.ActiveCfg = gcmodeller_desktop|Any CPU
		{4C7C790B-3A00-4041-AFBC-55FDE923C972}.gcmodeller_desktop|Any CPU.Build.0 = gcmodeller_desktop|Any CPU
		{4C7C790B-3A00-4041-AFBC-55FDE923C972}.gcmodeller_desktop|x64.ActiveCfg = gcmodeller_desktop|x64
		{4C7C790B-3A00-4041-AFBC-55FDE923C972}.gcmodeller_desktop|x64.Build.0 = gcmodeller_desktop|x64
		{4C7C790B-3A00-4041-AFBC-55FDE923C972}.LipidSearch|Any CPU.ActiveCfg = LipidSearch|Any CPU
		{4C7C790B-3A00-4041-AFBC-55FDE923C972}.LipidSearch|Any CPU.Build.0 = LipidSearch|Any CPU
		{4C7C790B-3A00-4041-AFBC-55FDE923C972}.LipidSearch|x64.ActiveCfg = LipidSearch|x64
		{4C7C790B-3A00-4041-AFBC-55FDE923C972}.LipidSearch|x64.Build.0 = LipidSearch|x64
		{4C7C790B-3A00-4041-AFBC-55FDE923C972}.mzkit_win32|Any CPU.ActiveCfg = mzkit_win32|Any CPU
		{4C7C790B-3A00-4041-AFBC-55FDE923C972}.mzkit_win32|Any CPU.Build.0 = mzkit_win32|Any CPU
		{4C7C790B-3A00-4041-AFBC-55FDE923C972}.mzkit_win32|x64.ActiveCfg = mzkit_win32|x64
		{4C7C790B-3A00-4041-AFBC-55FDE923C972}.mzkit_win32|x64.Build.0 = mzkit_win32|x64
		{4C7C790B-3A00-4041-AFBC-55FDE923C972}.mzkit|Any CPU.ActiveCfg = Debug|Any CPU
		{4C7C790B-3A00-4041-AFBC-55FDE923C972}.mzkit|Any CPU.Build.0 = Debug|Any CPU
		{4C7C790B-3A00-4041-AFBC-55FDE923C972}.mzkit|x64.ActiveCfg = Debug|x64
		{4C7C790B-3A00-4041-AFBC-55FDE923C972}.mzkit|x64.Build.0 = Debug|x64
		{4C7C790B-3A00-4041-AFBC-55FDE923C972}.NPSearch|Any CPU.ActiveCfg = Debug|Any CPU
		{4C7C790B-3A00-4041-AFBC-55FDE923C972}.NPSearch|Any CPU.Build.0 = Debug|Any CPU
		{4C7C790B-3A00-4041-AFBC-55FDE923C972}.NPSearch|x64.ActiveCfg = Debug|x64
		{4C7C790B-3A00-4041-AFBC-55FDE923C972}.NPSearch|x64.Build.0 = Debug|x64
		{4C7C790B-3A00-4041-AFBC-55FDE923C972}.nuget_release|Any CPU.ActiveCfg = nuget_release|Any CPU
		{4C7C790B-3A00-4041-AFBC-55FDE923C972}.nuget_release|Any CPU.Build.0 = nuget_release|Any CPU
		{4C7C790B-3A00-4041-AFBC-55FDE923C972}.nuget_release|x64.ActiveCfg = nuget_release|x64
		{4C7C790B-3A00-4041-AFBC-55FDE923C972}.nuget_release|x64.Build.0 = nuget_release|x64
		{4C7C790B-3A00-4041-AFBC-55FDE923C972}.PlantMAT|Any CPU.ActiveCfg = Debug|Any CPU
		{4C7C790B-3A00-4041-AFBC-55FDE923C972}.PlantMAT|Any CPU.Build.0 = Debug|Any CPU
		{4C7C790B-3A00-4041-AFBC-55FDE923C972}.PlantMAT|x64.ActiveCfg = Debug|x64
		{4C7C790B-3A00-4041-AFBC-55FDE923C972}.PlantMAT|x64.Build.0 = Debug|x64
		{4C7C790B-3A00-4041-AFBC-55FDE923C972}.Release|Any CPU.ActiveCfg = Release|Any CPU
		{4C7C790B-3A00-4041-AFBC-55FDE923C972}.Release|Any CPU.Build.0 = Release|Any CPU
		{4C7C790B-3A00-4041-AFBC-55FDE923C972}.Release|x64.ActiveCfg = Release|x64
		{4C7C790B-3A00-4041-AFBC-55FDE923C972}.Release|x64.Build.0 = Release|x64
		{4C7C790B-3A00-4041-AFBC-55FDE923C972}.Rsharp_app_release|Any CPU.ActiveCfg = Rsharp_app_release|Any CPU
		{4C7C790B-3A00-4041-AFBC-55FDE923C972}.Rsharp_app_release|Any CPU.Build.0 = Rsharp_app_release|Any CPU
		{4C7C790B-3A00-4041-AFBC-55FDE923C972}.Rsharp_app_release|x64.ActiveCfg = Rsharp_app_release|x64
		{4C7C790B-3A00-4041-AFBC-55FDE923C972}.Rsharp_app_release|x64.Build.0 = Rsharp_app_release|x64
		{54C5FC57-D71C-4D20-8D43-3CE3262FF1EB}.Debug|Any CPU.ActiveCfg = Debug|Any CPU
		{54C5FC57-D71C-4D20-8D43-3CE3262FF1EB}.Debug|Any CPU.Build.0 = Debug|Any CPU
		{54C5FC57-D71C-4D20-8D43-3CE3262FF1EB}.Debug|x64.ActiveCfg = Debug|x64
		{54C5FC57-D71C-4D20-8D43-3CE3262FF1EB}.Debug|x64.Build.0 = Debug|x64
		{54C5FC57-D71C-4D20-8D43-3CE3262FF1EB}.gcmodeller_desktop|Any CPU.ActiveCfg = gcmodeller_desktop|Any CPU
		{54C5FC57-D71C-4D20-8D43-3CE3262FF1EB}.gcmodeller_desktop|Any CPU.Build.0 = gcmodeller_desktop|Any CPU
		{54C5FC57-D71C-4D20-8D43-3CE3262FF1EB}.gcmodeller_desktop|x64.ActiveCfg = gcmodeller_desktop|x64
		{54C5FC57-D71C-4D20-8D43-3CE3262FF1EB}.gcmodeller_desktop|x64.Build.0 = gcmodeller_desktop|x64
		{54C5FC57-D71C-4D20-8D43-3CE3262FF1EB}.LipidSearch|Any CPU.ActiveCfg = LipidSearch|Any CPU
		{54C5FC57-D71C-4D20-8D43-3CE3262FF1EB}.LipidSearch|Any CPU.Build.0 = LipidSearch|Any CPU
		{54C5FC57-D71C-4D20-8D43-3CE3262FF1EB}.LipidSearch|x64.ActiveCfg = LipidSearch|x64
		{54C5FC57-D71C-4D20-8D43-3CE3262FF1EB}.LipidSearch|x64.Build.0 = LipidSearch|x64
		{54C5FC57-D71C-4D20-8D43-3CE3262FF1EB}.mzkit_win32|Any CPU.ActiveCfg = mzkit_win32|Any CPU
		{54C5FC57-D71C-4D20-8D43-3CE3262FF1EB}.mzkit_win32|Any CPU.Build.0 = mzkit_win32|Any CPU
		{54C5FC57-D71C-4D20-8D43-3CE3262FF1EB}.mzkit_win32|x64.ActiveCfg = mzkit_win32|x64
		{54C5FC57-D71C-4D20-8D43-3CE3262FF1EB}.mzkit_win32|x64.Build.0 = mzkit_win32|x64
		{54C5FC57-D71C-4D20-8D43-3CE3262FF1EB}.mzkit|Any CPU.ActiveCfg = mzkit|Any CPU
		{54C5FC57-D71C-4D20-8D43-3CE3262FF1EB}.mzkit|Any CPU.Build.0 = mzkit|Any CPU
		{54C5FC57-D71C-4D20-8D43-3CE3262FF1EB}.mzkit|x64.ActiveCfg = mzkit|x64
		{54C5FC57-D71C-4D20-8D43-3CE3262FF1EB}.mzkit|x64.Build.0 = mzkit|x64
		{54C5FC57-D71C-4D20-8D43-3CE3262FF1EB}.NPSearch|Any CPU.ActiveCfg = NPSearch|Any CPU
		{54C5FC57-D71C-4D20-8D43-3CE3262FF1EB}.NPSearch|Any CPU.Build.0 = NPSearch|Any CPU
		{54C5FC57-D71C-4D20-8D43-3CE3262FF1EB}.NPSearch|x64.ActiveCfg = NPSearch|x64
		{54C5FC57-D71C-4D20-8D43-3CE3262FF1EB}.NPSearch|x64.Build.0 = NPSearch|x64
		{54C5FC57-D71C-4D20-8D43-3CE3262FF1EB}.nuget_release|Any CPU.ActiveCfg = nuget_release|Any CPU
		{54C5FC57-D71C-4D20-8D43-3CE3262FF1EB}.nuget_release|Any CPU.Build.0 = nuget_release|Any CPU
		{54C5FC57-D71C-4D20-8D43-3CE3262FF1EB}.nuget_release|x64.ActiveCfg = nuget_release|x64
		{54C5FC57-D71C-4D20-8D43-3CE3262FF1EB}.nuget_release|x64.Build.0 = nuget_release|x64
		{54C5FC57-D71C-4D20-8D43-3CE3262FF1EB}.PlantMAT|Any CPU.ActiveCfg = PlantMAT|Any CPU
		{54C5FC57-D71C-4D20-8D43-3CE3262FF1EB}.PlantMAT|Any CPU.Build.0 = PlantMAT|Any CPU
		{54C5FC57-D71C-4D20-8D43-3CE3262FF1EB}.PlantMAT|x64.ActiveCfg = PlantMAT|x64
		{54C5FC57-D71C-4D20-8D43-3CE3262FF1EB}.PlantMAT|x64.Build.0 = PlantMAT|x64
		{54C5FC57-D71C-4D20-8D43-3CE3262FF1EB}.Release|Any CPU.ActiveCfg = Release|Any CPU
		{54C5FC57-D71C-4D20-8D43-3CE3262FF1EB}.Release|Any CPU.Build.0 = Release|Any CPU
		{54C5FC57-D71C-4D20-8D43-3CE3262FF1EB}.Release|x64.ActiveCfg = Release|x64
		{54C5FC57-D71C-4D20-8D43-3CE3262FF1EB}.Release|x64.Build.0 = Release|x64
		{54C5FC57-D71C-4D20-8D43-3CE3262FF1EB}.Rsharp_app_release|Any CPU.ActiveCfg = Rsharp_app_release|Any CPU
		{54C5FC57-D71C-4D20-8D43-3CE3262FF1EB}.Rsharp_app_release|Any CPU.Build.0 = Rsharp_app_release|Any CPU
		{54C5FC57-D71C-4D20-8D43-3CE3262FF1EB}.Rsharp_app_release|x64.ActiveCfg = Rsharp_app_release|x64
		{54C5FC57-D71C-4D20-8D43-3CE3262FF1EB}.Rsharp_app_release|x64.Build.0 = Rsharp_app_release|x64
		{4C318582-4BB9-41B8-BF9E-7096231E81BE}.Debug|Any CPU.ActiveCfg = Debug|Any CPU
		{4C318582-4BB9-41B8-BF9E-7096231E81BE}.Debug|Any CPU.Build.0 = Debug|Any CPU
		{4C318582-4BB9-41B8-BF9E-7096231E81BE}.Debug|x64.ActiveCfg = Debug|x64
		{4C318582-4BB9-41B8-BF9E-7096231E81BE}.Debug|x64.Build.0 = Debug|x64
		{4C318582-4BB9-41B8-BF9E-7096231E81BE}.gcmodeller_desktop|Any CPU.ActiveCfg = gcmodeller_desktop|Any CPU
		{4C318582-4BB9-41B8-BF9E-7096231E81BE}.gcmodeller_desktop|Any CPU.Build.0 = gcmodeller_desktop|Any CPU
		{4C318582-4BB9-41B8-BF9E-7096231E81BE}.gcmodeller_desktop|x64.ActiveCfg = gcmodeller_desktop|x64
		{4C318582-4BB9-41B8-BF9E-7096231E81BE}.gcmodeller_desktop|x64.Build.0 = gcmodeller_desktop|x64
		{4C318582-4BB9-41B8-BF9E-7096231E81BE}.LipidSearch|Any CPU.ActiveCfg = Debug|Any CPU
		{4C318582-4BB9-41B8-BF9E-7096231E81BE}.LipidSearch|Any CPU.Build.0 = Debug|Any CPU
		{4C318582-4BB9-41B8-BF9E-7096231E81BE}.LipidSearch|x64.ActiveCfg = Debug|x64
		{4C318582-4BB9-41B8-BF9E-7096231E81BE}.LipidSearch|x64.Build.0 = Debug|x64
		{4C318582-4BB9-41B8-BF9E-7096231E81BE}.mzkit_win32|Any CPU.ActiveCfg = mzkit_win32|Any CPU
		{4C318582-4BB9-41B8-BF9E-7096231E81BE}.mzkit_win32|Any CPU.Build.0 = mzkit_win32|Any CPU
		{4C318582-4BB9-41B8-BF9E-7096231E81BE}.mzkit_win32|x64.ActiveCfg = mzkit_win32|x64
		{4C318582-4BB9-41B8-BF9E-7096231E81BE}.mzkit_win32|x64.Build.0 = mzkit_win32|x64
		{4C318582-4BB9-41B8-BF9E-7096231E81BE}.mzkit|Any CPU.ActiveCfg = mzkit|Any CPU
		{4C318582-4BB9-41B8-BF9E-7096231E81BE}.mzkit|Any CPU.Build.0 = mzkit|Any CPU
		{4C318582-4BB9-41B8-BF9E-7096231E81BE}.mzkit|x64.ActiveCfg = mzkit|x64
		{4C318582-4BB9-41B8-BF9E-7096231E81BE}.mzkit|x64.Build.0 = mzkit|x64
		{4C318582-4BB9-41B8-BF9E-7096231E81BE}.NPSearch|Any CPU.ActiveCfg = nuget_release|Any CPU
		{4C318582-4BB9-41B8-BF9E-7096231E81BE}.NPSearch|Any CPU.Build.0 = nuget_release|Any CPU
		{4C318582-4BB9-41B8-BF9E-7096231E81BE}.NPSearch|x64.ActiveCfg = nuget_release|x64
		{4C318582-4BB9-41B8-BF9E-7096231E81BE}.NPSearch|x64.Build.0 = nuget_release|x64
		{4C318582-4BB9-41B8-BF9E-7096231E81BE}.nuget_release|Any CPU.ActiveCfg = nuget_release|Any CPU
		{4C318582-4BB9-41B8-BF9E-7096231E81BE}.nuget_release|Any CPU.Build.0 = nuget_release|Any CPU
		{4C318582-4BB9-41B8-BF9E-7096231E81BE}.nuget_release|x64.ActiveCfg = nuget_release|x64
		{4C318582-4BB9-41B8-BF9E-7096231E81BE}.nuget_release|x64.Build.0 = nuget_release|x64
		{4C318582-4BB9-41B8-BF9E-7096231E81BE}.PlantMAT|Any CPU.ActiveCfg = Debug|Any CPU
		{4C318582-4BB9-41B8-BF9E-7096231E81BE}.PlantMAT|Any CPU.Build.0 = Debug|Any CPU
		{4C318582-4BB9-41B8-BF9E-7096231E81BE}.PlantMAT|x64.ActiveCfg = Debug|x64
		{4C318582-4BB9-41B8-BF9E-7096231E81BE}.PlantMAT|x64.Build.0 = Debug|x64
		{4C318582-4BB9-41B8-BF9E-7096231E81BE}.Release|Any CPU.ActiveCfg = Release|Any CPU
		{4C318582-4BB9-41B8-BF9E-7096231E81BE}.Release|Any CPU.Build.0 = Release|Any CPU
		{4C318582-4BB9-41B8-BF9E-7096231E81BE}.Release|x64.ActiveCfg = Release|x64
		{4C318582-4BB9-41B8-BF9E-7096231E81BE}.Release|x64.Build.0 = Release|x64
		{4C318582-4BB9-41B8-BF9E-7096231E81BE}.Rsharp_app_release|Any CPU.ActiveCfg = Rsharp_app_release|Any CPU
		{4C318582-4BB9-41B8-BF9E-7096231E81BE}.Rsharp_app_release|Any CPU.Build.0 = Rsharp_app_release|Any CPU
		{4C318582-4BB9-41B8-BF9E-7096231E81BE}.Rsharp_app_release|x64.ActiveCfg = Rsharp_app_release|x64
		{4C318582-4BB9-41B8-BF9E-7096231E81BE}.Rsharp_app_release|x64.Build.0 = Rsharp_app_release|x64
		{100335B9-F84A-491A-BDC8-C82EA3AF6185}.Debug|Any CPU.ActiveCfg = Debug|Any CPU
		{100335B9-F84A-491A-BDC8-C82EA3AF6185}.Debug|Any CPU.Build.0 = Debug|Any CPU
		{100335B9-F84A-491A-BDC8-C82EA3AF6185}.Debug|x64.ActiveCfg = Debug|x64
		{100335B9-F84A-491A-BDC8-C82EA3AF6185}.Debug|x64.Build.0 = Debug|x64
		{100335B9-F84A-491A-BDC8-C82EA3AF6185}.gcmodeller_desktop|Any CPU.ActiveCfg = gcmodeller_desktop|Any CPU
		{100335B9-F84A-491A-BDC8-C82EA3AF6185}.gcmodeller_desktop|Any CPU.Build.0 = gcmodeller_desktop|Any CPU
		{100335B9-F84A-491A-BDC8-C82EA3AF6185}.gcmodeller_desktop|x64.ActiveCfg = gcmodeller_desktop|x64
		{100335B9-F84A-491A-BDC8-C82EA3AF6185}.gcmodeller_desktop|x64.Build.0 = gcmodeller_desktop|x64
		{100335B9-F84A-491A-BDC8-C82EA3AF6185}.LipidSearch|Any CPU.ActiveCfg = LipidSearch|Any CPU
		{100335B9-F84A-491A-BDC8-C82EA3AF6185}.LipidSearch|Any CPU.Build.0 = LipidSearch|Any CPU
		{100335B9-F84A-491A-BDC8-C82EA3AF6185}.LipidSearch|x64.ActiveCfg = LipidSearch|x64
		{100335B9-F84A-491A-BDC8-C82EA3AF6185}.LipidSearch|x64.Build.0 = LipidSearch|x64
		{100335B9-F84A-491A-BDC8-C82EA3AF6185}.mzkit_win32|Any CPU.ActiveCfg = mzkit_win32|Any CPU
		{100335B9-F84A-491A-BDC8-C82EA3AF6185}.mzkit_win32|Any CPU.Build.0 = mzkit_win32|Any CPU
		{100335B9-F84A-491A-BDC8-C82EA3AF6185}.mzkit_win32|x64.ActiveCfg = mzkit_win32|x64
		{100335B9-F84A-491A-BDC8-C82EA3AF6185}.mzkit_win32|x64.Build.0 = mzkit_win32|x64
		{100335B9-F84A-491A-BDC8-C82EA3AF6185}.mzkit|Any CPU.ActiveCfg = mzkit|Any CPU
		{100335B9-F84A-491A-BDC8-C82EA3AF6185}.mzkit|Any CPU.Build.0 = mzkit|Any CPU
		{100335B9-F84A-491A-BDC8-C82EA3AF6185}.mzkit|x64.ActiveCfg = mzkit|x64
		{100335B9-F84A-491A-BDC8-C82EA3AF6185}.mzkit|x64.Build.0 = mzkit|x64
		{100335B9-F84A-491A-BDC8-C82EA3AF6185}.NPSearch|Any CPU.ActiveCfg = NPSearch|Any CPU
		{100335B9-F84A-491A-BDC8-C82EA3AF6185}.NPSearch|Any CPU.Build.0 = NPSearch|Any CPU
		{100335B9-F84A-491A-BDC8-C82EA3AF6185}.NPSearch|x64.ActiveCfg = NPSearch|x64
		{100335B9-F84A-491A-BDC8-C82EA3AF6185}.NPSearch|x64.Build.0 = NPSearch|x64
		{100335B9-F84A-491A-BDC8-C82EA3AF6185}.nuget_release|Any CPU.ActiveCfg = nuget_release|Any CPU
		{100335B9-F84A-491A-BDC8-C82EA3AF6185}.nuget_release|Any CPU.Build.0 = nuget_release|Any CPU
		{100335B9-F84A-491A-BDC8-C82EA3AF6185}.nuget_release|x64.ActiveCfg = nuget_release|x64
		{100335B9-F84A-491A-BDC8-C82EA3AF6185}.nuget_release|x64.Build.0 = nuget_release|x64
		{100335B9-F84A-491A-BDC8-C82EA3AF6185}.PlantMAT|Any CPU.ActiveCfg = PlantMAT|Any CPU
		{100335B9-F84A-491A-BDC8-C82EA3AF6185}.PlantMAT|Any CPU.Build.0 = PlantMAT|Any CPU
		{100335B9-F84A-491A-BDC8-C82EA3AF6185}.PlantMAT|x64.ActiveCfg = PlantMAT|x64
		{100335B9-F84A-491A-BDC8-C82EA3AF6185}.PlantMAT|x64.Build.0 = PlantMAT|x64
		{100335B9-F84A-491A-BDC8-C82EA3AF6185}.Release|Any CPU.ActiveCfg = Release|Any CPU
		{100335B9-F84A-491A-BDC8-C82EA3AF6185}.Release|Any CPU.Build.0 = Release|Any CPU
		{100335B9-F84A-491A-BDC8-C82EA3AF6185}.Release|x64.ActiveCfg = Release|x64
		{100335B9-F84A-491A-BDC8-C82EA3AF6185}.Release|x64.Build.0 = Release|x64
		{100335B9-F84A-491A-BDC8-C82EA3AF6185}.Rsharp_app_release|Any CPU.ActiveCfg = Rsharp_app_release|Any CPU
		{100335B9-F84A-491A-BDC8-C82EA3AF6185}.Rsharp_app_release|Any CPU.Build.0 = Rsharp_app_release|Any CPU
		{100335B9-F84A-491A-BDC8-C82EA3AF6185}.Rsharp_app_release|x64.ActiveCfg = Rsharp_app_release|x64
		{100335B9-F84A-491A-BDC8-C82EA3AF6185}.Rsharp_app_release|x64.Build.0 = Rsharp_app_release|x64
		{A5A7FA23-FBA0-4BF6-9E92-39EB3F100F6F}.Debug|Any CPU.ActiveCfg = Debug|Any CPU
		{A5A7FA23-FBA0-4BF6-9E92-39EB3F100F6F}.Debug|Any CPU.Build.0 = Debug|Any CPU
		{A5A7FA23-FBA0-4BF6-9E92-39EB3F100F6F}.Debug|x64.ActiveCfg = Debug|x64
		{A5A7FA23-FBA0-4BF6-9E92-39EB3F100F6F}.Debug|x64.Build.0 = Debug|x64
		{A5A7FA23-FBA0-4BF6-9E92-39EB3F100F6F}.gcmodeller_desktop|Any CPU.ActiveCfg = gcmodeller_desktop|Any CPU
		{A5A7FA23-FBA0-4BF6-9E92-39EB3F100F6F}.gcmodeller_desktop|Any CPU.Build.0 = gcmodeller_desktop|Any CPU
		{A5A7FA23-FBA0-4BF6-9E92-39EB3F100F6F}.gcmodeller_desktop|x64.ActiveCfg = gcmodeller_desktop|x64
		{A5A7FA23-FBA0-4BF6-9E92-39EB3F100F6F}.gcmodeller_desktop|x64.Build.0 = gcmodeller_desktop|x64
		{A5A7FA23-FBA0-4BF6-9E92-39EB3F100F6F}.LipidSearch|Any CPU.ActiveCfg = Debug|Any CPU
		{A5A7FA23-FBA0-4BF6-9E92-39EB3F100F6F}.LipidSearch|Any CPU.Build.0 = Debug|Any CPU
		{A5A7FA23-FBA0-4BF6-9E92-39EB3F100F6F}.LipidSearch|x64.ActiveCfg = Debug|x64
		{A5A7FA23-FBA0-4BF6-9E92-39EB3F100F6F}.LipidSearch|x64.Build.0 = Debug|x64
		{A5A7FA23-FBA0-4BF6-9E92-39EB3F100F6F}.mzkit_win32|Any CPU.ActiveCfg = mzkit|Any CPU
		{A5A7FA23-FBA0-4BF6-9E92-39EB3F100F6F}.mzkit_win32|Any CPU.Build.0 = mzkit|Any CPU
		{A5A7FA23-FBA0-4BF6-9E92-39EB3F100F6F}.mzkit_win32|x64.ActiveCfg = mzkit|x64
		{A5A7FA23-FBA0-4BF6-9E92-39EB3F100F6F}.mzkit_win32|x64.Build.0 = mzkit|x64
		{A5A7FA23-FBA0-4BF6-9E92-39EB3F100F6F}.mzkit|Any CPU.ActiveCfg = mzkit|Any CPU
		{A5A7FA23-FBA0-4BF6-9E92-39EB3F100F6F}.mzkit|Any CPU.Build.0 = mzkit|Any CPU
		{A5A7FA23-FBA0-4BF6-9E92-39EB3F100F6F}.mzkit|x64.ActiveCfg = mzkit|x64
		{A5A7FA23-FBA0-4BF6-9E92-39EB3F100F6F}.mzkit|x64.Build.0 = mzkit|x64
		{A5A7FA23-FBA0-4BF6-9E92-39EB3F100F6F}.NPSearch|Any CPU.ActiveCfg = Debug|Any CPU
		{A5A7FA23-FBA0-4BF6-9E92-39EB3F100F6F}.NPSearch|Any CPU.Build.0 = Debug|Any CPU
		{A5A7FA23-FBA0-4BF6-9E92-39EB3F100F6F}.NPSearch|x64.ActiveCfg = Debug|x64
		{A5A7FA23-FBA0-4BF6-9E92-39EB3F100F6F}.NPSearch|x64.Build.0 = Debug|x64
		{A5A7FA23-FBA0-4BF6-9E92-39EB3F100F6F}.nuget_release|Any CPU.ActiveCfg = Debug|Any CPU
		{A5A7FA23-FBA0-4BF6-9E92-39EB3F100F6F}.nuget_release|Any CPU.Build.0 = Debug|Any CPU
		{A5A7FA23-FBA0-4BF6-9E92-39EB3F100F6F}.nuget_release|x64.ActiveCfg = Debug|x64
		{A5A7FA23-FBA0-4BF6-9E92-39EB3F100F6F}.nuget_release|x64.Build.0 = Debug|x64
		{A5A7FA23-FBA0-4BF6-9E92-39EB3F100F6F}.PlantMAT|Any CPU.ActiveCfg = PlantMAT|Any CPU
		{A5A7FA23-FBA0-4BF6-9E92-39EB3F100F6F}.PlantMAT|Any CPU.Build.0 = PlantMAT|Any CPU
		{A5A7FA23-FBA0-4BF6-9E92-39EB3F100F6F}.PlantMAT|x64.ActiveCfg = PlantMAT|x64
		{A5A7FA23-FBA0-4BF6-9E92-39EB3F100F6F}.PlantMAT|x64.Build.0 = PlantMAT|x64
		{A5A7FA23-FBA0-4BF6-9E92-39EB3F100F6F}.Release|Any CPU.ActiveCfg = Release|Any CPU
		{A5A7FA23-FBA0-4BF6-9E92-39EB3F100F6F}.Release|Any CPU.Build.0 = Release|Any CPU
		{A5A7FA23-FBA0-4BF6-9E92-39EB3F100F6F}.Release|x64.ActiveCfg = Release|x64
		{A5A7FA23-FBA0-4BF6-9E92-39EB3F100F6F}.Release|x64.Build.0 = Release|x64
		{A5A7FA23-FBA0-4BF6-9E92-39EB3F100F6F}.Rsharp_app_release|Any CPU.ActiveCfg = Rsharp_app_release|Any CPU
		{A5A7FA23-FBA0-4BF6-9E92-39EB3F100F6F}.Rsharp_app_release|Any CPU.Build.0 = Rsharp_app_release|Any CPU
		{A5A7FA23-FBA0-4BF6-9E92-39EB3F100F6F}.Rsharp_app_release|x64.ActiveCfg = Rsharp_app_release|x64
		{A5A7FA23-FBA0-4BF6-9E92-39EB3F100F6F}.Rsharp_app_release|x64.Build.0 = Rsharp_app_release|x64
		{98E58D12-74DC-4CE6-91D0-0F94D20378DC}.Debug|Any CPU.ActiveCfg = Debug|Any CPU
		{98E58D12-74DC-4CE6-91D0-0F94D20378DC}.Debug|Any CPU.Build.0 = Debug|Any CPU
		{98E58D12-74DC-4CE6-91D0-0F94D20378DC}.Debug|x64.ActiveCfg = Debug|x64
		{98E58D12-74DC-4CE6-91D0-0F94D20378DC}.Debug|x64.Build.0 = Debug|x64
		{98E58D12-74DC-4CE6-91D0-0F94D20378DC}.gcmodeller_desktop|Any CPU.ActiveCfg = Debug|Any CPU
		{98E58D12-74DC-4CE6-91D0-0F94D20378DC}.gcmodeller_desktop|Any CPU.Build.0 = Debug|Any CPU
		{98E58D12-74DC-4CE6-91D0-0F94D20378DC}.gcmodeller_desktop|x64.ActiveCfg = Debug|x64
		{98E58D12-74DC-4CE6-91D0-0F94D20378DC}.gcmodeller_desktop|x64.Build.0 = Debug|x64
		{98E58D12-74DC-4CE6-91D0-0F94D20378DC}.LipidSearch|Any CPU.ActiveCfg = Debug|Any CPU
		{98E58D12-74DC-4CE6-91D0-0F94D20378DC}.LipidSearch|Any CPU.Build.0 = Debug|Any CPU
		{98E58D12-74DC-4CE6-91D0-0F94D20378DC}.LipidSearch|x64.ActiveCfg = Debug|x64
		{98E58D12-74DC-4CE6-91D0-0F94D20378DC}.LipidSearch|x64.Build.0 = Debug|x64
		{98E58D12-74DC-4CE6-91D0-0F94D20378DC}.mzkit_win32|Any CPU.ActiveCfg = mzkit_win32|Any CPU
		{98E58D12-74DC-4CE6-91D0-0F94D20378DC}.mzkit_win32|Any CPU.Build.0 = mzkit_win32|Any CPU
		{98E58D12-74DC-4CE6-91D0-0F94D20378DC}.mzkit_win32|x64.ActiveCfg = mzkit_win32|x64
		{98E58D12-74DC-4CE6-91D0-0F94D20378DC}.mzkit_win32|x64.Build.0 = mzkit_win32|x64
		{98E58D12-74DC-4CE6-91D0-0F94D20378DC}.mzkit|Any CPU.ActiveCfg = mzkit_win32|Any CPU
		{98E58D12-74DC-4CE6-91D0-0F94D20378DC}.mzkit|Any CPU.Build.0 = mzkit_win32|Any CPU
		{98E58D12-74DC-4CE6-91D0-0F94D20378DC}.mzkit|x64.ActiveCfg = mzkit_win32|x64
		{98E58D12-74DC-4CE6-91D0-0F94D20378DC}.mzkit|x64.Build.0 = mzkit_win32|x64
		{98E58D12-74DC-4CE6-91D0-0F94D20378DC}.NPSearch|Any CPU.ActiveCfg = Debug|Any CPU
		{98E58D12-74DC-4CE6-91D0-0F94D20378DC}.NPSearch|Any CPU.Build.0 = Debug|Any CPU
		{98E58D12-74DC-4CE6-91D0-0F94D20378DC}.NPSearch|x64.ActiveCfg = Debug|x64
		{98E58D12-74DC-4CE6-91D0-0F94D20378DC}.NPSearch|x64.Build.0 = Debug|x64
		{98E58D12-74DC-4CE6-91D0-0F94D20378DC}.nuget_release|Any CPU.ActiveCfg = Debug|Any CPU
		{98E58D12-74DC-4CE6-91D0-0F94D20378DC}.nuget_release|Any CPU.Build.0 = Debug|Any CPU
		{98E58D12-74DC-4CE6-91D0-0F94D20378DC}.nuget_release|x64.ActiveCfg = Debug|x64
		{98E58D12-74DC-4CE6-91D0-0F94D20378DC}.nuget_release|x64.Build.0 = Debug|x64
		{98E58D12-74DC-4CE6-91D0-0F94D20378DC}.PlantMAT|Any CPU.ActiveCfg = Debug|Any CPU
		{98E58D12-74DC-4CE6-91D0-0F94D20378DC}.PlantMAT|Any CPU.Build.0 = Debug|Any CPU
		{98E58D12-74DC-4CE6-91D0-0F94D20378DC}.PlantMAT|x64.ActiveCfg = Debug|x64
		{98E58D12-74DC-4CE6-91D0-0F94D20378DC}.PlantMAT|x64.Build.0 = Debug|x64
		{98E58D12-74DC-4CE6-91D0-0F94D20378DC}.Release|Any CPU.ActiveCfg = Release|Any CPU
		{98E58D12-74DC-4CE6-91D0-0F94D20378DC}.Release|Any CPU.Build.0 = Release|Any CPU
		{98E58D12-74DC-4CE6-91D0-0F94D20378DC}.Release|x64.ActiveCfg = Release|x64
		{98E58D12-74DC-4CE6-91D0-0F94D20378DC}.Release|x64.Build.0 = Release|x64
		{98E58D12-74DC-4CE6-91D0-0F94D20378DC}.Rsharp_app_release|Any CPU.ActiveCfg = Rsharp_app_release|Any CPU
		{98E58D12-74DC-4CE6-91D0-0F94D20378DC}.Rsharp_app_release|Any CPU.Build.0 = Rsharp_app_release|Any CPU
		{98E58D12-74DC-4CE6-91D0-0F94D20378DC}.Rsharp_app_release|x64.ActiveCfg = Rsharp_app_release|x64
		{98E58D12-74DC-4CE6-91D0-0F94D20378DC}.Rsharp_app_release|x64.Build.0 = Rsharp_app_release|x64
	EndGlobalSection
	GlobalSection(SolutionProperties) = preSolution
		HideSolutionNode = FALSE
	EndGlobalSection
	GlobalSection(NestedProjects) = preSolution
		{DEF1EAC3-60F4-43EF-AE07-EC26D5527D70} = {AC58D495-6BB9-4CBB-88B7-CEA59BFEF351}
		{1EF7F868-2E43-45EE-88B0-6F353D803D9C} = {E69DE394-D0F9-4170-ACEB-DAC92EFA9C2C}
		{B4B44A3D-D46D-4A9F-BF37-3BDFFCBAE9C0} = {30F0F2AA-CF54-437D-904C-A82B9B7317F4}
		{A12F5A26-9BF1-42F2-949D-00F62EF729C5} = {AC58D495-6BB9-4CBB-88B7-CEA59BFEF351}
		{39CF1BCA-07EB-4915-937A-3BF361156E9F} = {30F0F2AA-CF54-437D-904C-A82B9B7317F4}
		{4C7C790B-3A00-4041-AFBC-55FDE923C972} = {30F0F2AA-CF54-437D-904C-A82B9B7317F4}
		{54C5FC57-D71C-4D20-8D43-3CE3262FF1EB} = {E741565B-9AF0-4683-8CCD-9F01D720BAF6}
		{30F0F2AA-CF54-437D-904C-A82B9B7317F4} = {AC58D495-6BB9-4CBB-88B7-CEA59BFEF351}
		{E741565B-9AF0-4683-8CCD-9F01D720BAF6} = {AC58D495-6BB9-4CBB-88B7-CEA59BFEF351}
		{4C318582-4BB9-41B8-BF9E-7096231E81BE} = {E741565B-9AF0-4683-8CCD-9F01D720BAF6}
		{100335B9-F84A-491A-BDC8-C82EA3AF6185} = {E741565B-9AF0-4683-8CCD-9F01D720BAF6}
		{A5A7FA23-FBA0-4BF6-9E92-39EB3F100F6F} = {E69DE394-D0F9-4170-ACEB-DAC92EFA9C2C}
		{98E58D12-74DC-4CE6-91D0-0F94D20378DC} = {E69DE394-D0F9-4170-ACEB-DAC92EFA9C2C}
	EndGlobalSection
	GlobalSection(ExtensibilityGlobals) = postSolution
		SolutionGuid = {685F6825-92A4-45A5-8738-721B2AA306B3}
	EndGlobalSection
	GlobalSection(SharedMSBuildProjectFiles) = preSolution
		..\..\..\Library\shares\JsonHelper\JsonHelper.projitems*{470aab61-e443-46ea-8e9f-8e67b7750e25}*SharedItemsImports = 5
	EndGlobalSection
EndGlobal
