
Microsoft Visual Studio Solution File, Format Version 12.00
# Visual Studio Version 17
VisualStudioVersion = 17.1.32113.165
MinimumVisualStudioVersion = 10.0.40219.1
Project("{2150E333-8FDC-42A3-9474-1A3956D46DE8}") = "framework", "framework", "{14FC6CA3-ED45-4CF2-9B34-22016B56747E}"
EndProject
Project("{778DAE3C-4631-46EA-AA77-85C1314464D9}") = "Core", "..\runtime\sciBASIC#\Microsoft.VisualBasic.Core\src\Core.vbproj", "{3CBAFD97-3E30-4859-89F7-9992621DB91F}"
EndProject
Project("{778DAE3C-4631-46EA-AA77-85C1314464D9}") = "Rsharp-netcore5", "R#\Rsharp-netcore5.vbproj", "{64F55A1F-6B79-4557-A4E0-2401BB7CBB75}"
EndProject
Project("{778DAE3C-4631-46EA-AA77-85C1314464D9}") = "IronCodeDom", "studio\Rsharp_IL\IronCodeDom\IronCodeDom.vbproj", "{CE4DBE2F-6393-4586-8939-C62DBA72C06E}"
EndProject
Project("{778DAE3C-4631-46EA-AA77-85C1314464D9}") = "njl", "studio\Rsharp_IL\njl\njl.vbproj", "{30CF5DEF-8146-42CD-88B3-E8B92D4A0643}"
EndProject
Project("{778DAE3C-4631-46EA-AA77-85C1314464D9}") = "npy", "studio\Rsharp_IL\npy\npy.vbproj", "{9E4364EB-C12D-4E12-992B-7D42B80216FF}"
EndProject
Project("{778DAE3C-4631-46EA-AA77-85C1314464D9}") = "nsas", "studio\Rsharp_IL\nsas\nsas.vbproj", "{85F0BB8C-85D2-45E2-8284-26E6E9B3AE46}"
EndProject
Project("{778DAE3C-4631-46EA-AA77-85C1314464D9}") = "nts", "studio\Rsharp_IL\nts\nts.vbproj", "{2B8174D5-189D-47D6-A06E-A2FFE1B95870}"
EndProject
Project("{778DAE3C-4631-46EA-AA77-85C1314464D9}") = "test", "studio\Rsharp_IL\test\test.vbproj", "{BDA127F6-315E-4745-9F96-5E09D7F75C70}"
EndProject
Project("{2150E333-8FDC-42A3-9474-1A3956D46DE8}") = "languages", "languages", "{7BFD5FA8-25AA-40BD-9D0B-4B2C6DBDB1EE}"
EndProject
Global
	GlobalSection(SolutionConfigurationPlatforms) = preSolution
		Debug|Any CPU = Debug|Any CPU
		Debug|x64 = Debug|x64
		LipidSearch|Any CPU = LipidSearch|Any CPU
		LipidSearch|x64 = LipidSearch|x64
		mzkit_win32|Any CPU = mzkit_win32|Any CPU
		mzkit_win32|x64 = mzkit_win32|x64
		mzkit|Any CPU = mzkit|Any CPU
		mzkit|x64 = mzkit|x64
		NPSearch|Any CPU = NPSearch|Any CPU
		NPSearch|x64 = NPSearch|x64
		PlantMAT|Any CPU = PlantMAT|Any CPU
		PlantMAT|x64 = PlantMAT|x64
		Release|Any CPU = Release|Any CPU
		Release|x64 = Release|x64
		Rsharp_app_release|Any CPU = Rsharp_app_release|Any CPU
		Rsharp_app_release|x64 = Rsharp_app_release|x64
	EndGlobalSection
	GlobalSection(ProjectConfigurationPlatforms) = postSolution
		{3CBAFD97-3E30-4859-89F7-9992621DB91F}.Debug|Any CPU.ActiveCfg = Debug|Any CPU
		{3CBAFD97-3E30-4859-89F7-9992621DB91F}.Debug|Any CPU.Build.0 = Debug|Any CPU
		{3CBAFD97-3E30-4859-89F7-9992621DB91F}.Debug|x64.ActiveCfg = Debug|x64
		{3CBAFD97-3E30-4859-89F7-9992621DB91F}.Debug|x64.Build.0 = Debug|x64
		{3CBAFD97-3E30-4859-89F7-9992621DB91F}.LipidSearch|Any CPU.ActiveCfg = LipidSearch|Any CPU
		{3CBAFD97-3E30-4859-89F7-9992621DB91F}.LipidSearch|Any CPU.Build.0 = LipidSearch|Any CPU
		{3CBAFD97-3E30-4859-89F7-9992621DB91F}.LipidSearch|x64.ActiveCfg = LipidSearch|x64
		{3CBAFD97-3E30-4859-89F7-9992621DB91F}.LipidSearch|x64.Build.0 = LipidSearch|x64
		{3CBAFD97-3E30-4859-89F7-9992621DB91F}.mzkit_win32|Any CPU.ActiveCfg = mzkit_win32|Any CPU
		{3CBAFD97-3E30-4859-89F7-9992621DB91F}.mzkit_win32|Any CPU.Build.0 = mzkit_win32|Any CPU
		{3CBAFD97-3E30-4859-89F7-9992621DB91F}.mzkit_win32|x64.ActiveCfg = mzkit_win32|x64
		{3CBAFD97-3E30-4859-89F7-9992621DB91F}.mzkit_win32|x64.Build.0 = mzkit_win32|x64
		{3CBAFD97-3E30-4859-89F7-9992621DB91F}.mzkit|Any CPU.ActiveCfg = mzkit|Any CPU
		{3CBAFD97-3E30-4859-89F7-9992621DB91F}.mzkit|Any CPU.Build.0 = mzkit|Any CPU
		{3CBAFD97-3E30-4859-89F7-9992621DB91F}.mzkit|x64.ActiveCfg = mzkit|x64
		{3CBAFD97-3E30-4859-89F7-9992621DB91F}.mzkit|x64.Build.0 = mzkit|x64
		{3CBAFD97-3E30-4859-89F7-9992621DB91F}.NPSearch|Any CPU.ActiveCfg = NPSearch|Any CPU
		{3CBAFD97-3E30-4859-89F7-9992621DB91F}.NPSearch|Any CPU.Build.0 = NPSearch|Any CPU
		{3CBAFD97-3E30-4859-89F7-9992621DB91F}.NPSearch|x64.ActiveCfg = NPSearch|x64
		{3CBAFD97-3E30-4859-89F7-9992621DB91F}.NPSearch|x64.Build.0 = NPSearch|x64
		{3CBAFD97-3E30-4859-89F7-9992621DB91F}.PlantMAT|Any CPU.ActiveCfg = PlantMAT|Any CPU
		{3CBAFD97-3E30-4859-89F7-9992621DB91F}.PlantMAT|Any CPU.Build.0 = PlantMAT|Any CPU
		{3CBAFD97-3E30-4859-89F7-9992621DB91F}.PlantMAT|x64.ActiveCfg = PlantMAT|x64
		{3CBAFD97-3E30-4859-89F7-9992621DB91F}.PlantMAT|x64.Build.0 = PlantMAT|x64
		{3CBAFD97-3E30-4859-89F7-9992621DB91F}.Release|Any CPU.ActiveCfg = Release|Any CPU
		{3CBAFD97-3E30-4859-89F7-9992621DB91F}.Release|Any CPU.Build.0 = Release|Any CPU
		{3CBAFD97-3E30-4859-89F7-9992621DB91F}.Release|x64.ActiveCfg = Release|x64
		{3CBAFD97-3E30-4859-89F7-9992621DB91F}.Release|x64.Build.0 = Release|x64
		{3CBAFD97-3E30-4859-89F7-9992621DB91F}.Rsharp_app_release|Any CPU.ActiveCfg = Rsharp_app_release|Any CPU
		{3CBAFD97-3E30-4859-89F7-9992621DB91F}.Rsharp_app_release|Any CPU.Build.0 = Rsharp_app_release|Any CPU
		{3CBAFD97-3E30-4859-89F7-9992621DB91F}.Rsharp_app_release|x64.ActiveCfg = Rsharp_app_release|x64
		{3CBAFD97-3E30-4859-89F7-9992621DB91F}.Rsharp_app_release|x64.Build.0 = Rsharp_app_release|x64
		{64F55A1F-6B79-4557-A4E0-2401BB7CBB75}.Debug|Any CPU.ActiveCfg = Debug|Any CPU
		{64F55A1F-6B79-4557-A4E0-2401BB7CBB75}.Debug|Any CPU.Build.0 = Debug|Any CPU
		{64F55A1F-6B79-4557-A4E0-2401BB7CBB75}.Debug|x64.ActiveCfg = Debug|x64
		{64F55A1F-6B79-4557-A4E0-2401BB7CBB75}.Debug|x64.Build.0 = Debug|x64
		{64F55A1F-6B79-4557-A4E0-2401BB7CBB75}.LipidSearch|Any CPU.ActiveCfg = LipidSearch|Any CPU
		{64F55A1F-6B79-4557-A4E0-2401BB7CBB75}.LipidSearch|Any CPU.Build.0 = LipidSearch|Any CPU
		{64F55A1F-6B79-4557-A4E0-2401BB7CBB75}.LipidSearch|x64.ActiveCfg = LipidSearch|x64
		{64F55A1F-6B79-4557-A4E0-2401BB7CBB75}.LipidSearch|x64.Build.0 = LipidSearch|x64
		{64F55A1F-6B79-4557-A4E0-2401BB7CBB75}.mzkit_win32|Any CPU.ActiveCfg = mzkit|Any CPU
		{64F55A1F-6B79-4557-A4E0-2401BB7CBB75}.mzkit_win32|Any CPU.Build.0 = mzkit|Any CPU
		{64F55A1F-6B79-4557-A4E0-2401BB7CBB75}.mzkit_win32|x64.ActiveCfg = mzkit|x64
		{64F55A1F-6B79-4557-A4E0-2401BB7CBB75}.mzkit_win32|x64.Build.0 = mzkit|x64
		{64F55A1F-6B79-4557-A4E0-2401BB7CBB75}.mzkit|Any CPU.ActiveCfg = mzkit|Any CPU
		{64F55A1F-6B79-4557-A4E0-2401BB7CBB75}.mzkit|Any CPU.Build.0 = mzkit|Any CPU
		{64F55A1F-6B79-4557-A4E0-2401BB7CBB75}.mzkit|x64.ActiveCfg = mzkit|x64
		{64F55A1F-6B79-4557-A4E0-2401BB7CBB75}.mzkit|x64.Build.0 = mzkit|x64
		{64F55A1F-6B79-4557-A4E0-2401BB7CBB75}.NPSearch|Any CPU.ActiveCfg = NPSearch|Any CPU
		{64F55A1F-6B79-4557-A4E0-2401BB7CBB75}.NPSearch|Any CPU.Build.0 = NPSearch|Any CPU
		{64F55A1F-6B79-4557-A4E0-2401BB7CBB75}.NPSearch|x64.ActiveCfg = NPSearch|x64
		{64F55A1F-6B79-4557-A4E0-2401BB7CBB75}.NPSearch|x64.Build.0 = NPSearch|x64
		{64F55A1F-6B79-4557-A4E0-2401BB7CBB75}.PlantMAT|Any CPU.ActiveCfg = PlantMAT|Any CPU
		{64F55A1F-6B79-4557-A4E0-2401BB7CBB75}.PlantMAT|Any CPU.Build.0 = PlantMAT|Any CPU
		{64F55A1F-6B79-4557-A4E0-2401BB7CBB75}.PlantMAT|x64.ActiveCfg = PlantMAT|x64
		{64F55A1F-6B79-4557-A4E0-2401BB7CBB75}.PlantMAT|x64.Build.0 = PlantMAT|x64
		{64F55A1F-6B79-4557-A4E0-2401BB7CBB75}.Release|Any CPU.ActiveCfg = Release|Any CPU
		{64F55A1F-6B79-4557-A4E0-2401BB7CBB75}.Release|Any CPU.Build.0 = Release|Any CPU
		{64F55A1F-6B79-4557-A4E0-2401BB7CBB75}.Release|x64.ActiveCfg = Release|x64
		{64F55A1F-6B79-4557-A4E0-2401BB7CBB75}.Release|x64.Build.0 = Release|x64
		{64F55A1F-6B79-4557-A4E0-2401BB7CBB75}.Rsharp_app_release|Any CPU.ActiveCfg = Rsharp_app_release|Any CPU
		{64F55A1F-6B79-4557-A4E0-2401BB7CBB75}.Rsharp_app_release|Any CPU.Build.0 = Rsharp_app_release|Any CPU
		{64F55A1F-6B79-4557-A4E0-2401BB7CBB75}.Rsharp_app_release|x64.ActiveCfg = Rsharp_app_release|x64
		{64F55A1F-6B79-4557-A4E0-2401BB7CBB75}.Rsharp_app_release|x64.Build.0 = Rsharp_app_release|x64
		{CE4DBE2F-6393-4586-8939-C62DBA72C06E}.Debug|Any CPU.ActiveCfg = Debug|Any CPU
		{CE4DBE2F-6393-4586-8939-C62DBA72C06E}.Debug|Any CPU.Build.0 = Debug|Any CPU
		{CE4DBE2F-6393-4586-8939-C62DBA72C06E}.Debug|x64.ActiveCfg = Debug|x64
		{CE4DBE2F-6393-4586-8939-C62DBA72C06E}.Debug|x64.Build.0 = Debug|x64
		{CE4DBE2F-6393-4586-8939-C62DBA72C06E}.LipidSearch|Any CPU.ActiveCfg = Debug|Any CPU
		{CE4DBE2F-6393-4586-8939-C62DBA72C06E}.LipidSearch|Any CPU.Build.0 = Debug|Any CPU
		{CE4DBE2F-6393-4586-8939-C62DBA72C06E}.LipidSearch|x64.ActiveCfg = Debug|x64
		{CE4DBE2F-6393-4586-8939-C62DBA72C06E}.LipidSearch|x64.Build.0 = Debug|x64
		{CE4DBE2F-6393-4586-8939-C62DBA72C06E}.mzkit_win32|Any CPU.ActiveCfg = mzkit_win32|Any CPU
		{CE4DBE2F-6393-4586-8939-C62DBA72C06E}.mzkit_win32|Any CPU.Build.0 = mzkit_win32|Any CPU
		{CE4DBE2F-6393-4586-8939-C62DBA72C06E}.mzkit_win32|x64.ActiveCfg = mzkit_win32|x64
		{CE4DBE2F-6393-4586-8939-C62DBA72C06E}.mzkit_win32|x64.Build.0 = mzkit_win32|x64
		{CE4DBE2F-6393-4586-8939-C62DBA72C06E}.mzkit|Any CPU.ActiveCfg = mzkit_win32|Any CPU
		{CE4DBE2F-6393-4586-8939-C62DBA72C06E}.mzkit|Any CPU.Build.0 = mzkit_win32|Any CPU
		{CE4DBE2F-6393-4586-8939-C62DBA72C06E}.mzkit|x64.ActiveCfg = mzkit_win32|x64
		{CE4DBE2F-6393-4586-8939-C62DBA72C06E}.mzkit|x64.Build.0 = mzkit_win32|x64
		{CE4DBE2F-6393-4586-8939-C62DBA72C06E}.NPSearch|Any CPU.ActiveCfg = Debug|Any CPU
		{CE4DBE2F-6393-4586-8939-C62DBA72C06E}.NPSearch|Any CPU.Build.0 = Debug|Any CPU
		{CE4DBE2F-6393-4586-8939-C62DBA72C06E}.NPSearch|x64.ActiveCfg = Debug|x64
		{CE4DBE2F-6393-4586-8939-C62DBA72C06E}.NPSearch|x64.Build.0 = Debug|x64
		{CE4DBE2F-6393-4586-8939-C62DBA72C06E}.PlantMAT|Any CPU.ActiveCfg = Debug|Any CPU
		{CE4DBE2F-6393-4586-8939-C62DBA72C06E}.PlantMAT|Any CPU.Build.0 = Debug|Any CPU
		{CE4DBE2F-6393-4586-8939-C62DBA72C06E}.PlantMAT|x64.ActiveCfg = Debug|x64
		{CE4DBE2F-6393-4586-8939-C62DBA72C06E}.PlantMAT|x64.Build.0 = Debug|x64
		{CE4DBE2F-6393-4586-8939-C62DBA72C06E}.Release|Any CPU.ActiveCfg = Release|Any CPU
		{CE4DBE2F-6393-4586-8939-C62DBA72C06E}.Release|Any CPU.Build.0 = Release|Any CPU
		{CE4DBE2F-6393-4586-8939-C62DBA72C06E}.Release|x64.ActiveCfg = Release|x64
		{CE4DBE2F-6393-4586-8939-C62DBA72C06E}.Release|x64.Build.0 = Release|x64
		{CE4DBE2F-6393-4586-8939-C62DBA72C06E}.Rsharp_app_release|Any CPU.ActiveCfg = Rsharp_app_release|Any CPU
		{CE4DBE2F-6393-4586-8939-C62DBA72C06E}.Rsharp_app_release|Any CPU.Build.0 = Rsharp_app_release|Any CPU
		{CE4DBE2F-6393-4586-8939-C62DBA72C06E}.Rsharp_app_release|x64.ActiveCfg = Rsharp_app_release|x64
		{CE4DBE2F-6393-4586-8939-C62DBA72C06E}.Rsharp_app_release|x64.Build.0 = Rsharp_app_release|x64
		{30CF5DEF-8146-42CD-88B3-E8B92D4A0643}.Debug|Any CPU.ActiveCfg = Debug|Any CPU
		{30CF5DEF-8146-42CD-88B3-E8B92D4A0643}.Debug|Any CPU.Build.0 = Debug|Any CPU
		{30CF5DEF-8146-42CD-88B3-E8B92D4A0643}.Debug|x64.ActiveCfg = Debug|x64
		{30CF5DEF-8146-42CD-88B3-E8B92D4A0643}.Debug|x64.Build.0 = Debug|x64
		{30CF5DEF-8146-42CD-88B3-E8B92D4A0643}.LipidSearch|Any CPU.ActiveCfg = Debug|Any CPU
		{30CF5DEF-8146-42CD-88B3-E8B92D4A0643}.LipidSearch|Any CPU.Build.0 = Debug|Any CPU
		{30CF5DEF-8146-42CD-88B3-E8B92D4A0643}.LipidSearch|x64.ActiveCfg = Debug|x64
		{30CF5DEF-8146-42CD-88B3-E8B92D4A0643}.LipidSearch|x64.Build.0 = Debug|x64
		{30CF5DEF-8146-42CD-88B3-E8B92D4A0643}.mzkit_win32|Any CPU.ActiveCfg = mzkit_win32|Any CPU
		{30CF5DEF-8146-42CD-88B3-E8B92D4A0643}.mzkit_win32|Any CPU.Build.0 = mzkit_win32|Any CPU
		{30CF5DEF-8146-42CD-88B3-E8B92D4A0643}.mzkit_win32|x64.ActiveCfg = mzkit_win32|x64
		{30CF5DEF-8146-42CD-88B3-E8B92D4A0643}.mzkit_win32|x64.Build.0 = mzkit_win32|x64
		{30CF5DEF-8146-42CD-88B3-E8B92D4A0643}.mzkit|Any CPU.ActiveCfg = mzkit_win32|Any CPU
		{30CF5DEF-8146-42CD-88B3-E8B92D4A0643}.mzkit|Any CPU.Build.0 = mzkit_win32|Any CPU
		{30CF5DEF-8146-42CD-88B3-E8B92D4A0643}.mzkit|x64.ActiveCfg = mzkit_win32|x64
		{30CF5DEF-8146-42CD-88B3-E8B92D4A0643}.mzkit|x64.Build.0 = mzkit_win32|x64
		{30CF5DEF-8146-42CD-88B3-E8B92D4A0643}.NPSearch|Any CPU.ActiveCfg = Debug|Any CPU
		{30CF5DEF-8146-42CD-88B3-E8B92D4A0643}.NPSearch|Any CPU.Build.0 = Debug|Any CPU
		{30CF5DEF-8146-42CD-88B3-E8B92D4A0643}.NPSearch|x64.ActiveCfg = Debug|x64
		{30CF5DEF-8146-42CD-88B3-E8B92D4A0643}.NPSearch|x64.Build.0 = Debug|x64
		{30CF5DEF-8146-42CD-88B3-E8B92D4A0643}.PlantMAT|Any CPU.ActiveCfg = Debug|Any CPU
		{30CF5DEF-8146-42CD-88B3-E8B92D4A0643}.PlantMAT|Any CPU.Build.0 = Debug|Any CPU
		{30CF5DEF-8146-42CD-88B3-E8B92D4A0643}.PlantMAT|x64.ActiveCfg = Debug|x64
		{30CF5DEF-8146-42CD-88B3-E8B92D4A0643}.PlantMAT|x64.Build.0 = Debug|x64
		{30CF5DEF-8146-42CD-88B3-E8B92D4A0643}.Release|Any CPU.ActiveCfg = Release|Any CPU
		{30CF5DEF-8146-42CD-88B3-E8B92D4A0643}.Release|Any CPU.Build.0 = Release|Any CPU
		{30CF5DEF-8146-42CD-88B3-E8B92D4A0643}.Release|x64.ActiveCfg = Release|x64
		{30CF5DEF-8146-42CD-88B3-E8B92D4A0643}.Release|x64.Build.0 = Release|x64
		{30CF5DEF-8146-42CD-88B3-E8B92D4A0643}.Rsharp_app_release|Any CPU.ActiveCfg = Rsharp_app_release|Any CPU
		{30CF5DEF-8146-42CD-88B3-E8B92D4A0643}.Rsharp_app_release|Any CPU.Build.0 = Rsharp_app_release|Any CPU
		{30CF5DEF-8146-42CD-88B3-E8B92D4A0643}.Rsharp_app_release|x64.ActiveCfg = Rsharp_app_release|x64
		{30CF5DEF-8146-42CD-88B3-E8B92D4A0643}.Rsharp_app_release|x64.Build.0 = Rsharp_app_release|x64
		{9E4364EB-C12D-4E12-992B-7D42B80216FF}.Debug|Any CPU.ActiveCfg = Debug|Any CPU
		{9E4364EB-C12D-4E12-992B-7D42B80216FF}.Debug|Any CPU.Build.0 = Debug|Any CPU
		{9E4364EB-C12D-4E12-992B-7D42B80216FF}.Debug|x64.ActiveCfg = Debug|x64
		{9E4364EB-C12D-4E12-992B-7D42B80216FF}.Debug|x64.Build.0 = Debug|x64
		{9E4364EB-C12D-4E12-992B-7D42B80216FF}.LipidSearch|Any CPU.ActiveCfg = Debug|Any CPU
		{9E4364EB-C12D-4E12-992B-7D42B80216FF}.LipidSearch|Any CPU.Build.0 = Debug|Any CPU
		{9E4364EB-C12D-4E12-992B-7D42B80216FF}.LipidSearch|x64.ActiveCfg = Debug|x64
		{9E4364EB-C12D-4E12-992B-7D42B80216FF}.LipidSearch|x64.Build.0 = Debug|x64
		{9E4364EB-C12D-4E12-992B-7D42B80216FF}.mzkit_win32|Any CPU.ActiveCfg = mzkit_win32|Any CPU
		{9E4364EB-C12D-4E12-992B-7D42B80216FF}.mzkit_win32|Any CPU.Build.0 = mzkit_win32|Any CPU
		{9E4364EB-C12D-4E12-992B-7D42B80216FF}.mzkit_win32|x64.ActiveCfg = mzkit_win32|x64
		{9E4364EB-C12D-4E12-992B-7D42B80216FF}.mzkit_win32|x64.Build.0 = mzkit_win32|x64
		{9E4364EB-C12D-4E12-992B-7D42B80216FF}.mzkit|Any CPU.ActiveCfg = mzkit_win32|Any CPU
		{9E4364EB-C12D-4E12-992B-7D42B80216FF}.mzkit|Any CPU.Build.0 = mzkit_win32|Any CPU
		{9E4364EB-C12D-4E12-992B-7D42B80216FF}.mzkit|x64.ActiveCfg = mzkit_win32|x64
		{9E4364EB-C12D-4E12-992B-7D42B80216FF}.mzkit|x64.Build.0 = mzkit_win32|x64
		{9E4364EB-C12D-4E12-992B-7D42B80216FF}.NPSearch|Any CPU.ActiveCfg = Debug|Any CPU
		{9E4364EB-C12D-4E12-992B-7D42B80216FF}.NPSearch|Any CPU.Build.0 = Debug|Any CPU
		{9E4364EB-C12D-4E12-992B-7D42B80216FF}.NPSearch|x64.ActiveCfg = Debug|x64
		{9E4364EB-C12D-4E12-992B-7D42B80216FF}.NPSearch|x64.Build.0 = Debug|x64
		{9E4364EB-C12D-4E12-992B-7D42B80216FF}.PlantMAT|Any CPU.ActiveCfg = Debug|Any CPU
		{9E4364EB-C12D-4E12-992B-7D42B80216FF}.PlantMAT|Any CPU.Build.0 = Debug|Any CPU
		{9E4364EB-C12D-4E12-992B-7D42B80216FF}.PlantMAT|x64.ActiveCfg = Debug|x64
		{9E4364EB-C12D-4E12-992B-7D42B80216FF}.PlantMAT|x64.Build.0 = Debug|x64
		{9E4364EB-C12D-4E12-992B-7D42B80216FF}.Release|Any CPU.ActiveCfg = Release|Any CPU
		{9E4364EB-C12D-4E12-992B-7D42B80216FF}.Release|Any CPU.Build.0 = Release|Any CPU
		{9E4364EB-C12D-4E12-992B-7D42B80216FF}.Release|x64.ActiveCfg = Release|x64
		{9E4364EB-C12D-4E12-992B-7D42B80216FF}.Release|x64.Build.0 = Release|x64
		{9E4364EB-C12D-4E12-992B-7D42B80216FF}.Rsharp_app_release|Any CPU.ActiveCfg = Rsharp_app_release|Any CPU
		{9E4364EB-C12D-4E12-992B-7D42B80216FF}.Rsharp_app_release|Any CPU.Build.0 = Rsharp_app_release|Any CPU
		{9E4364EB-C12D-4E12-992B-7D42B80216FF}.Rsharp_app_release|x64.ActiveCfg = Rsharp_app_release|x64
		{9E4364EB-C12D-4E12-992B-7D42B80216FF}.Rsharp_app_release|x64.Build.0 = Rsharp_app_release|x64
		{85F0BB8C-85D2-45E2-8284-26E6E9B3AE46}.Debug|Any CPU.ActiveCfg = Debug|Any CPU
		{85F0BB8C-85D2-45E2-8284-26E6E9B3AE46}.Debug|Any CPU.Build.0 = Debug|Any CPU
		{85F0BB8C-85D2-45E2-8284-26E6E9B3AE46}.Debug|x64.ActiveCfg = Debug|x64
		{85F0BB8C-85D2-45E2-8284-26E6E9B3AE46}.Debug|x64.Build.0 = Debug|x64
		{85F0BB8C-85D2-45E2-8284-26E6E9B3AE46}.LipidSearch|Any CPU.ActiveCfg = Debug|Any CPU
		{85F0BB8C-85D2-45E2-8284-26E6E9B3AE46}.LipidSearch|Any CPU.Build.0 = Debug|Any CPU
		{85F0BB8C-85D2-45E2-8284-26E6E9B3AE46}.LipidSearch|x64.ActiveCfg = Debug|x64
		{85F0BB8C-85D2-45E2-8284-26E6E9B3AE46}.LipidSearch|x64.Build.0 = Debug|x64
		{85F0BB8C-85D2-45E2-8284-26E6E9B3AE46}.mzkit_win32|Any CPU.ActiveCfg = Debug|Any CPU
		{85F0BB8C-85D2-45E2-8284-26E6E9B3AE46}.mzkit_win32|Any CPU.Build.0 = Debug|Any CPU
		{85F0BB8C-85D2-45E2-8284-26E6E9B3AE46}.mzkit_win32|x64.ActiveCfg = Debug|x64
		{85F0BB8C-85D2-45E2-8284-26E6E9B3AE46}.mzkit_win32|x64.Build.0 = Debug|x64
		{85F0BB8C-85D2-45E2-8284-26E6E9B3AE46}.mzkit|Any CPU.ActiveCfg = Debug|Any CPU
		{85F0BB8C-85D2-45E2-8284-26E6E9B3AE46}.mzkit|Any CPU.Build.0 = Debug|Any CPU
		{85F0BB8C-85D2-45E2-8284-26E6E9B3AE46}.mzkit|x64.ActiveCfg = Debug|x64
		{85F0BB8C-85D2-45E2-8284-26E6E9B3AE46}.mzkit|x64.Build.0 = Debug|x64
		{85F0BB8C-85D2-45E2-8284-26E6E9B3AE46}.NPSearch|Any CPU.ActiveCfg = Debug|Any CPU
		{85F0BB8C-85D2-45E2-8284-26E6E9B3AE46}.NPSearch|Any CPU.Build.0 = Debug|Any CPU
		{85F0BB8C-85D2-45E2-8284-26E6E9B3AE46}.NPSearch|x64.ActiveCfg = Debug|x64
		{85F0BB8C-85D2-45E2-8284-26E6E9B3AE46}.NPSearch|x64.Build.0 = Debug|x64
		{85F0BB8C-85D2-45E2-8284-26E6E9B3AE46}.PlantMAT|Any CPU.ActiveCfg = Debug|Any CPU
		{85F0BB8C-85D2-45E2-8284-26E6E9B3AE46}.PlantMAT|Any CPU.Build.0 = Debug|Any CPU
		{85F0BB8C-85D2-45E2-8284-26E6E9B3AE46}.PlantMAT|x64.ActiveCfg = Debug|x64
		{85F0BB8C-85D2-45E2-8284-26E6E9B3AE46}.PlantMAT|x64.Build.0 = Debug|x64
		{85F0BB8C-85D2-45E2-8284-26E6E9B3AE46}.Release|Any CPU.ActiveCfg = Release|Any CPU
		{85F0BB8C-85D2-45E2-8284-26E6E9B3AE46}.Release|Any CPU.Build.0 = Release|Any CPU
		{85F0BB8C-85D2-45E2-8284-26E6E9B3AE46}.Release|x64.ActiveCfg = Release|x64
		{85F0BB8C-85D2-45E2-8284-26E6E9B3AE46}.Release|x64.Build.0 = Release|x64
		{85F0BB8C-85D2-45E2-8284-26E6E9B3AE46}.Rsharp_app_release|Any CPU.ActiveCfg = Rsharp_app_release|Any CPU
		{85F0BB8C-85D2-45E2-8284-26E6E9B3AE46}.Rsharp_app_release|Any CPU.Build.0 = Rsharp_app_release|Any CPU
		{85F0BB8C-85D2-45E2-8284-26E6E9B3AE46}.Rsharp_app_release|x64.ActiveCfg = Rsharp_app_release|x64
		{85F0BB8C-85D2-45E2-8284-26E6E9B3AE46}.Rsharp_app_release|x64.Build.0 = Rsharp_app_release|x64
		{2B8174D5-189D-47D6-A06E-A2FFE1B95870}.Debug|Any CPU.ActiveCfg = Debug|Any CPU
		{2B8174D5-189D-47D6-A06E-A2FFE1B95870}.Debug|Any CPU.Build.0 = Debug|Any CPU
		{2B8174D5-189D-47D6-A06E-A2FFE1B95870}.Debug|x64.ActiveCfg = Debug|x64
		{2B8174D5-189D-47D6-A06E-A2FFE1B95870}.Debug|x64.Build.0 = Debug|x64
		{2B8174D5-189D-47D6-A06E-A2FFE1B95870}.LipidSearch|Any CPU.ActiveCfg = Debug|Any CPU
		{2B8174D5-189D-47D6-A06E-A2FFE1B95870}.LipidSearch|Any CPU.Build.0 = Debug|Any CPU
		{2B8174D5-189D-47D6-A06E-A2FFE1B95870}.LipidSearch|x64.ActiveCfg = Debug|x64
		{2B8174D5-189D-47D6-A06E-A2FFE1B95870}.LipidSearch|x64.Build.0 = Debug|x64
		{2B8174D5-189D-47D6-A06E-A2FFE1B95870}.mzkit_win32|Any CPU.ActiveCfg = mzkit_win32|Any CPU
		{2B8174D5-189D-47D6-A06E-A2FFE1B95870}.mzkit_win32|Any CPU.Build.0 = mzkit_win32|Any CPU
		{2B8174D5-189D-47D6-A06E-A2FFE1B95870}.mzkit_win32|x64.ActiveCfg = mzkit_win32|x64
		{2B8174D5-189D-47D6-A06E-A2FFE1B95870}.mzkit_win32|x64.Build.0 = mzkit_win32|x64
		{2B8174D5-189D-47D6-A06E-A2FFE1B95870}.mzkit|Any CPU.ActiveCfg = mzkit_win32|Any CPU
		{2B8174D5-189D-47D6-A06E-A2FFE1B95870}.mzkit|Any CPU.Build.0 = mzkit_win32|Any CPU
		{2B8174D5-189D-47D6-A06E-A2FFE1B95870}.mzkit|x64.ActiveCfg = mzkit_win32|x64
		{2B8174D5-189D-47D6-A06E-A2FFE1B95870}.mzkit|x64.Build.0 = mzkit_win32|x64
		{2B8174D5-189D-47D6-A06E-A2FFE1B95870}.NPSearch|Any CPU.ActiveCfg = Debug|Any CPU
		{2B8174D5-189D-47D6-A06E-A2FFE1B95870}.NPSearch|Any CPU.Build.0 = Debug|Any CPU
		{2B8174D5-189D-47D6-A06E-A2FFE1B95870}.NPSearch|x64.ActiveCfg = Debug|x64
		{2B8174D5-189D-47D6-A06E-A2FFE1B95870}.NPSearch|x64.Build.0 = Debug|x64
		{2B8174D5-189D-47D6-A06E-A2FFE1B95870}.PlantMAT|Any CPU.ActiveCfg = Debug|Any CPU
		{2B8174D5-189D-47D6-A06E-A2FFE1B95870}.PlantMAT|Any CPU.Build.0 = Debug|Any CPU
		{2B8174D5-189D-47D6-A06E-A2FFE1B95870}.PlantMAT|x64.ActiveCfg = Debug|x64
		{2B8174D5-189D-47D6-A06E-A2FFE1B95870}.PlantMAT|x64.Build.0 = Debug|x64
		{2B8174D5-189D-47D6-A06E-A2FFE1B95870}.Release|Any CPU.ActiveCfg = Release|Any CPU
		{2B8174D5-189D-47D6-A06E-A2FFE1B95870}.Release|Any CPU.Build.0 = Release|Any CPU
		{2B8174D5-189D-47D6-A06E-A2FFE1B95870}.Release|x64.ActiveCfg = Release|x64
		{2B8174D5-189D-47D6-A06E-A2FFE1B95870}.Release|x64.Build.0 = Release|x64
		{2B8174D5-189D-47D6-A06E-A2FFE1B95870}.Rsharp_app_release|Any CPU.ActiveCfg = Rsharp_app_release|Any CPU
		{2B8174D5-189D-47D6-A06E-A2FFE1B95870}.Rsharp_app_release|Any CPU.Build.0 = Rsharp_app_release|Any CPU
		{2B8174D5-189D-47D6-A06E-A2FFE1B95870}.Rsharp_app_release|x64.ActiveCfg = Rsharp_app_release|x64
		{2B8174D5-189D-47D6-A06E-A2FFE1B95870}.Rsharp_app_release|x64.Build.0 = Rsharp_app_release|x64
		{BDA127F6-315E-4745-9F96-5E09D7F75C70}.Debug|Any CPU.ActiveCfg = Debug|Any CPU
		{BDA127F6-315E-4745-9F96-5E09D7F75C70}.Debug|Any CPU.Build.0 = Debug|Any CPU
		{BDA127F6-315E-4745-9F96-5E09D7F75C70}.Debug|x64.ActiveCfg = Debug|x64
		{BDA127F6-315E-4745-9F96-5E09D7F75C70}.Debug|x64.Build.0 = Debug|x64
		{BDA127F6-315E-4745-9F96-5E09D7F75C70}.LipidSearch|Any CPU.ActiveCfg = Debug|Any CPU
		{BDA127F6-315E-4745-9F96-5E09D7F75C70}.LipidSearch|Any CPU.Build.0 = Debug|Any CPU
		{BDA127F6-315E-4745-9F96-5E09D7F75C70}.LipidSearch|x64.ActiveCfg = Debug|x64
		{BDA127F6-315E-4745-9F96-5E09D7F75C70}.LipidSearch|x64.Build.0 = Debug|x64
		{BDA127F6-315E-4745-9F96-5E09D7F75C70}.mzkit_win32|Any CPU.ActiveCfg = Debug|Any CPU
		{BDA127F6-315E-4745-9F96-5E09D7F75C70}.mzkit_win32|Any CPU.Build.0 = Debug|Any CPU
		{BDA127F6-315E-4745-9F96-5E09D7F75C70}.mzkit_win32|x64.ActiveCfg = Debug|x64
		{BDA127F6-315E-4745-9F96-5E09D7F75C70}.mzkit_win32|x64.Build.0 = Debug|x64
		{BDA127F6-315E-4745-9F96-5E09D7F75C70}.mzkit|Any CPU.ActiveCfg = Debug|Any CPU
		{BDA127F6-315E-4745-9F96-5E09D7F75C70}.mzkit|Any CPU.Build.0 = Debug|Any CPU
		{BDA127F6-315E-4745-9F96-5E09D7F75C70}.mzkit|x64.ActiveCfg = Debug|x64
		{BDA127F6-315E-4745-9F96-5E09D7F75C70}.mzkit|x64.Build.0 = Debug|x64
		{BDA127F6-315E-4745-9F96-5E09D7F75C70}.NPSearch|Any CPU.ActiveCfg = Debug|Any CPU
		{BDA127F6-315E-4745-9F96-5E09D7F75C70}.NPSearch|Any CPU.Build.0 = Debug|Any CPU
		{BDA127F6-315E-4745-9F96-5E09D7F75C70}.NPSearch|x64.ActiveCfg = Debug|x64
		{BDA127F6-315E-4745-9F96-5E09D7F75C70}.NPSearch|x64.Build.0 = Debug|x64
		{BDA127F6-315E-4745-9F96-5E09D7F75C70}.PlantMAT|Any CPU.ActiveCfg = Debug|Any CPU
		{BDA127F6-315E-4745-9F96-5E09D7F75C70}.PlantMAT|Any CPU.Build.0 = Debug|Any CPU
		{BDA127F6-315E-4745-9F96-5E09D7F75C70}.PlantMAT|x64.ActiveCfg = Debug|x64
		{BDA127F6-315E-4745-9F96-5E09D7F75C70}.PlantMAT|x64.Build.0 = Debug|x64
		{BDA127F6-315E-4745-9F96-5E09D7F75C70}.Release|Any CPU.ActiveCfg = Release|Any CPU
		{BDA127F6-315E-4745-9F96-5E09D7F75C70}.Release|Any CPU.Build.0 = Release|Any CPU
		{BDA127F6-315E-4745-9F96-5E09D7F75C70}.Release|x64.ActiveCfg = Release|x64
		{BDA127F6-315E-4745-9F96-5E09D7F75C70}.Release|x64.Build.0 = Release|x64
		{BDA127F6-315E-4745-9F96-5E09D7F75C70}.Rsharp_app_release|Any CPU.ActiveCfg = Release|Any CPU
		{BDA127F6-315E-4745-9F96-5E09D7F75C70}.Rsharp_app_release|Any CPU.Build.0 = Release|Any CPU
		{BDA127F6-315E-4745-9F96-5E09D7F75C70}.Rsharp_app_release|x64.ActiveCfg = Release|x64
		{BDA127F6-315E-4745-9F96-5E09D7F75C70}.Rsharp_app_release|x64.Build.0 = Release|x64
	EndGlobalSection
	GlobalSection(SolutionProperties) = preSolution
		HideSolutionNode = FALSE
	EndGlobalSection
	GlobalSection(NestedProjects) = preSolution
		{3CBAFD97-3E30-4859-89F7-9992621DB91F} = {14FC6CA3-ED45-4CF2-9B34-22016B56747E}
		{64F55A1F-6B79-4557-A4E0-2401BB7CBB75} = {14FC6CA3-ED45-4CF2-9B34-22016B56747E}
		{CE4DBE2F-6393-4586-8939-C62DBA72C06E} = {14FC6CA3-ED45-4CF2-9B34-22016B56747E}
		{30CF5DEF-8146-42CD-88B3-E8B92D4A0643} = {7BFD5FA8-25AA-40BD-9D0B-4B2C6DBDB1EE}
		{9E4364EB-C12D-4E12-992B-7D42B80216FF} = {7BFD5FA8-25AA-40BD-9D0B-4B2C6DBDB1EE}
		{85F0BB8C-85D2-45E2-8284-26E6E9B3AE46} = {7BFD5FA8-25AA-40BD-9D0B-4B2C6DBDB1EE}
		{2B8174D5-189D-47D6-A06E-A2FFE1B95870} = {7BFD5FA8-25AA-40BD-9D0B-4B2C6DBDB1EE}
	EndGlobalSection
	GlobalSection(ExtensibilityGlobals) = postSolution
		SolutionGuid = {37E43A00-D6D2-49FA-BBAF-918D1741B3B5}
	EndGlobalSection
EndGlobal
