
Microsoft Visual Studio Solution File, Format Version 12.00
# Visual Studio Version 16
VisualStudioVersion = 16.0.30804.86
MinimumVisualStudioVersion = 10.0.40219.1
Project("{778DAE3C-4631-46EA-AA77-85C1314464D9}") = "snowFall-netcore5", "snowFall\snowFall-netcore5.vbproj", "{9A920FD1-8A2E-46D5-B4B7-F005E13FB6BB}"
EndProject
Project("{2150E333-8FDC-42A3-9474-1A3956D46DE8}") = "framework", "framework", "{F5EBEFB8-2ED2-4B1C-9978-62B3B82877B1}"
EndProject
Project("{2150E333-8FDC-42A3-9474-1A3956D46DE8}") = "R", "R", "{D70A38BC-BC71-4A68-997E-D880E13D8BA1}"
EndProject
Project("{778DAE3C-4631-46EA-AA77-85C1314464D9}") = "Core", "..\runtime\sciBASIC#\Microsoft.VisualBasic.Core\src\Core.vbproj", "{6785B834-791B-4131-962E-D2FB63C10C8D}"
EndProject
Project("{778DAE3C-4631-46EA-AA77-85C1314464D9}") = "JSON-netcore5", "..\runtime\sciBASIC#\mime\application%json\JSON-netcore5.vbproj", "{EE6041C5-9C9F-4F73-A3B1-5B4FA18927E1}"
EndProject
Project("{778DAE3C-4631-46EA-AA77-85C1314464D9}") = "network-netcore5", "..\runtime\sciBASIC#\www\Microsoft.VisualBasic.NETProtocol\network-netcore5.vbproj", "{140F878E-B280-4AC2-8BCA-CF5806B2EB4E}"
EndProject
Project("{778DAE3C-4631-46EA-AA77-85C1314464D9}") = "Rsharp-netcore5", "R#\Rsharp-netcore5.vbproj", "{E175E918-489C-4CC0-B4D9-86A433E14B80}"
EndProject
Project("{778DAE3C-4631-46EA-AA77-85C1314464D9}") = "Rscript-netcore5", "Rscript\Rscript-netcore5.vbproj", "{FFF265DD-2819-4BB2-817D-8287877339E4}"
EndProject
Project("{778DAE3C-4631-46EA-AA77-85C1314464D9}") = "parallel-netcore5", "..\runtime\Darwinism\Parallel\parallel-netcore5.vbproj", "{B75B2472-CC99-4631-9D67-BFEC0DED3497}"
EndProject
Project("{778DAE3C-4631-46EA-AA77-85C1314464D9}") = "test-netcore5", "snowFall\test\test-netcore5.vbproj", "{009941F3-5FDF-4AEB-9AA1-7838FE3B5056}"
EndProject
Global
	GlobalSection(SharedMSBuildProjectFiles) = preSolution
		studio\Rstudio.common\Rstudio.common.projitems*{fff265dd-2819-4bb2-817d-8287877339e4}*SharedItemsImports = 5
		..\runtime\sciBASIC#\www\Microsoft.VisualBasic.NETProtocol\TcpRequest\TcpRequest.projitems*{fff265dd-2819-4bb2-817d-8287877339e4}*SharedItemsImports = 5
	EndGlobalSection
	GlobalSection(SolutionConfigurationPlatforms) = preSolution
		Debug|Any CPU = Debug|Any CPU
		Debug|x64 = Debug|x64
		LipidSearch|Any CPU = LipidSearch|Any CPU
		LipidSearch|x64 = LipidSearch|x64
		Release|Any CPU = Release|Any CPU
		Release|x64 = Release|x64
		Rsharp_app_release|Any CPU = Rsharp_app_release|Any CPU
		Rsharp_app_release|x64 = Rsharp_app_release|x64
	EndGlobalSection
	GlobalSection(ProjectConfigurationPlatforms) = postSolution
		{9A920FD1-8A2E-46D5-B4B7-F005E13FB6BB}.Debug|Any CPU.ActiveCfg = Debug|Any CPU
		{9A920FD1-8A2E-46D5-B4B7-F005E13FB6BB}.Debug|Any CPU.Build.0 = Debug|Any CPU
		{9A920FD1-8A2E-46D5-B4B7-F005E13FB6BB}.Debug|x64.ActiveCfg = Debug|Any CPU
		{9A920FD1-8A2E-46D5-B4B7-F005E13FB6BB}.Debug|x64.Build.0 = Debug|Any CPU
		{9A920FD1-8A2E-46D5-B4B7-F005E13FB6BB}.LipidSearch|Any CPU.ActiveCfg = Debug|Any CPU
		{9A920FD1-8A2E-46D5-B4B7-F005E13FB6BB}.LipidSearch|Any CPU.Build.0 = Debug|Any CPU
		{9A920FD1-8A2E-46D5-B4B7-F005E13FB6BB}.LipidSearch|x64.ActiveCfg = Debug|Any CPU
		{9A920FD1-8A2E-46D5-B4B7-F005E13FB6BB}.LipidSearch|x64.Build.0 = Debug|Any CPU
		{9A920FD1-8A2E-46D5-B4B7-F005E13FB6BB}.Release|Any CPU.ActiveCfg = Release|Any CPU
		{9A920FD1-8A2E-46D5-B4B7-F005E13FB6BB}.Release|Any CPU.Build.0 = Release|Any CPU
		{9A920FD1-8A2E-46D5-B4B7-F005E13FB6BB}.Release|x64.ActiveCfg = Release|Any CPU
		{9A920FD1-8A2E-46D5-B4B7-F005E13FB6BB}.Release|x64.Build.0 = Release|Any CPU
		{9A920FD1-8A2E-46D5-B4B7-F005E13FB6BB}.Rsharp_app_release|Any CPU.ActiveCfg = Release|Any CPU
		{9A920FD1-8A2E-46D5-B4B7-F005E13FB6BB}.Rsharp_app_release|Any CPU.Build.0 = Release|Any CPU
		{9A920FD1-8A2E-46D5-B4B7-F005E13FB6BB}.Rsharp_app_release|x64.ActiveCfg = Release|Any CPU
		{9A920FD1-8A2E-46D5-B4B7-F005E13FB6BB}.Rsharp_app_release|x64.Build.0 = Release|Any CPU
		{6785B834-791B-4131-962E-D2FB63C10C8D}.Debug|Any CPU.ActiveCfg = Debug|Any CPU
		{6785B834-791B-4131-962E-D2FB63C10C8D}.Debug|Any CPU.Build.0 = Debug|Any CPU
		{6785B834-791B-4131-962E-D2FB63C10C8D}.Debug|x64.ActiveCfg = Debug|x64
		{6785B834-791B-4131-962E-D2FB63C10C8D}.Debug|x64.Build.0 = Debug|x64
		{6785B834-791B-4131-962E-D2FB63C10C8D}.LipidSearch|Any CPU.ActiveCfg = LipidSearch|Any CPU
		{6785B834-791B-4131-962E-D2FB63C10C8D}.LipidSearch|Any CPU.Build.0 = LipidSearch|Any CPU
		{6785B834-791B-4131-962E-D2FB63C10C8D}.LipidSearch|x64.ActiveCfg = LipidSearch|x64
		{6785B834-791B-4131-962E-D2FB63C10C8D}.LipidSearch|x64.Build.0 = LipidSearch|x64
		{6785B834-791B-4131-962E-D2FB63C10C8D}.Release|Any CPU.ActiveCfg = Release|Any CPU
		{6785B834-791B-4131-962E-D2FB63C10C8D}.Release|Any CPU.Build.0 = Release|Any CPU
		{6785B834-791B-4131-962E-D2FB63C10C8D}.Release|x64.ActiveCfg = Release|x64
		{6785B834-791B-4131-962E-D2FB63C10C8D}.Release|x64.Build.0 = Release|x64
		{6785B834-791B-4131-962E-D2FB63C10C8D}.Rsharp_app_release|Any CPU.ActiveCfg = Rsharp_app_release|Any CPU
		{6785B834-791B-4131-962E-D2FB63C10C8D}.Rsharp_app_release|Any CPU.Build.0 = Rsharp_app_release|Any CPU
		{6785B834-791B-4131-962E-D2FB63C10C8D}.Rsharp_app_release|x64.ActiveCfg = Rsharp_app_release|x64
		{6785B834-791B-4131-962E-D2FB63C10C8D}.Rsharp_app_release|x64.Build.0 = Rsharp_app_release|x64
		{EE6041C5-9C9F-4F73-A3B1-5B4FA18927E1}.Debug|Any CPU.ActiveCfg = Debug|Any CPU
		{EE6041C5-9C9F-4F73-A3B1-5B4FA18927E1}.Debug|Any CPU.Build.0 = Debug|Any CPU
		{EE6041C5-9C9F-4F73-A3B1-5B4FA18927E1}.Debug|x64.ActiveCfg = Debug|x64
		{EE6041C5-9C9F-4F73-A3B1-5B4FA18927E1}.Debug|x64.Build.0 = Debug|x64
		{EE6041C5-9C9F-4F73-A3B1-5B4FA18927E1}.LipidSearch|Any CPU.ActiveCfg = Debug|Any CPU
		{EE6041C5-9C9F-4F73-A3B1-5B4FA18927E1}.LipidSearch|Any CPU.Build.0 = Debug|Any CPU
		{EE6041C5-9C9F-4F73-A3B1-5B4FA18927E1}.LipidSearch|x64.ActiveCfg = Debug|x64
		{EE6041C5-9C9F-4F73-A3B1-5B4FA18927E1}.LipidSearch|x64.Build.0 = Debug|x64
		{EE6041C5-9C9F-4F73-A3B1-5B4FA18927E1}.Release|Any CPU.ActiveCfg = Release|Any CPU
		{EE6041C5-9C9F-4F73-A3B1-5B4FA18927E1}.Release|Any CPU.Build.0 = Release|Any CPU
		{EE6041C5-9C9F-4F73-A3B1-5B4FA18927E1}.Release|x64.ActiveCfg = Release|x64
		{EE6041C5-9C9F-4F73-A3B1-5B4FA18927E1}.Release|x64.Build.0 = Release|x64
		{EE6041C5-9C9F-4F73-A3B1-5B4FA18927E1}.Rsharp_app_release|Any CPU.ActiveCfg = Rsharp_app_release|Any CPU
		{EE6041C5-9C9F-4F73-A3B1-5B4FA18927E1}.Rsharp_app_release|Any CPU.Build.0 = Rsharp_app_release|Any CPU
		{EE6041C5-9C9F-4F73-A3B1-5B4FA18927E1}.Rsharp_app_release|x64.ActiveCfg = Rsharp_app_release|x64
		{EE6041C5-9C9F-4F73-A3B1-5B4FA18927E1}.Rsharp_app_release|x64.Build.0 = Rsharp_app_release|x64
		{140F878E-B280-4AC2-8BCA-CF5806B2EB4E}.Debug|Any CPU.ActiveCfg = Debug|Any CPU
		{140F878E-B280-4AC2-8BCA-CF5806B2EB4E}.Debug|Any CPU.Build.0 = Debug|Any CPU
		{140F878E-B280-4AC2-8BCA-CF5806B2EB4E}.Debug|x64.ActiveCfg = Debug|Any CPU
		{140F878E-B280-4AC2-8BCA-CF5806B2EB4E}.Debug|x64.Build.0 = Debug|Any CPU
		{140F878E-B280-4AC2-8BCA-CF5806B2EB4E}.LipidSearch|Any CPU.ActiveCfg = Debug|Any CPU
		{140F878E-B280-4AC2-8BCA-CF5806B2EB4E}.LipidSearch|Any CPU.Build.0 = Debug|Any CPU
		{140F878E-B280-4AC2-8BCA-CF5806B2EB4E}.LipidSearch|x64.ActiveCfg = Debug|Any CPU
		{140F878E-B280-4AC2-8BCA-CF5806B2EB4E}.LipidSearch|x64.Build.0 = Debug|Any CPU
		{140F878E-B280-4AC2-8BCA-CF5806B2EB4E}.Release|Any CPU.ActiveCfg = Release|Any CPU
		{140F878E-B280-4AC2-8BCA-CF5806B2EB4E}.Release|Any CPU.Build.0 = Release|Any CPU
		{140F878E-B280-4AC2-8BCA-CF5806B2EB4E}.Release|x64.ActiveCfg = Release|Any CPU
		{140F878E-B280-4AC2-8BCA-CF5806B2EB4E}.Release|x64.Build.0 = Release|Any CPU
		{140F878E-B280-4AC2-8BCA-CF5806B2EB4E}.Rsharp_app_release|Any CPU.ActiveCfg = Release|Any CPU
		{140F878E-B280-4AC2-8BCA-CF5806B2EB4E}.Rsharp_app_release|Any CPU.Build.0 = Release|Any CPU
		{140F878E-B280-4AC2-8BCA-CF5806B2EB4E}.Rsharp_app_release|x64.ActiveCfg = Release|Any CPU
		{140F878E-B280-4AC2-8BCA-CF5806B2EB4E}.Rsharp_app_release|x64.Build.0 = Release|Any CPU
		{E175E918-489C-4CC0-B4D9-86A433E14B80}.Debug|Any CPU.ActiveCfg = Debug|Any CPU
		{E175E918-489C-4CC0-B4D9-86A433E14B80}.Debug|Any CPU.Build.0 = Debug|Any CPU
		{E175E918-489C-4CC0-B4D9-86A433E14B80}.Debug|x64.ActiveCfg = Debug|x64
		{E175E918-489C-4CC0-B4D9-86A433E14B80}.Debug|x64.Build.0 = Debug|x64
		{E175E918-489C-4CC0-B4D9-86A433E14B80}.LipidSearch|Any CPU.ActiveCfg = LipidSearch|Any CPU
		{E175E918-489C-4CC0-B4D9-86A433E14B80}.LipidSearch|Any CPU.Build.0 = LipidSearch|Any CPU
		{E175E918-489C-4CC0-B4D9-86A433E14B80}.LipidSearch|x64.ActiveCfg = LipidSearch|x64
		{E175E918-489C-4CC0-B4D9-86A433E14B80}.LipidSearch|x64.Build.0 = LipidSearch|x64
		{E175E918-489C-4CC0-B4D9-86A433E14B80}.Release|Any CPU.ActiveCfg = Release|Any CPU
		{E175E918-489C-4CC0-B4D9-86A433E14B80}.Release|Any CPU.Build.0 = Release|Any CPU
		{E175E918-489C-4CC0-B4D9-86A433E14B80}.Release|x64.ActiveCfg = Release|x64
		{E175E918-489C-4CC0-B4D9-86A433E14B80}.Release|x64.Build.0 = Release|x64
		{E175E918-489C-4CC0-B4D9-86A433E14B80}.Rsharp_app_release|Any CPU.ActiveCfg = Rsharp_app_release|Any CPU
		{E175E918-489C-4CC0-B4D9-86A433E14B80}.Rsharp_app_release|Any CPU.Build.0 = Rsharp_app_release|Any CPU
		{E175E918-489C-4CC0-B4D9-86A433E14B80}.Rsharp_app_release|x64.ActiveCfg = Rsharp_app_release|x64
		{E175E918-489C-4CC0-B4D9-86A433E14B80}.Rsharp_app_release|x64.Build.0 = Rsharp_app_release|x64
		{FFF265DD-2819-4BB2-817D-8287877339E4}.Debug|Any CPU.ActiveCfg = Debug|Any CPU
		{FFF265DD-2819-4BB2-817D-8287877339E4}.Debug|Any CPU.Build.0 = Debug|Any CPU
		{FFF265DD-2819-4BB2-817D-8287877339E4}.Debug|x64.ActiveCfg = Debug|x64
		{FFF265DD-2819-4BB2-817D-8287877339E4}.Debug|x64.Build.0 = Debug|x64
		{FFF265DD-2819-4BB2-817D-8287877339E4}.LipidSearch|Any CPU.ActiveCfg = Debug|Any CPU
		{FFF265DD-2819-4BB2-817D-8287877339E4}.LipidSearch|Any CPU.Build.0 = Debug|Any CPU
		{FFF265DD-2819-4BB2-817D-8287877339E4}.LipidSearch|x64.ActiveCfg = Debug|x64
		{FFF265DD-2819-4BB2-817D-8287877339E4}.LipidSearch|x64.Build.0 = Debug|x64
		{FFF265DD-2819-4BB2-817D-8287877339E4}.Release|Any CPU.ActiveCfg = Release|Any CPU
		{FFF265DD-2819-4BB2-817D-8287877339E4}.Release|Any CPU.Build.0 = Release|Any CPU
		{FFF265DD-2819-4BB2-817D-8287877339E4}.Release|x64.ActiveCfg = Release|x64
		{FFF265DD-2819-4BB2-817D-8287877339E4}.Release|x64.Build.0 = Release|x64
		{FFF265DD-2819-4BB2-817D-8287877339E4}.Rsharp_app_release|Any CPU.ActiveCfg = Rsharp_app_release|Any CPU
		{FFF265DD-2819-4BB2-817D-8287877339E4}.Rsharp_app_release|Any CPU.Build.0 = Rsharp_app_release|Any CPU
		{FFF265DD-2819-4BB2-817D-8287877339E4}.Rsharp_app_release|x64.ActiveCfg = Rsharp_app_release|x64
		{FFF265DD-2819-4BB2-817D-8287877339E4}.Rsharp_app_release|x64.Build.0 = Rsharp_app_release|x64
		{B75B2472-CC99-4631-9D67-BFEC0DED3497}.Debug|Any CPU.ActiveCfg = Debug|Any CPU
		{B75B2472-CC99-4631-9D67-BFEC0DED3497}.Debug|Any CPU.Build.0 = Debug|Any CPU
		{B75B2472-CC99-4631-9D67-BFEC0DED3497}.Debug|x64.ActiveCfg = Debug|Any CPU
		{B75B2472-CC99-4631-9D67-BFEC0DED3497}.Debug|x64.Build.0 = Debug|Any CPU
		{B75B2472-CC99-4631-9D67-BFEC0DED3497}.LipidSearch|Any CPU.ActiveCfg = Debug|Any CPU
		{B75B2472-CC99-4631-9D67-BFEC0DED3497}.LipidSearch|Any CPU.Build.0 = Debug|Any CPU
		{B75B2472-CC99-4631-9D67-BFEC0DED3497}.LipidSearch|x64.ActiveCfg = Debug|Any CPU
		{B75B2472-CC99-4631-9D67-BFEC0DED3497}.LipidSearch|x64.Build.0 = Debug|Any CPU
		{B75B2472-CC99-4631-9D67-BFEC0DED3497}.Release|Any CPU.ActiveCfg = Release|Any CPU
		{B75B2472-CC99-4631-9D67-BFEC0DED3497}.Release|Any CPU.Build.0 = Release|Any CPU
		{B75B2472-CC99-4631-9D67-BFEC0DED3497}.Release|x64.ActiveCfg = Release|Any CPU
		{B75B2472-CC99-4631-9D67-BFEC0DED3497}.Release|x64.Build.0 = Release|Any CPU
		{B75B2472-CC99-4631-9D67-BFEC0DED3497}.Rsharp_app_release|Any CPU.ActiveCfg = Release|Any CPU
		{B75B2472-CC99-4631-9D67-BFEC0DED3497}.Rsharp_app_release|Any CPU.Build.0 = Release|Any CPU
		{B75B2472-CC99-4631-9D67-BFEC0DED3497}.Rsharp_app_release|x64.ActiveCfg = Release|Any CPU
		{B75B2472-CC99-4631-9D67-BFEC0DED3497}.Rsharp_app_release|x64.Build.0 = Release|Any CPU
		{009941F3-5FDF-4AEB-9AA1-7838FE3B5056}.Debug|Any CPU.ActiveCfg = Debug|Any CPU
		{009941F3-5FDF-4AEB-9AA1-7838FE3B5056}.Debug|Any CPU.Build.0 = Debug|Any CPU
		{009941F3-5FDF-4AEB-9AA1-7838FE3B5056}.Debug|x64.ActiveCfg = Debug|Any CPU
		{009941F3-5FDF-4AEB-9AA1-7838FE3B5056}.Debug|x64.Build.0 = Debug|Any CPU
		{009941F3-5FDF-4AEB-9AA1-7838FE3B5056}.LipidSearch|Any CPU.ActiveCfg = Debug|Any CPU
		{009941F3-5FDF-4AEB-9AA1-7838FE3B5056}.LipidSearch|Any CPU.Build.0 = Debug|Any CPU
		{009941F3-5FDF-4AEB-9AA1-7838FE3B5056}.LipidSearch|x64.ActiveCfg = Debug|Any CPU
		{009941F3-5FDF-4AEB-9AA1-7838FE3B5056}.LipidSearch|x64.Build.0 = Debug|Any CPU
		{009941F3-5FDF-4AEB-9AA1-7838FE3B5056}.Release|Any CPU.ActiveCfg = Release|Any CPU
		{009941F3-5FDF-4AEB-9AA1-7838FE3B5056}.Release|Any CPU.Build.0 = Release|Any CPU
		{009941F3-5FDF-4AEB-9AA1-7838FE3B5056}.Release|x64.ActiveCfg = Release|Any CPU
		{009941F3-5FDF-4AEB-9AA1-7838FE3B5056}.Release|x64.Build.0 = Release|Any CPU
		{009941F3-5FDF-4AEB-9AA1-7838FE3B5056}.Rsharp_app_release|Any CPU.ActiveCfg = Release|Any CPU
		{009941F3-5FDF-4AEB-9AA1-7838FE3B5056}.Rsharp_app_release|Any CPU.Build.0 = Release|Any CPU
		{009941F3-5FDF-4AEB-9AA1-7838FE3B5056}.Rsharp_app_release|x64.ActiveCfg = Release|Any CPU
		{009941F3-5FDF-4AEB-9AA1-7838FE3B5056}.Rsharp_app_release|x64.Build.0 = Release|Any CPU
	EndGlobalSection
	GlobalSection(SolutionProperties) = preSolution
		HideSolutionNode = FALSE
	EndGlobalSection
	GlobalSection(NestedProjects) = preSolution
		{6785B834-791B-4131-962E-D2FB63C10C8D} = {F5EBEFB8-2ED2-4B1C-9978-62B3B82877B1}
		{EE6041C5-9C9F-4F73-A3B1-5B4FA18927E1} = {F5EBEFB8-2ED2-4B1C-9978-62B3B82877B1}
		{140F878E-B280-4AC2-8BCA-CF5806B2EB4E} = {F5EBEFB8-2ED2-4B1C-9978-62B3B82877B1}
		{E175E918-489C-4CC0-B4D9-86A433E14B80} = {D70A38BC-BC71-4A68-997E-D880E13D8BA1}
		{FFF265DD-2819-4BB2-817D-8287877339E4} = {D70A38BC-BC71-4A68-997E-D880E13D8BA1}
	EndGlobalSection
	GlobalSection(ExtensibilityGlobals) = postSolution
		SolutionGuid = {B9BAE3DB-7088-4998-80C4-047020F6C821}
	EndGlobalSection
EndGlobal
