
Microsoft Visual Studio Solution File, Format Version 12.00
# Visual Studio Version 17
VisualStudioVersion = 17.8.34408.163
MinimumVisualStudioVersion = 10.0.40219.1
Project("{778DAE3C-4631-46EA-AA77-85C1314464D9}") = "snowFall-netcore5", "snowFall\snowFall-netcore5.vbproj", "{9A920FD1-8A2E-46D5-B4B7-F005E13FB6BB}"
EndProject
Project("{2150E333-8FDC-42A3-9474-1A3956D46DE8}") = "framework", "framework", "{F5EBEFB8-2ED2-4B1C-9978-62B3B82877B1}"
EndProject
Project("{2150E333-8FDC-42A3-9474-1A3956D46DE8}") = "renv", "renv", "{D70A38BC-BC71-4A68-997E-D880E13D8BA1}"
EndProject
Project("{778DAE3C-4631-46EA-AA77-85C1314464D9}") = "Core", "..\runtime\sciBASIC#\Microsoft.VisualBasic.Core\src\Core.vbproj", "{6785B834-791B-4131-962E-D2FB63C10C8D}"
EndProject
Project("{778DAE3C-4631-46EA-AA77-85C1314464D9}") = "JSON-netcore5", "..\runtime\sciBASIC#\mime\application%json\JSON-netcore5.vbproj", "{EE6041C5-9C9F-4F73-A3B1-5B4FA18927E1}"
EndProject
Project("{778DAE3C-4631-46EA-AA77-85C1314464D9}") = "network-netcore5", "..\runtime\sciBASIC#\www\Microsoft.VisualBasic.NETProtocol\network-netcore5.vbproj", "{140F878E-B280-4AC2-8BCA-CF5806B2EB4E}"
EndProject
Project("{778DAE3C-4631-46EA-AA77-85C1314464D9}") = "Rsharp-netcore5", "R#\Rsharp-netcore5.vbproj", "{E175E918-489C-4CC0-B4D9-86A433E14B80}"
EndProject
Project("{778DAE3C-4631-46EA-AA77-85C1314464D9}") = "test-netcore5", "snowFall\test\test-netcore5.vbproj", "{009941F3-5FDF-4AEB-9AA1-7838FE3B5056}"
EndProject
Project("{778DAE3C-4631-46EA-AA77-85C1314464D9}") = "binarydata-netcore5", "..\runtime\sciBASIC#\Data\BinaryData\BinaryData\binarydata-netcore5.vbproj", "{562D7D41-C5E9-4748-BAA0-E58E831D8E2E}"
EndProject
Project("{778DAE3C-4631-46EA-AA77-85C1314464D9}") = "msgpack-netcore5", "..\runtime\sciBASIC#\Data\BinaryData\msgpack\msgpack-netcore5.vbproj", "{D29601BF-0A87-48AC-97EA-51269F47BF9C}"
EndProject
Project("{778DAE3C-4631-46EA-AA77-85C1314464D9}") = "parallel-netcore5", "..\runtime\Darwinism\src\computing\Parallel\parallel-netcore5.vbproj", "{F3F9D70D-0EE9-4C88-89A5-0F992C58333C}"
EndProject
Project("{778DAE3C-4631-46EA-AA77-85C1314464D9}") = "Flute.NET5", "..\runtime\httpd\Flute\Flute.NET5.vbproj", "{A13634C9-9F7C-49B3-B311-E1A6E20FECB2}"
EndProject
Project("{778DAE3C-4631-46EA-AA77-85C1314464D9}") = "Rserver.NET5", "studio\Rserver\Rserver.NET5.vbproj", "{03F39EE1-6ED4-4AB7-A06A-35A9072BBCEB}"
EndProject
Global
	GlobalSection(SolutionConfigurationPlatforms) = preSolution
		Debug|Any CPU = Debug|Any CPU
		Debug|ARM32 = Debug|ARM32
		Debug|x64 = Debug|x64
		Docker|Any CPU = Docker|Any CPU
		Docker|ARM32 = Docker|ARM32
		Docker|x64 = Docker|x64
		gcmodeller_desktop|Any CPU = gcmodeller_desktop|Any CPU
		gcmodeller_desktop|ARM32 = gcmodeller_desktop|ARM32
		gcmodeller_desktop|x64 = gcmodeller_desktop|x64
		LipidSearch|Any CPU = LipidSearch|Any CPU
		LipidSearch|ARM32 = LipidSearch|ARM32
		LipidSearch|x64 = LipidSearch|x64
		mzkit_win32|Any CPU = mzkit_win32|Any CPU
		mzkit_win32|ARM32 = mzkit_win32|ARM32
		mzkit_win32|x64 = mzkit_win32|x64
		mzkit|Any CPU = mzkit|Any CPU
		mzkit|ARM32 = mzkit|ARM32
		mzkit|x64 = mzkit|x64
		PlantMAT|Any CPU = PlantMAT|Any CPU
		PlantMAT|ARM32 = PlantMAT|ARM32
		PlantMAT|x64 = PlantMAT|x64
		Release|Any CPU = Release|Any CPU
		Release|ARM32 = Release|ARM32
		Release|x64 = Release|x64
		Rsharp_app_release|Any CPU = Rsharp_app_release|Any CPU
		Rsharp_app_release|ARM32 = Rsharp_app_release|ARM32
		Rsharp_app_release|x64 = Rsharp_app_release|x64
	EndGlobalSection
	GlobalSection(ProjectConfigurationPlatforms) = postSolution
		{9A920FD1-8A2E-46D5-B4B7-F005E13FB6BB}.Debug|Any CPU.ActiveCfg = Debug|Any CPU
		{9A920FD1-8A2E-46D5-B4B7-F005E13FB6BB}.Debug|Any CPU.Build.0 = Debug|Any CPU
		{9A920FD1-8A2E-46D5-B4B7-F005E13FB6BB}.Debug|ARM32.ActiveCfg = Debug|Any CPU
		{9A920FD1-8A2E-46D5-B4B7-F005E13FB6BB}.Debug|ARM32.Build.0 = Debug|Any CPU
		{9A920FD1-8A2E-46D5-B4B7-F005E13FB6BB}.Debug|x64.ActiveCfg = Debug|x64
		{9A920FD1-8A2E-46D5-B4B7-F005E13FB6BB}.Debug|x64.Build.0 = Debug|x64
		{9A920FD1-8A2E-46D5-B4B7-F005E13FB6BB}.Docker|Any CPU.ActiveCfg = Debug|Any CPU
		{9A920FD1-8A2E-46D5-B4B7-F005E13FB6BB}.Docker|Any CPU.Build.0 = Debug|Any CPU
		{9A920FD1-8A2E-46D5-B4B7-F005E13FB6BB}.Docker|ARM32.ActiveCfg = Debug|Any CPU
		{9A920FD1-8A2E-46D5-B4B7-F005E13FB6BB}.Docker|ARM32.Build.0 = Debug|Any CPU
		{9A920FD1-8A2E-46D5-B4B7-F005E13FB6BB}.Docker|x64.ActiveCfg = Debug|x64
		{9A920FD1-8A2E-46D5-B4B7-F005E13FB6BB}.Docker|x64.Build.0 = Debug|x64
		{9A920FD1-8A2E-46D5-B4B7-F005E13FB6BB}.gcmodeller_desktop|Any CPU.ActiveCfg = NPSearch|Any CPU
		{9A920FD1-8A2E-46D5-B4B7-F005E13FB6BB}.gcmodeller_desktop|Any CPU.Build.0 = NPSearch|Any CPU
		{9A920FD1-8A2E-46D5-B4B7-F005E13FB6BB}.gcmodeller_desktop|ARM32.ActiveCfg = Rsharp_app_release|Any CPU
		{9A920FD1-8A2E-46D5-B4B7-F005E13FB6BB}.gcmodeller_desktop|ARM32.Build.0 = Rsharp_app_release|Any CPU
		{9A920FD1-8A2E-46D5-B4B7-F005E13FB6BB}.gcmodeller_desktop|x64.ActiveCfg = Release|x64
		{9A920FD1-8A2E-46D5-B4B7-F005E13FB6BB}.gcmodeller_desktop|x64.Build.0 = Release|x64
		{9A920FD1-8A2E-46D5-B4B7-F005E13FB6BB}.LipidSearch|Any CPU.ActiveCfg = Debug|Any CPU
		{9A920FD1-8A2E-46D5-B4B7-F005E13FB6BB}.LipidSearch|Any CPU.Build.0 = Debug|Any CPU
		{9A920FD1-8A2E-46D5-B4B7-F005E13FB6BB}.LipidSearch|ARM32.ActiveCfg = LipidSearch|Any CPU
		{9A920FD1-8A2E-46D5-B4B7-F005E13FB6BB}.LipidSearch|ARM32.Build.0 = LipidSearch|Any CPU
		{9A920FD1-8A2E-46D5-B4B7-F005E13FB6BB}.LipidSearch|x64.ActiveCfg = Debug|Any CPU
		{9A920FD1-8A2E-46D5-B4B7-F005E13FB6BB}.LipidSearch|x64.Build.0 = Debug|Any CPU
		{9A920FD1-8A2E-46D5-B4B7-F005E13FB6BB}.mzkit_win32|Any CPU.ActiveCfg = mzkit_win32|Any CPU
		{9A920FD1-8A2E-46D5-B4B7-F005E13FB6BB}.mzkit_win32|Any CPU.Build.0 = mzkit_win32|Any CPU
		{9A920FD1-8A2E-46D5-B4B7-F005E13FB6BB}.mzkit_win32|ARM32.ActiveCfg = mzkit_win32|Any CPU
		{9A920FD1-8A2E-46D5-B4B7-F005E13FB6BB}.mzkit_win32|ARM32.Build.0 = mzkit_win32|Any CPU
		{9A920FD1-8A2E-46D5-B4B7-F005E13FB6BB}.mzkit_win32|x64.ActiveCfg = mzkit_win32|x64
		{9A920FD1-8A2E-46D5-B4B7-F005E13FB6BB}.mzkit_win32|x64.Build.0 = mzkit_win32|x64
		{9A920FD1-8A2E-46D5-B4B7-F005E13FB6BB}.mzkit|Any CPU.ActiveCfg = LipidSearch|Any CPU
		{9A920FD1-8A2E-46D5-B4B7-F005E13FB6BB}.mzkit|Any CPU.Build.0 = LipidSearch|Any CPU
		{9A920FD1-8A2E-46D5-B4B7-F005E13FB6BB}.mzkit|ARM32.ActiveCfg = mzkit_win32|Any CPU
		{9A920FD1-8A2E-46D5-B4B7-F005E13FB6BB}.mzkit|ARM32.Build.0 = mzkit_win32|Any CPU
		{9A920FD1-8A2E-46D5-B4B7-F005E13FB6BB}.mzkit|x64.ActiveCfg = Debug|x64
		{9A920FD1-8A2E-46D5-B4B7-F005E13FB6BB}.mzkit|x64.Build.0 = Debug|x64
		{9A920FD1-8A2E-46D5-B4B7-F005E13FB6BB}.PlantMAT|Any CPU.ActiveCfg = PlantMAT|Any CPU
		{9A920FD1-8A2E-46D5-B4B7-F005E13FB6BB}.PlantMAT|Any CPU.Build.0 = PlantMAT|Any CPU
		{9A920FD1-8A2E-46D5-B4B7-F005E13FB6BB}.PlantMAT|ARM32.ActiveCfg = PlantMAT|Any CPU
		{9A920FD1-8A2E-46D5-B4B7-F005E13FB6BB}.PlantMAT|ARM32.Build.0 = PlantMAT|Any CPU
		{9A920FD1-8A2E-46D5-B4B7-F005E13FB6BB}.PlantMAT|x64.ActiveCfg = PlantMAT|x64
		{9A920FD1-8A2E-46D5-B4B7-F005E13FB6BB}.PlantMAT|x64.Build.0 = PlantMAT|x64
		{9A920FD1-8A2E-46D5-B4B7-F005E13FB6BB}.Release|Any CPU.ActiveCfg = Release|Any CPU
		{9A920FD1-8A2E-46D5-B4B7-F005E13FB6BB}.Release|Any CPU.Build.0 = Release|Any CPU
		{9A920FD1-8A2E-46D5-B4B7-F005E13FB6BB}.Release|ARM32.ActiveCfg = Release|Any CPU
		{9A920FD1-8A2E-46D5-B4B7-F005E13FB6BB}.Release|ARM32.Build.0 = Release|Any CPU
		{9A920FD1-8A2E-46D5-B4B7-F005E13FB6BB}.Release|x64.ActiveCfg = Release|Any CPU
		{9A920FD1-8A2E-46D5-B4B7-F005E13FB6BB}.Release|x64.Build.0 = Release|Any CPU
		{9A920FD1-8A2E-46D5-B4B7-F005E13FB6BB}.Rsharp_app_release|Any CPU.ActiveCfg = Rsharp_app_release|Any CPU
		{9A920FD1-8A2E-46D5-B4B7-F005E13FB6BB}.Rsharp_app_release|Any CPU.Build.0 = Rsharp_app_release|Any CPU
		{9A920FD1-8A2E-46D5-B4B7-F005E13FB6BB}.Rsharp_app_release|ARM32.ActiveCfg = Rsharp_app_release|Any CPU
		{9A920FD1-8A2E-46D5-B4B7-F005E13FB6BB}.Rsharp_app_release|ARM32.Build.0 = Rsharp_app_release|Any CPU
		{9A920FD1-8A2E-46D5-B4B7-F005E13FB6BB}.Rsharp_app_release|x64.ActiveCfg = Rsharp_app_release|x64
		{9A920FD1-8A2E-46D5-B4B7-F005E13FB6BB}.Rsharp_app_release|x64.Build.0 = Rsharp_app_release|x64
		{6785B834-791B-4131-962E-D2FB63C10C8D}.Debug|Any CPU.ActiveCfg = Debug|Any CPU
		{6785B834-791B-4131-962E-D2FB63C10C8D}.Debug|Any CPU.Build.0 = Debug|Any CPU
		{6785B834-791B-4131-962E-D2FB63C10C8D}.Debug|ARM32.ActiveCfg = Debug|Any CPU
		{6785B834-791B-4131-962E-D2FB63C10C8D}.Debug|ARM32.Build.0 = Debug|Any CPU
		{6785B834-791B-4131-962E-D2FB63C10C8D}.Debug|x64.ActiveCfg = Debug|x64
		{6785B834-791B-4131-962E-D2FB63C10C8D}.Debug|x64.Build.0 = Debug|x64
		{6785B834-791B-4131-962E-D2FB63C10C8D}.Docker|Any CPU.ActiveCfg = Docker|Any CPU
		{6785B834-791B-4131-962E-D2FB63C10C8D}.Docker|Any CPU.Build.0 = Docker|Any CPU
		{6785B834-791B-4131-962E-D2FB63C10C8D}.Docker|ARM32.ActiveCfg = Docker|Any CPU
		{6785B834-791B-4131-962E-D2FB63C10C8D}.Docker|ARM32.Build.0 = Docker|Any CPU
		{6785B834-791B-4131-962E-D2FB63C10C8D}.Docker|x64.ActiveCfg = Docker|x64
		{6785B834-791B-4131-962E-D2FB63C10C8D}.Docker|x64.Build.0 = Docker|x64
		{6785B834-791B-4131-962E-D2FB63C10C8D}.gcmodeller_desktop|Any CPU.ActiveCfg = gcmodeller_desktop|Any CPU
		{6785B834-791B-4131-962E-D2FB63C10C8D}.gcmodeller_desktop|Any CPU.Build.0 = gcmodeller_desktop|Any CPU
		{6785B834-791B-4131-962E-D2FB63C10C8D}.gcmodeller_desktop|ARM32.ActiveCfg = gcmodeller_desktop|Any CPU
		{6785B834-791B-4131-962E-D2FB63C10C8D}.gcmodeller_desktop|ARM32.Build.0 = gcmodeller_desktop|Any CPU
		{6785B834-791B-4131-962E-D2FB63C10C8D}.gcmodeller_desktop|x64.ActiveCfg = gcmodeller_desktop|x64
		{6785B834-791B-4131-962E-D2FB63C10C8D}.gcmodeller_desktop|x64.Build.0 = gcmodeller_desktop|x64
		{6785B834-791B-4131-962E-D2FB63C10C8D}.LipidSearch|Any CPU.ActiveCfg = LipidSearch|Any CPU
		{6785B834-791B-4131-962E-D2FB63C10C8D}.LipidSearch|Any CPU.Build.0 = LipidSearch|Any CPU
		{6785B834-791B-4131-962E-D2FB63C10C8D}.LipidSearch|ARM32.ActiveCfg = LipidSearch|Any CPU
		{6785B834-791B-4131-962E-D2FB63C10C8D}.LipidSearch|ARM32.Build.0 = LipidSearch|Any CPU
		{6785B834-791B-4131-962E-D2FB63C10C8D}.LipidSearch|x64.ActiveCfg = LipidSearch|x64
		{6785B834-791B-4131-962E-D2FB63C10C8D}.LipidSearch|x64.Build.0 = LipidSearch|x64
		{6785B834-791B-4131-962E-D2FB63C10C8D}.mzkit_win32|Any CPU.ActiveCfg = mzkit_win32|Any CPU
		{6785B834-791B-4131-962E-D2FB63C10C8D}.mzkit_win32|Any CPU.Build.0 = mzkit_win32|Any CPU
		{6785B834-791B-4131-962E-D2FB63C10C8D}.mzkit_win32|ARM32.ActiveCfg = mzkit_win32|Any CPU
		{6785B834-791B-4131-962E-D2FB63C10C8D}.mzkit_win32|ARM32.Build.0 = mzkit_win32|Any CPU
		{6785B834-791B-4131-962E-D2FB63C10C8D}.mzkit_win32|x64.ActiveCfg = mzkit_win32|x64
		{6785B834-791B-4131-962E-D2FB63C10C8D}.mzkit_win32|x64.Build.0 = mzkit_win32|x64
		{6785B834-791B-4131-962E-D2FB63C10C8D}.mzkit|Any CPU.ActiveCfg = mzkit|Any CPU
		{6785B834-791B-4131-962E-D2FB63C10C8D}.mzkit|Any CPU.Build.0 = mzkit|Any CPU
		{6785B834-791B-4131-962E-D2FB63C10C8D}.mzkit|ARM32.ActiveCfg = mzkit|Any CPU
		{6785B834-791B-4131-962E-D2FB63C10C8D}.mzkit|ARM32.Build.0 = mzkit|Any CPU
		{6785B834-791B-4131-962E-D2FB63C10C8D}.mzkit|x64.ActiveCfg = mzkit|x64
		{6785B834-791B-4131-962E-D2FB63C10C8D}.mzkit|x64.Build.0 = mzkit|x64
		{6785B834-791B-4131-962E-D2FB63C10C8D}.PlantMAT|Any CPU.ActiveCfg = PlantMAT|Any CPU
		{6785B834-791B-4131-962E-D2FB63C10C8D}.PlantMAT|Any CPU.Build.0 = PlantMAT|Any CPU
		{6785B834-791B-4131-962E-D2FB63C10C8D}.PlantMAT|ARM32.ActiveCfg = PlantMAT|Any CPU
		{6785B834-791B-4131-962E-D2FB63C10C8D}.PlantMAT|ARM32.Build.0 = PlantMAT|Any CPU
		{6785B834-791B-4131-962E-D2FB63C10C8D}.PlantMAT|x64.ActiveCfg = PlantMAT|x64
		{6785B834-791B-4131-962E-D2FB63C10C8D}.PlantMAT|x64.Build.0 = PlantMAT|x64
		{6785B834-791B-4131-962E-D2FB63C10C8D}.Release|Any CPU.ActiveCfg = Release|Any CPU
		{6785B834-791B-4131-962E-D2FB63C10C8D}.Release|Any CPU.Build.0 = Release|Any CPU
		{6785B834-791B-4131-962E-D2FB63C10C8D}.Release|ARM32.ActiveCfg = Release|Any CPU
		{6785B834-791B-4131-962E-D2FB63C10C8D}.Release|ARM32.Build.0 = Release|Any CPU
		{6785B834-791B-4131-962E-D2FB63C10C8D}.Release|x64.ActiveCfg = Release|x64
		{6785B834-791B-4131-962E-D2FB63C10C8D}.Release|x64.Build.0 = Release|x64
		{6785B834-791B-4131-962E-D2FB63C10C8D}.Rsharp_app_release|Any CPU.ActiveCfg = Rsharp_app_release|Any CPU
		{6785B834-791B-4131-962E-D2FB63C10C8D}.Rsharp_app_release|Any CPU.Build.0 = Rsharp_app_release|Any CPU
		{6785B834-791B-4131-962E-D2FB63C10C8D}.Rsharp_app_release|ARM32.ActiveCfg = Rsharp_app_release|Any CPU
		{6785B834-791B-4131-962E-D2FB63C10C8D}.Rsharp_app_release|ARM32.Build.0 = Rsharp_app_release|Any CPU
		{6785B834-791B-4131-962E-D2FB63C10C8D}.Rsharp_app_release|x64.ActiveCfg = Rsharp_app_release|x64
		{6785B834-791B-4131-962E-D2FB63C10C8D}.Rsharp_app_release|x64.Build.0 = Rsharp_app_release|x64
		{EE6041C5-9C9F-4F73-A3B1-5B4FA18927E1}.Debug|Any CPU.ActiveCfg = Debug|Any CPU
		{EE6041C5-9C9F-4F73-A3B1-5B4FA18927E1}.Debug|Any CPU.Build.0 = Debug|Any CPU
		{EE6041C5-9C9F-4F73-A3B1-5B4FA18927E1}.Debug|ARM32.ActiveCfg = Debug|Any CPU
		{EE6041C5-9C9F-4F73-A3B1-5B4FA18927E1}.Debug|ARM32.Build.0 = Debug|Any CPU
		{EE6041C5-9C9F-4F73-A3B1-5B4FA18927E1}.Debug|x64.ActiveCfg = Debug|x64
		{EE6041C5-9C9F-4F73-A3B1-5B4FA18927E1}.Debug|x64.Build.0 = Debug|x64
		{EE6041C5-9C9F-4F73-A3B1-5B4FA18927E1}.Docker|Any CPU.ActiveCfg = Docker|Any CPU
		{EE6041C5-9C9F-4F73-A3B1-5B4FA18927E1}.Docker|Any CPU.Build.0 = Docker|Any CPU
		{EE6041C5-9C9F-4F73-A3B1-5B4FA18927E1}.Docker|ARM32.ActiveCfg = Docker|Any CPU
		{EE6041C5-9C9F-4F73-A3B1-5B4FA18927E1}.Docker|ARM32.Build.0 = Docker|Any CPU
		{EE6041C5-9C9F-4F73-A3B1-5B4FA18927E1}.Docker|x64.ActiveCfg = Docker|x64
		{EE6041C5-9C9F-4F73-A3B1-5B4FA18927E1}.Docker|x64.Build.0 = Docker|x64
		{EE6041C5-9C9F-4F73-A3B1-5B4FA18927E1}.gcmodeller_desktop|Any CPU.ActiveCfg = gcmodeller_desktop|Any CPU
		{EE6041C5-9C9F-4F73-A3B1-5B4FA18927E1}.gcmodeller_desktop|Any CPU.Build.0 = gcmodeller_desktop|Any CPU
		{EE6041C5-9C9F-4F73-A3B1-5B4FA18927E1}.gcmodeller_desktop|ARM32.ActiveCfg = gcmodeller_desktop|Any CPU
		{EE6041C5-9C9F-4F73-A3B1-5B4FA18927E1}.gcmodeller_desktop|ARM32.Build.0 = gcmodeller_desktop|Any CPU
		{EE6041C5-9C9F-4F73-A3B1-5B4FA18927E1}.gcmodeller_desktop|x64.ActiveCfg = gcmodeller_desktop|x64
		{EE6041C5-9C9F-4F73-A3B1-5B4FA18927E1}.gcmodeller_desktop|x64.Build.0 = gcmodeller_desktop|x64
		{EE6041C5-9C9F-4F73-A3B1-5B4FA18927E1}.LipidSearch|Any CPU.ActiveCfg = Debug|Any CPU
		{EE6041C5-9C9F-4F73-A3B1-5B4FA18927E1}.LipidSearch|Any CPU.Build.0 = Debug|Any CPU
		{EE6041C5-9C9F-4F73-A3B1-5B4FA18927E1}.LipidSearch|ARM32.ActiveCfg = LipidSearch|Any CPU
		{EE6041C5-9C9F-4F73-A3B1-5B4FA18927E1}.LipidSearch|ARM32.Build.0 = LipidSearch|Any CPU
		{EE6041C5-9C9F-4F73-A3B1-5B4FA18927E1}.LipidSearch|x64.ActiveCfg = Debug|x64
		{EE6041C5-9C9F-4F73-A3B1-5B4FA18927E1}.LipidSearch|x64.Build.0 = Debug|x64
		{EE6041C5-9C9F-4F73-A3B1-5B4FA18927E1}.mzkit_win32|Any CPU.ActiveCfg = mzkit_win32|Any CPU
		{EE6041C5-9C9F-4F73-A3B1-5B4FA18927E1}.mzkit_win32|Any CPU.Build.0 = mzkit_win32|Any CPU
		{EE6041C5-9C9F-4F73-A3B1-5B4FA18927E1}.mzkit_win32|ARM32.ActiveCfg = mzkit_win32|Any CPU
		{EE6041C5-9C9F-4F73-A3B1-5B4FA18927E1}.mzkit_win32|ARM32.Build.0 = mzkit_win32|Any CPU
		{EE6041C5-9C9F-4F73-A3B1-5B4FA18927E1}.mzkit_win32|x64.ActiveCfg = mzkit_win32|x64
		{EE6041C5-9C9F-4F73-A3B1-5B4FA18927E1}.mzkit_win32|x64.Build.0 = mzkit_win32|x64
		{EE6041C5-9C9F-4F73-A3B1-5B4FA18927E1}.mzkit|Any CPU.ActiveCfg = PlantMAT|Any CPU
		{EE6041C5-9C9F-4F73-A3B1-5B4FA18927E1}.mzkit|Any CPU.Build.0 = PlantMAT|Any CPU
		{EE6041C5-9C9F-4F73-A3B1-5B4FA18927E1}.mzkit|ARM32.ActiveCfg = mzkit_win32|Any CPU
		{EE6041C5-9C9F-4F73-A3B1-5B4FA18927E1}.mzkit|ARM32.Build.0 = mzkit_win32|Any CPU
		{EE6041C5-9C9F-4F73-A3B1-5B4FA18927E1}.mzkit|x64.ActiveCfg = PlantMAT|x64
		{EE6041C5-9C9F-4F73-A3B1-5B4FA18927E1}.mzkit|x64.Build.0 = PlantMAT|x64
		{EE6041C5-9C9F-4F73-A3B1-5B4FA18927E1}.PlantMAT|Any CPU.ActiveCfg = PlantMAT|Any CPU
		{EE6041C5-9C9F-4F73-A3B1-5B4FA18927E1}.PlantMAT|Any CPU.Build.0 = PlantMAT|Any CPU
		{EE6041C5-9C9F-4F73-A3B1-5B4FA18927E1}.PlantMAT|ARM32.ActiveCfg = PlantMAT|Any CPU
		{EE6041C5-9C9F-4F73-A3B1-5B4FA18927E1}.PlantMAT|ARM32.Build.0 = PlantMAT|Any CPU
		{EE6041C5-9C9F-4F73-A3B1-5B4FA18927E1}.PlantMAT|x64.ActiveCfg = PlantMAT|x64
		{EE6041C5-9C9F-4F73-A3B1-5B4FA18927E1}.PlantMAT|x64.Build.0 = PlantMAT|x64
		{EE6041C5-9C9F-4F73-A3B1-5B4FA18927E1}.Release|Any CPU.ActiveCfg = Release|Any CPU
		{EE6041C5-9C9F-4F73-A3B1-5B4FA18927E1}.Release|Any CPU.Build.0 = Release|Any CPU
		{EE6041C5-9C9F-4F73-A3B1-5B4FA18927E1}.Release|ARM32.ActiveCfg = Release|Any CPU
		{EE6041C5-9C9F-4F73-A3B1-5B4FA18927E1}.Release|ARM32.Build.0 = Release|Any CPU
		{EE6041C5-9C9F-4F73-A3B1-5B4FA18927E1}.Release|x64.ActiveCfg = Release|x64
		{EE6041C5-9C9F-4F73-A3B1-5B4FA18927E1}.Release|x64.Build.0 = Release|x64
		{EE6041C5-9C9F-4F73-A3B1-5B4FA18927E1}.Rsharp_app_release|Any CPU.ActiveCfg = Rsharp_app_release|Any CPU
		{EE6041C5-9C9F-4F73-A3B1-5B4FA18927E1}.Rsharp_app_release|Any CPU.Build.0 = Rsharp_app_release|Any CPU
		{EE6041C5-9C9F-4F73-A3B1-5B4FA18927E1}.Rsharp_app_release|ARM32.ActiveCfg = Rsharp_app_release|Any CPU
		{EE6041C5-9C9F-4F73-A3B1-5B4FA18927E1}.Rsharp_app_release|ARM32.Build.0 = Rsharp_app_release|Any CPU
		{EE6041C5-9C9F-4F73-A3B1-5B4FA18927E1}.Rsharp_app_release|x64.ActiveCfg = Rsharp_app_release|x64
		{EE6041C5-9C9F-4F73-A3B1-5B4FA18927E1}.Rsharp_app_release|x64.Build.0 = Rsharp_app_release|x64
		{140F878E-B280-4AC2-8BCA-CF5806B2EB4E}.Debug|Any CPU.ActiveCfg = Debug|Any CPU
		{140F878E-B280-4AC2-8BCA-CF5806B2EB4E}.Debug|Any CPU.Build.0 = Debug|Any CPU
		{140F878E-B280-4AC2-8BCA-CF5806B2EB4E}.Debug|ARM32.ActiveCfg = Debug|Any CPU
		{140F878E-B280-4AC2-8BCA-CF5806B2EB4E}.Debug|ARM32.Build.0 = Debug|Any CPU
		{140F878E-B280-4AC2-8BCA-CF5806B2EB4E}.Debug|x64.ActiveCfg = Debug|x64
		{140F878E-B280-4AC2-8BCA-CF5806B2EB4E}.Debug|x64.Build.0 = Debug|x64
		{140F878E-B280-4AC2-8BCA-CF5806B2EB4E}.Docker|Any CPU.ActiveCfg = Docker|Any CPU
		{140F878E-B280-4AC2-8BCA-CF5806B2EB4E}.Docker|Any CPU.Build.0 = Docker|Any CPU
		{140F878E-B280-4AC2-8BCA-CF5806B2EB4E}.Docker|ARM32.ActiveCfg = Docker|Any CPU
		{140F878E-B280-4AC2-8BCA-CF5806B2EB4E}.Docker|ARM32.Build.0 = Docker|Any CPU
		{140F878E-B280-4AC2-8BCA-CF5806B2EB4E}.Docker|x64.ActiveCfg = Docker|x64
		{140F878E-B280-4AC2-8BCA-CF5806B2EB4E}.Docker|x64.Build.0 = Docker|x64
		{140F878E-B280-4AC2-8BCA-CF5806B2EB4E}.gcmodeller_desktop|Any CPU.ActiveCfg = gcmodeller_desktop|Any CPU
		{140F878E-B280-4AC2-8BCA-CF5806B2EB4E}.gcmodeller_desktop|Any CPU.Build.0 = gcmodeller_desktop|Any CPU
		{140F878E-B280-4AC2-8BCA-CF5806B2EB4E}.gcmodeller_desktop|ARM32.ActiveCfg = gcmodeller_desktop|Any CPU
		{140F878E-B280-4AC2-8BCA-CF5806B2EB4E}.gcmodeller_desktop|ARM32.Build.0 = gcmodeller_desktop|Any CPU
		{140F878E-B280-4AC2-8BCA-CF5806B2EB4E}.gcmodeller_desktop|x64.ActiveCfg = gcmodeller_desktop|x64
		{140F878E-B280-4AC2-8BCA-CF5806B2EB4E}.gcmodeller_desktop|x64.Build.0 = gcmodeller_desktop|x64
		{140F878E-B280-4AC2-8BCA-CF5806B2EB4E}.LipidSearch|Any CPU.ActiveCfg = Debug|Any CPU
		{140F878E-B280-4AC2-8BCA-CF5806B2EB4E}.LipidSearch|Any CPU.Build.0 = Debug|Any CPU
		{140F878E-B280-4AC2-8BCA-CF5806B2EB4E}.LipidSearch|ARM32.ActiveCfg = LipidSearch|Any CPU
		{140F878E-B280-4AC2-8BCA-CF5806B2EB4E}.LipidSearch|ARM32.Build.0 = LipidSearch|Any CPU
		{140F878E-B280-4AC2-8BCA-CF5806B2EB4E}.LipidSearch|x64.ActiveCfg = Debug|Any CPU
		{140F878E-B280-4AC2-8BCA-CF5806B2EB4E}.LipidSearch|x64.Build.0 = Debug|Any CPU
		{140F878E-B280-4AC2-8BCA-CF5806B2EB4E}.mzkit_win32|Any CPU.ActiveCfg = mzkit_win32|Any CPU
		{140F878E-B280-4AC2-8BCA-CF5806B2EB4E}.mzkit_win32|Any CPU.Build.0 = mzkit_win32|Any CPU
		{140F878E-B280-4AC2-8BCA-CF5806B2EB4E}.mzkit_win32|ARM32.ActiveCfg = mzkit_win32|Any CPU
		{140F878E-B280-4AC2-8BCA-CF5806B2EB4E}.mzkit_win32|ARM32.Build.0 = mzkit_win32|Any CPU
		{140F878E-B280-4AC2-8BCA-CF5806B2EB4E}.mzkit_win32|x64.ActiveCfg = mzkit_win32|x64
		{140F878E-B280-4AC2-8BCA-CF5806B2EB4E}.mzkit_win32|x64.Build.0 = mzkit_win32|x64
		{140F878E-B280-4AC2-8BCA-CF5806B2EB4E}.mzkit|Any CPU.ActiveCfg = LipidSearch|Any CPU
		{140F878E-B280-4AC2-8BCA-CF5806B2EB4E}.mzkit|Any CPU.Build.0 = LipidSearch|Any CPU
		{140F878E-B280-4AC2-8BCA-CF5806B2EB4E}.mzkit|ARM32.ActiveCfg = mzkit_win32|Any CPU
		{140F878E-B280-4AC2-8BCA-CF5806B2EB4E}.mzkit|ARM32.Build.0 = mzkit_win32|Any CPU
		{140F878E-B280-4AC2-8BCA-CF5806B2EB4E}.mzkit|x64.ActiveCfg = Debug|x64
		{140F878E-B280-4AC2-8BCA-CF5806B2EB4E}.mzkit|x64.Build.0 = Debug|x64
		{140F878E-B280-4AC2-8BCA-CF5806B2EB4E}.PlantMAT|Any CPU.ActiveCfg = PlantMAT|Any CPU
		{140F878E-B280-4AC2-8BCA-CF5806B2EB4E}.PlantMAT|Any CPU.Build.0 = PlantMAT|Any CPU
		{140F878E-B280-4AC2-8BCA-CF5806B2EB4E}.PlantMAT|ARM32.ActiveCfg = PlantMAT|Any CPU
		{140F878E-B280-4AC2-8BCA-CF5806B2EB4E}.PlantMAT|ARM32.Build.0 = PlantMAT|Any CPU
		{140F878E-B280-4AC2-8BCA-CF5806B2EB4E}.PlantMAT|x64.ActiveCfg = PlantMAT|x64
		{140F878E-B280-4AC2-8BCA-CF5806B2EB4E}.PlantMAT|x64.Build.0 = PlantMAT|x64
		{140F878E-B280-4AC2-8BCA-CF5806B2EB4E}.Release|Any CPU.ActiveCfg = Release|Any CPU
		{140F878E-B280-4AC2-8BCA-CF5806B2EB4E}.Release|Any CPU.Build.0 = Release|Any CPU
		{140F878E-B280-4AC2-8BCA-CF5806B2EB4E}.Release|ARM32.ActiveCfg = Release|Any CPU
		{140F878E-B280-4AC2-8BCA-CF5806B2EB4E}.Release|ARM32.Build.0 = Release|Any CPU
		{140F878E-B280-4AC2-8BCA-CF5806B2EB4E}.Release|x64.ActiveCfg = Release|Any CPU
		{140F878E-B280-4AC2-8BCA-CF5806B2EB4E}.Release|x64.Build.0 = Release|Any CPU
		{140F878E-B280-4AC2-8BCA-CF5806B2EB4E}.Rsharp_app_release|Any CPU.ActiveCfg = Rsharp_app_release|Any CPU
		{140F878E-B280-4AC2-8BCA-CF5806B2EB4E}.Rsharp_app_release|Any CPU.Build.0 = Rsharp_app_release|Any CPU
		{140F878E-B280-4AC2-8BCA-CF5806B2EB4E}.Rsharp_app_release|ARM32.ActiveCfg = Rsharp_app_release|Any CPU
		{140F878E-B280-4AC2-8BCA-CF5806B2EB4E}.Rsharp_app_release|ARM32.Build.0 = Rsharp_app_release|Any CPU
		{140F878E-B280-4AC2-8BCA-CF5806B2EB4E}.Rsharp_app_release|x64.ActiveCfg = Rsharp_app_release|x64
		{140F878E-B280-4AC2-8BCA-CF5806B2EB4E}.Rsharp_app_release|x64.Build.0 = Rsharp_app_release|x64
		{E175E918-489C-4CC0-B4D9-86A433E14B80}.Debug|Any CPU.ActiveCfg = Debug|Any CPU
		{E175E918-489C-4CC0-B4D9-86A433E14B80}.Debug|Any CPU.Build.0 = Debug|Any CPU
		{E175E918-489C-4CC0-B4D9-86A433E14B80}.Debug|ARM32.ActiveCfg = Debug|Any CPU
		{E175E918-489C-4CC0-B4D9-86A433E14B80}.Debug|ARM32.Build.0 = Debug|Any CPU
		{E175E918-489C-4CC0-B4D9-86A433E14B80}.Debug|x64.ActiveCfg = Debug|x64
		{E175E918-489C-4CC0-B4D9-86A433E14B80}.Debug|x64.Build.0 = Debug|x64
		{E175E918-489C-4CC0-B4D9-86A433E14B80}.Docker|Any CPU.ActiveCfg = Debug|Any CPU
		{E175E918-489C-4CC0-B4D9-86A433E14B80}.Docker|Any CPU.Build.0 = Debug|Any CPU
		{E175E918-489C-4CC0-B4D9-86A433E14B80}.Docker|ARM32.ActiveCfg = Debug|Any CPU
		{E175E918-489C-4CC0-B4D9-86A433E14B80}.Docker|ARM32.Build.0 = Debug|Any CPU
		{E175E918-489C-4CC0-B4D9-86A433E14B80}.Docker|x64.ActiveCfg = Debug|x64
		{E175E918-489C-4CC0-B4D9-86A433E14B80}.Docker|x64.Build.0 = Debug|x64
		{E175E918-489C-4CC0-B4D9-86A433E14B80}.gcmodeller_desktop|Any CPU.ActiveCfg = gcmodeller_desktop|Any CPU
		{E175E918-489C-4CC0-B4D9-86A433E14B80}.gcmodeller_desktop|Any CPU.Build.0 = gcmodeller_desktop|Any CPU
		{E175E918-489C-4CC0-B4D9-86A433E14B80}.gcmodeller_desktop|ARM32.ActiveCfg = gcmodeller_desktop|Any CPU
		{E175E918-489C-4CC0-B4D9-86A433E14B80}.gcmodeller_desktop|ARM32.Build.0 = gcmodeller_desktop|Any CPU
		{E175E918-489C-4CC0-B4D9-86A433E14B80}.gcmodeller_desktop|x64.ActiveCfg = gcmodeller_desktop|x64
		{E175E918-489C-4CC0-B4D9-86A433E14B80}.gcmodeller_desktop|x64.Build.0 = gcmodeller_desktop|x64
		{E175E918-489C-4CC0-B4D9-86A433E14B80}.LipidSearch|Any CPU.ActiveCfg = LipidSearch|Any CPU
		{E175E918-489C-4CC0-B4D9-86A433E14B80}.LipidSearch|Any CPU.Build.0 = LipidSearch|Any CPU
		{E175E918-489C-4CC0-B4D9-86A433E14B80}.LipidSearch|ARM32.ActiveCfg = LipidSearch|Any CPU
		{E175E918-489C-4CC0-B4D9-86A433E14B80}.LipidSearch|ARM32.Build.0 = LipidSearch|Any CPU
		{E175E918-489C-4CC0-B4D9-86A433E14B80}.LipidSearch|x64.ActiveCfg = LipidSearch|x64
		{E175E918-489C-4CC0-B4D9-86A433E14B80}.LipidSearch|x64.Build.0 = LipidSearch|x64
		{E175E918-489C-4CC0-B4D9-86A433E14B80}.mzkit_win32|Any CPU.ActiveCfg = mzkit|Any CPU
		{E175E918-489C-4CC0-B4D9-86A433E14B80}.mzkit_win32|Any CPU.Build.0 = mzkit|Any CPU
		{E175E918-489C-4CC0-B4D9-86A433E14B80}.mzkit_win32|ARM32.ActiveCfg = mzkit|Any CPU
		{E175E918-489C-4CC0-B4D9-86A433E14B80}.mzkit_win32|ARM32.Build.0 = mzkit|Any CPU
		{E175E918-489C-4CC0-B4D9-86A433E14B80}.mzkit_win32|x64.ActiveCfg = mzkit|x64
		{E175E918-489C-4CC0-B4D9-86A433E14B80}.mzkit_win32|x64.Build.0 = mzkit|x64
		{E175E918-489C-4CC0-B4D9-86A433E14B80}.mzkit|Any CPU.ActiveCfg = mzkit|Any CPU
		{E175E918-489C-4CC0-B4D9-86A433E14B80}.mzkit|Any CPU.Build.0 = mzkit|Any CPU
		{E175E918-489C-4CC0-B4D9-86A433E14B80}.mzkit|ARM32.ActiveCfg = mzkit|Any CPU
		{E175E918-489C-4CC0-B4D9-86A433E14B80}.mzkit|ARM32.Build.0 = mzkit|Any CPU
		{E175E918-489C-4CC0-B4D9-86A433E14B80}.mzkit|x64.ActiveCfg = mzkit|x64
		{E175E918-489C-4CC0-B4D9-86A433E14B80}.mzkit|x64.Build.0 = mzkit|x64
		{E175E918-489C-4CC0-B4D9-86A433E14B80}.PlantMAT|Any CPU.ActiveCfg = PlantMAT|Any CPU
		{E175E918-489C-4CC0-B4D9-86A433E14B80}.PlantMAT|Any CPU.Build.0 = PlantMAT|Any CPU
		{E175E918-489C-4CC0-B4D9-86A433E14B80}.PlantMAT|ARM32.ActiveCfg = PlantMAT|Any CPU
		{E175E918-489C-4CC0-B4D9-86A433E14B80}.PlantMAT|ARM32.Build.0 = PlantMAT|Any CPU
		{E175E918-489C-4CC0-B4D9-86A433E14B80}.PlantMAT|x64.ActiveCfg = PlantMAT|x64
		{E175E918-489C-4CC0-B4D9-86A433E14B80}.PlantMAT|x64.Build.0 = PlantMAT|x64
		{E175E918-489C-4CC0-B4D9-86A433E14B80}.Release|Any CPU.ActiveCfg = Release|Any CPU
		{E175E918-489C-4CC0-B4D9-86A433E14B80}.Release|Any CPU.Build.0 = Release|Any CPU
		{E175E918-489C-4CC0-B4D9-86A433E14B80}.Release|ARM32.ActiveCfg = Release|Any CPU
		{E175E918-489C-4CC0-B4D9-86A433E14B80}.Release|ARM32.Build.0 = Release|Any CPU
		{E175E918-489C-4CC0-B4D9-86A433E14B80}.Release|x64.ActiveCfg = Release|x64
		{E175E918-489C-4CC0-B4D9-86A433E14B80}.Release|x64.Build.0 = Release|x64
		{E175E918-489C-4CC0-B4D9-86A433E14B80}.Rsharp_app_release|Any CPU.ActiveCfg = Rsharp_app_release|Any CPU
		{E175E918-489C-4CC0-B4D9-86A433E14B80}.Rsharp_app_release|Any CPU.Build.0 = Rsharp_app_release|Any CPU
		{E175E918-489C-4CC0-B4D9-86A433E14B80}.Rsharp_app_release|ARM32.ActiveCfg = Rsharp_app_release|Any CPU
		{E175E918-489C-4CC0-B4D9-86A433E14B80}.Rsharp_app_release|ARM32.Build.0 = Rsharp_app_release|Any CPU
		{E175E918-489C-4CC0-B4D9-86A433E14B80}.Rsharp_app_release|x64.ActiveCfg = Rsharp_app_release|x64
		{E175E918-489C-4CC0-B4D9-86A433E14B80}.Rsharp_app_release|x64.Build.0 = Rsharp_app_release|x64
		{009941F3-5FDF-4AEB-9AA1-7838FE3B5056}.Debug|Any CPU.ActiveCfg = Debug|Any CPU
		{009941F3-5FDF-4AEB-9AA1-7838FE3B5056}.Debug|Any CPU.Build.0 = Debug|Any CPU
		{009941F3-5FDF-4AEB-9AA1-7838FE3B5056}.Debug|ARM32.ActiveCfg = Debug|Any CPU
		{009941F3-5FDF-4AEB-9AA1-7838FE3B5056}.Debug|ARM32.Build.0 = Debug|Any CPU
		{009941F3-5FDF-4AEB-9AA1-7838FE3B5056}.Debug|x64.ActiveCfg = Debug|x64
		{009941F3-5FDF-4AEB-9AA1-7838FE3B5056}.Debug|x64.Build.0 = Debug|x64
		{009941F3-5FDF-4AEB-9AA1-7838FE3B5056}.Docker|Any CPU.ActiveCfg = Debug|Any CPU
		{009941F3-5FDF-4AEB-9AA1-7838FE3B5056}.Docker|Any CPU.Build.0 = Debug|Any CPU
		{009941F3-5FDF-4AEB-9AA1-7838FE3B5056}.Docker|ARM32.ActiveCfg = Debug|Any CPU
		{009941F3-5FDF-4AEB-9AA1-7838FE3B5056}.Docker|ARM32.Build.0 = Debug|Any CPU
		{009941F3-5FDF-4AEB-9AA1-7838FE3B5056}.Docker|x64.ActiveCfg = Debug|x64
		{009941F3-5FDF-4AEB-9AA1-7838FE3B5056}.Docker|x64.Build.0 = Debug|x64
		{009941F3-5FDF-4AEB-9AA1-7838FE3B5056}.gcmodeller_desktop|Any CPU.ActiveCfg = Release|Any CPU
		{009941F3-5FDF-4AEB-9AA1-7838FE3B5056}.gcmodeller_desktop|Any CPU.Build.0 = Release|Any CPU
		{009941F3-5FDF-4AEB-9AA1-7838FE3B5056}.gcmodeller_desktop|ARM32.ActiveCfg = Rsharp_app_release|Any CPU
		{009941F3-5FDF-4AEB-9AA1-7838FE3B5056}.gcmodeller_desktop|ARM32.Build.0 = Rsharp_app_release|Any CPU
		{009941F3-5FDF-4AEB-9AA1-7838FE3B5056}.gcmodeller_desktop|x64.ActiveCfg = Release|x64
		{009941F3-5FDF-4AEB-9AA1-7838FE3B5056}.gcmodeller_desktop|x64.Build.0 = Release|x64
		{009941F3-5FDF-4AEB-9AA1-7838FE3B5056}.LipidSearch|Any CPU.ActiveCfg = Debug|Any CPU
		{009941F3-5FDF-4AEB-9AA1-7838FE3B5056}.LipidSearch|Any CPU.Build.0 = Debug|Any CPU
		{009941F3-5FDF-4AEB-9AA1-7838FE3B5056}.LipidSearch|ARM32.ActiveCfg = Rsharp_app_release|Any CPU
		{009941F3-5FDF-4AEB-9AA1-7838FE3B5056}.LipidSearch|ARM32.Build.0 = Rsharp_app_release|Any CPU
		{009941F3-5FDF-4AEB-9AA1-7838FE3B5056}.LipidSearch|x64.ActiveCfg = Debug|Any CPU
		{009941F3-5FDF-4AEB-9AA1-7838FE3B5056}.LipidSearch|x64.Build.0 = Debug|Any CPU
		{009941F3-5FDF-4AEB-9AA1-7838FE3B5056}.mzkit_win32|Any CPU.ActiveCfg = Release|Any CPU
		{009941F3-5FDF-4AEB-9AA1-7838FE3B5056}.mzkit_win32|Any CPU.Build.0 = Release|Any CPU
		{009941F3-5FDF-4AEB-9AA1-7838FE3B5056}.mzkit_win32|ARM32.ActiveCfg = Rsharp_app_release|Any CPU
		{009941F3-5FDF-4AEB-9AA1-7838FE3B5056}.mzkit_win32|ARM32.Build.0 = Rsharp_app_release|Any CPU
		{009941F3-5FDF-4AEB-9AA1-7838FE3B5056}.mzkit_win32|x64.ActiveCfg = Release|x64
		{009941F3-5FDF-4AEB-9AA1-7838FE3B5056}.mzkit_win32|x64.Build.0 = Release|x64
		{009941F3-5FDF-4AEB-9AA1-7838FE3B5056}.mzkit|Any CPU.ActiveCfg = Rsharp_app_release|Any CPU
		{009941F3-5FDF-4AEB-9AA1-7838FE3B5056}.mzkit|Any CPU.Build.0 = Rsharp_app_release|Any CPU
		{009941F3-5FDF-4AEB-9AA1-7838FE3B5056}.mzkit|ARM32.ActiveCfg = Rsharp_app_release|Any CPU
		{009941F3-5FDF-4AEB-9AA1-7838FE3B5056}.mzkit|ARM32.Build.0 = Rsharp_app_release|Any CPU
		{009941F3-5FDF-4AEB-9AA1-7838FE3B5056}.mzkit|x64.ActiveCfg = Debug|x64
		{009941F3-5FDF-4AEB-9AA1-7838FE3B5056}.mzkit|x64.Build.0 = Debug|x64
		{009941F3-5FDF-4AEB-9AA1-7838FE3B5056}.PlantMAT|Any CPU.ActiveCfg = Rsharp_app_release|Any CPU
		{009941F3-5FDF-4AEB-9AA1-7838FE3B5056}.PlantMAT|Any CPU.Build.0 = Rsharp_app_release|Any CPU
		{009941F3-5FDF-4AEB-9AA1-7838FE3B5056}.PlantMAT|ARM32.ActiveCfg = Rsharp_app_release|Any CPU
		{009941F3-5FDF-4AEB-9AA1-7838FE3B5056}.PlantMAT|ARM32.Build.0 = Rsharp_app_release|Any CPU
		{009941F3-5FDF-4AEB-9AA1-7838FE3B5056}.PlantMAT|x64.ActiveCfg = Debug|x64
		{009941F3-5FDF-4AEB-9AA1-7838FE3B5056}.PlantMAT|x64.Build.0 = Debug|x64
		{009941F3-5FDF-4AEB-9AA1-7838FE3B5056}.Release|Any CPU.ActiveCfg = Release|Any CPU
		{009941F3-5FDF-4AEB-9AA1-7838FE3B5056}.Release|Any CPU.Build.0 = Release|Any CPU
		{009941F3-5FDF-4AEB-9AA1-7838FE3B5056}.Release|ARM32.ActiveCfg = Release|Any CPU
		{009941F3-5FDF-4AEB-9AA1-7838FE3B5056}.Release|ARM32.Build.0 = Release|Any CPU
		{009941F3-5FDF-4AEB-9AA1-7838FE3B5056}.Release|x64.ActiveCfg = Release|Any CPU
		{009941F3-5FDF-4AEB-9AA1-7838FE3B5056}.Release|x64.Build.0 = Release|Any CPU
		{009941F3-5FDF-4AEB-9AA1-7838FE3B5056}.Rsharp_app_release|Any CPU.ActiveCfg = Rsharp_app_release|Any CPU
		{009941F3-5FDF-4AEB-9AA1-7838FE3B5056}.Rsharp_app_release|Any CPU.Build.0 = Rsharp_app_release|Any CPU
		{009941F3-5FDF-4AEB-9AA1-7838FE3B5056}.Rsharp_app_release|ARM32.ActiveCfg = Rsharp_app_release|Any CPU
		{009941F3-5FDF-4AEB-9AA1-7838FE3B5056}.Rsharp_app_release|ARM32.Build.0 = Rsharp_app_release|Any CPU
		{009941F3-5FDF-4AEB-9AA1-7838FE3B5056}.Rsharp_app_release|x64.ActiveCfg = Rsharp_app_release|x64
		{009941F3-5FDF-4AEB-9AA1-7838FE3B5056}.Rsharp_app_release|x64.Build.0 = Rsharp_app_release|x64
		{562D7D41-C5E9-4748-BAA0-E58E831D8E2E}.Debug|Any CPU.ActiveCfg = Debug|Any CPU
		{562D7D41-C5E9-4748-BAA0-E58E831D8E2E}.Debug|Any CPU.Build.0 = Debug|Any CPU
		{562D7D41-C5E9-4748-BAA0-E58E831D8E2E}.Debug|ARM32.ActiveCfg = Debug|Any CPU
		{562D7D41-C5E9-4748-BAA0-E58E831D8E2E}.Debug|ARM32.Build.0 = Debug|Any CPU
		{562D7D41-C5E9-4748-BAA0-E58E831D8E2E}.Debug|x64.ActiveCfg = Debug|x64
		{562D7D41-C5E9-4748-BAA0-E58E831D8E2E}.Debug|x64.Build.0 = Debug|x64
		{562D7D41-C5E9-4748-BAA0-E58E831D8E2E}.Docker|Any CPU.ActiveCfg = Docker|Any CPU
		{562D7D41-C5E9-4748-BAA0-E58E831D8E2E}.Docker|Any CPU.Build.0 = Docker|Any CPU
		{562D7D41-C5E9-4748-BAA0-E58E831D8E2E}.Docker|ARM32.ActiveCfg = Docker|Any CPU
		{562D7D41-C5E9-4748-BAA0-E58E831D8E2E}.Docker|ARM32.Build.0 = Docker|Any CPU
		{562D7D41-C5E9-4748-BAA0-E58E831D8E2E}.Docker|x64.ActiveCfg = Docker|x64
		{562D7D41-C5E9-4748-BAA0-E58E831D8E2E}.Docker|x64.Build.0 = Docker|x64
		{562D7D41-C5E9-4748-BAA0-E58E831D8E2E}.gcmodeller_desktop|Any CPU.ActiveCfg = gcmodeller_desktop|Any CPU
		{562D7D41-C5E9-4748-BAA0-E58E831D8E2E}.gcmodeller_desktop|Any CPU.Build.0 = gcmodeller_desktop|Any CPU
		{562D7D41-C5E9-4748-BAA0-E58E831D8E2E}.gcmodeller_desktop|ARM32.ActiveCfg = gcmodeller_desktop|Any CPU
		{562D7D41-C5E9-4748-BAA0-E58E831D8E2E}.gcmodeller_desktop|ARM32.Build.0 = gcmodeller_desktop|Any CPU
		{562D7D41-C5E9-4748-BAA0-E58E831D8E2E}.gcmodeller_desktop|x64.ActiveCfg = gcmodeller_desktop|x64
		{562D7D41-C5E9-4748-BAA0-E58E831D8E2E}.gcmodeller_desktop|x64.Build.0 = gcmodeller_desktop|x64
		{562D7D41-C5E9-4748-BAA0-E58E831D8E2E}.LipidSearch|Any CPU.ActiveCfg = LipidSearch|Any CPU
		{562D7D41-C5E9-4748-BAA0-E58E831D8E2E}.LipidSearch|Any CPU.Build.0 = LipidSearch|Any CPU
		{562D7D41-C5E9-4748-BAA0-E58E831D8E2E}.LipidSearch|ARM32.ActiveCfg = LipidSearch|Any CPU
		{562D7D41-C5E9-4748-BAA0-E58E831D8E2E}.LipidSearch|ARM32.Build.0 = LipidSearch|Any CPU
		{562D7D41-C5E9-4748-BAA0-E58E831D8E2E}.LipidSearch|x64.ActiveCfg = LipidSearch|x64
		{562D7D41-C5E9-4748-BAA0-E58E831D8E2E}.LipidSearch|x64.Build.0 = LipidSearch|x64
		{562D7D41-C5E9-4748-BAA0-E58E831D8E2E}.mzkit_win32|Any CPU.ActiveCfg = mzkit_win32|Any CPU
		{562D7D41-C5E9-4748-BAA0-E58E831D8E2E}.mzkit_win32|Any CPU.Build.0 = mzkit_win32|Any CPU
		{562D7D41-C5E9-4748-BAA0-E58E831D8E2E}.mzkit_win32|ARM32.ActiveCfg = mzkit_win32|Any CPU
		{562D7D41-C5E9-4748-BAA0-E58E831D8E2E}.mzkit_win32|ARM32.Build.0 = mzkit_win32|Any CPU
		{562D7D41-C5E9-4748-BAA0-E58E831D8E2E}.mzkit_win32|x64.ActiveCfg = mzkit_win32|x64
		{562D7D41-C5E9-4748-BAA0-E58E831D8E2E}.mzkit_win32|x64.Build.0 = mzkit_win32|x64
		{562D7D41-C5E9-4748-BAA0-E58E831D8E2E}.mzkit|Any CPU.ActiveCfg = mzkit|Any CPU
		{562D7D41-C5E9-4748-BAA0-E58E831D8E2E}.mzkit|Any CPU.Build.0 = mzkit|Any CPU
		{562D7D41-C5E9-4748-BAA0-E58E831D8E2E}.mzkit|ARM32.ActiveCfg = mzkit|Any CPU
		{562D7D41-C5E9-4748-BAA0-E58E831D8E2E}.mzkit|ARM32.Build.0 = mzkit|Any CPU
		{562D7D41-C5E9-4748-BAA0-E58E831D8E2E}.mzkit|x64.ActiveCfg = mzkit|x64
		{562D7D41-C5E9-4748-BAA0-E58E831D8E2E}.mzkit|x64.Build.0 = mzkit|x64
		{562D7D41-C5E9-4748-BAA0-E58E831D8E2E}.PlantMAT|Any CPU.ActiveCfg = PlantMAT|Any CPU
		{562D7D41-C5E9-4748-BAA0-E58E831D8E2E}.PlantMAT|Any CPU.Build.0 = PlantMAT|Any CPU
		{562D7D41-C5E9-4748-BAA0-E58E831D8E2E}.PlantMAT|ARM32.ActiveCfg = PlantMAT|Any CPU
		{562D7D41-C5E9-4748-BAA0-E58E831D8E2E}.PlantMAT|ARM32.Build.0 = PlantMAT|Any CPU
		{562D7D41-C5E9-4748-BAA0-E58E831D8E2E}.PlantMAT|x64.ActiveCfg = PlantMAT|x64
		{562D7D41-C5E9-4748-BAA0-E58E831D8E2E}.PlantMAT|x64.Build.0 = PlantMAT|x64
		{562D7D41-C5E9-4748-BAA0-E58E831D8E2E}.Release|Any CPU.ActiveCfg = Release|Any CPU
		{562D7D41-C5E9-4748-BAA0-E58E831D8E2E}.Release|Any CPU.Build.0 = Release|Any CPU
		{562D7D41-C5E9-4748-BAA0-E58E831D8E2E}.Release|ARM32.ActiveCfg = Release|Any CPU
		{562D7D41-C5E9-4748-BAA0-E58E831D8E2E}.Release|ARM32.Build.0 = Release|Any CPU
		{562D7D41-C5E9-4748-BAA0-E58E831D8E2E}.Release|x64.ActiveCfg = Release|x64
		{562D7D41-C5E9-4748-BAA0-E58E831D8E2E}.Release|x64.Build.0 = Release|x64
		{562D7D41-C5E9-4748-BAA0-E58E831D8E2E}.Rsharp_app_release|Any CPU.ActiveCfg = Rsharp_app_release|Any CPU
		{562D7D41-C5E9-4748-BAA0-E58E831D8E2E}.Rsharp_app_release|Any CPU.Build.0 = Rsharp_app_release|Any CPU
		{562D7D41-C5E9-4748-BAA0-E58E831D8E2E}.Rsharp_app_release|ARM32.ActiveCfg = Rsharp_app_release|Any CPU
		{562D7D41-C5E9-4748-BAA0-E58E831D8E2E}.Rsharp_app_release|ARM32.Build.0 = Rsharp_app_release|Any CPU
		{562D7D41-C5E9-4748-BAA0-E58E831D8E2E}.Rsharp_app_release|x64.ActiveCfg = Rsharp_app_release|x64
		{562D7D41-C5E9-4748-BAA0-E58E831D8E2E}.Rsharp_app_release|x64.Build.0 = Rsharp_app_release|x64
		{D29601BF-0A87-48AC-97EA-51269F47BF9C}.Debug|Any CPU.ActiveCfg = Debug|Any CPU
		{D29601BF-0A87-48AC-97EA-51269F47BF9C}.Debug|Any CPU.Build.0 = Debug|Any CPU
		{D29601BF-0A87-48AC-97EA-51269F47BF9C}.Debug|ARM32.ActiveCfg = Debug|Any CPU
		{D29601BF-0A87-48AC-97EA-51269F47BF9C}.Debug|ARM32.Build.0 = Debug|Any CPU
		{D29601BF-0A87-48AC-97EA-51269F47BF9C}.Debug|x64.ActiveCfg = Debug|x64
		{D29601BF-0A87-48AC-97EA-51269F47BF9C}.Debug|x64.Build.0 = Debug|x64
		{D29601BF-0A87-48AC-97EA-51269F47BF9C}.Docker|Any CPU.ActiveCfg = Docker|Any CPU
		{D29601BF-0A87-48AC-97EA-51269F47BF9C}.Docker|Any CPU.Build.0 = Docker|Any CPU
		{D29601BF-0A87-48AC-97EA-51269F47BF9C}.Docker|ARM32.ActiveCfg = Docker|Any CPU
		{D29601BF-0A87-48AC-97EA-51269F47BF9C}.Docker|ARM32.Build.0 = Docker|Any CPU
		{D29601BF-0A87-48AC-97EA-51269F47BF9C}.Docker|x64.ActiveCfg = Docker|x64
		{D29601BF-0A87-48AC-97EA-51269F47BF9C}.Docker|x64.Build.0 = Docker|x64
		{D29601BF-0A87-48AC-97EA-51269F47BF9C}.gcmodeller_desktop|Any CPU.ActiveCfg = gcmodeller_desktop|Any CPU
		{D29601BF-0A87-48AC-97EA-51269F47BF9C}.gcmodeller_desktop|Any CPU.Build.0 = gcmodeller_desktop|Any CPU
		{D29601BF-0A87-48AC-97EA-51269F47BF9C}.gcmodeller_desktop|ARM32.ActiveCfg = gcmodeller_desktop|Any CPU
		{D29601BF-0A87-48AC-97EA-51269F47BF9C}.gcmodeller_desktop|ARM32.Build.0 = gcmodeller_desktop|Any CPU
		{D29601BF-0A87-48AC-97EA-51269F47BF9C}.gcmodeller_desktop|x64.ActiveCfg = gcmodeller_desktop|x64
		{D29601BF-0A87-48AC-97EA-51269F47BF9C}.gcmodeller_desktop|x64.Build.0 = gcmodeller_desktop|x64
		{D29601BF-0A87-48AC-97EA-51269F47BF9C}.LipidSearch|Any CPU.ActiveCfg = LipidSearch|Any CPU
		{D29601BF-0A87-48AC-97EA-51269F47BF9C}.LipidSearch|Any CPU.Build.0 = LipidSearch|Any CPU
		{D29601BF-0A87-48AC-97EA-51269F47BF9C}.LipidSearch|ARM32.ActiveCfg = LipidSearch|Any CPU
		{D29601BF-0A87-48AC-97EA-51269F47BF9C}.LipidSearch|ARM32.Build.0 = LipidSearch|Any CPU
		{D29601BF-0A87-48AC-97EA-51269F47BF9C}.LipidSearch|x64.ActiveCfg = LipidSearch|x64
		{D29601BF-0A87-48AC-97EA-51269F47BF9C}.LipidSearch|x64.Build.0 = LipidSearch|x64
		{D29601BF-0A87-48AC-97EA-51269F47BF9C}.mzkit_win32|Any CPU.ActiveCfg = mzkit_win32|Any CPU
		{D29601BF-0A87-48AC-97EA-51269F47BF9C}.mzkit_win32|Any CPU.Build.0 = mzkit_win32|Any CPU
		{D29601BF-0A87-48AC-97EA-51269F47BF9C}.mzkit_win32|ARM32.ActiveCfg = mzkit_win32|Any CPU
		{D29601BF-0A87-48AC-97EA-51269F47BF9C}.mzkit_win32|ARM32.Build.0 = mzkit_win32|Any CPU
		{D29601BF-0A87-48AC-97EA-51269F47BF9C}.mzkit_win32|x64.ActiveCfg = mzkit_win32|x64
		{D29601BF-0A87-48AC-97EA-51269F47BF9C}.mzkit_win32|x64.Build.0 = mzkit_win32|x64
		{D29601BF-0A87-48AC-97EA-51269F47BF9C}.mzkit|Any CPU.ActiveCfg = mzkit|Any CPU
		{D29601BF-0A87-48AC-97EA-51269F47BF9C}.mzkit|Any CPU.Build.0 = mzkit|Any CPU
		{D29601BF-0A87-48AC-97EA-51269F47BF9C}.mzkit|ARM32.ActiveCfg = mzkit|Any CPU
		{D29601BF-0A87-48AC-97EA-51269F47BF9C}.mzkit|ARM32.Build.0 = mzkit|Any CPU
		{D29601BF-0A87-48AC-97EA-51269F47BF9C}.mzkit|x64.ActiveCfg = mzkit|x64
		{D29601BF-0A87-48AC-97EA-51269F47BF9C}.mzkit|x64.Build.0 = mzkit|x64
		{D29601BF-0A87-48AC-97EA-51269F47BF9C}.PlantMAT|Any CPU.ActiveCfg = PlantMAT|Any CPU
		{D29601BF-0A87-48AC-97EA-51269F47BF9C}.PlantMAT|Any CPU.Build.0 = PlantMAT|Any CPU
		{D29601BF-0A87-48AC-97EA-51269F47BF9C}.PlantMAT|ARM32.ActiveCfg = PlantMAT|Any CPU
		{D29601BF-0A87-48AC-97EA-51269F47BF9C}.PlantMAT|ARM32.Build.0 = PlantMAT|Any CPU
		{D29601BF-0A87-48AC-97EA-51269F47BF9C}.PlantMAT|x64.ActiveCfg = PlantMAT|x64
		{D29601BF-0A87-48AC-97EA-51269F47BF9C}.PlantMAT|x64.Build.0 = PlantMAT|x64
		{D29601BF-0A87-48AC-97EA-51269F47BF9C}.Release|Any CPU.ActiveCfg = Release|Any CPU
		{D29601BF-0A87-48AC-97EA-51269F47BF9C}.Release|Any CPU.Build.0 = Release|Any CPU
		{D29601BF-0A87-48AC-97EA-51269F47BF9C}.Release|ARM32.ActiveCfg = Release|Any CPU
		{D29601BF-0A87-48AC-97EA-51269F47BF9C}.Release|ARM32.Build.0 = Release|Any CPU
		{D29601BF-0A87-48AC-97EA-51269F47BF9C}.Release|x64.ActiveCfg = Release|x64
		{D29601BF-0A87-48AC-97EA-51269F47BF9C}.Release|x64.Build.0 = Release|x64
		{D29601BF-0A87-48AC-97EA-51269F47BF9C}.Rsharp_app_release|Any CPU.ActiveCfg = Rsharp_app_release|Any CPU
		{D29601BF-0A87-48AC-97EA-51269F47BF9C}.Rsharp_app_release|Any CPU.Build.0 = Rsharp_app_release|Any CPU
		{D29601BF-0A87-48AC-97EA-51269F47BF9C}.Rsharp_app_release|ARM32.ActiveCfg = Rsharp_app_release|Any CPU
		{D29601BF-0A87-48AC-97EA-51269F47BF9C}.Rsharp_app_release|ARM32.Build.0 = Rsharp_app_release|Any CPU
		{D29601BF-0A87-48AC-97EA-51269F47BF9C}.Rsharp_app_release|x64.ActiveCfg = Rsharp_app_release|x64
		{D29601BF-0A87-48AC-97EA-51269F47BF9C}.Rsharp_app_release|x64.Build.0 = Rsharp_app_release|x64
		{F3F9D70D-0EE9-4C88-89A5-0F992C58333C}.Debug|Any CPU.ActiveCfg = Debug|Any CPU
		{F3F9D70D-0EE9-4C88-89A5-0F992C58333C}.Debug|Any CPU.Build.0 = Debug|Any CPU
		{F3F9D70D-0EE9-4C88-89A5-0F992C58333C}.Debug|ARM32.ActiveCfg = Debug|Any CPU
		{F3F9D70D-0EE9-4C88-89A5-0F992C58333C}.Debug|ARM32.Build.0 = Debug|Any CPU
		{F3F9D70D-0EE9-4C88-89A5-0F992C58333C}.Debug|x64.ActiveCfg = Debug|x64
		{F3F9D70D-0EE9-4C88-89A5-0F992C58333C}.Debug|x64.Build.0 = Debug|x64
		{F3F9D70D-0EE9-4C88-89A5-0F992C58333C}.Docker|Any CPU.ActiveCfg = Docker|Any CPU
		{F3F9D70D-0EE9-4C88-89A5-0F992C58333C}.Docker|Any CPU.Build.0 = Docker|Any CPU
		{F3F9D70D-0EE9-4C88-89A5-0F992C58333C}.Docker|ARM32.ActiveCfg = Docker|Any CPU
		{F3F9D70D-0EE9-4C88-89A5-0F992C58333C}.Docker|ARM32.Build.0 = Docker|Any CPU
		{F3F9D70D-0EE9-4C88-89A5-0F992C58333C}.Docker|x64.ActiveCfg = Docker|x64
		{F3F9D70D-0EE9-4C88-89A5-0F992C58333C}.Docker|x64.Build.0 = Docker|x64
		{F3F9D70D-0EE9-4C88-89A5-0F992C58333C}.gcmodeller_desktop|Any CPU.ActiveCfg = gcmodeller_desktop|Any CPU
		{F3F9D70D-0EE9-4C88-89A5-0F992C58333C}.gcmodeller_desktop|Any CPU.Build.0 = gcmodeller_desktop|Any CPU
		{F3F9D70D-0EE9-4C88-89A5-0F992C58333C}.gcmodeller_desktop|ARM32.ActiveCfg = gcmodeller_desktop|Any CPU
		{F3F9D70D-0EE9-4C88-89A5-0F992C58333C}.gcmodeller_desktop|ARM32.Build.0 = gcmodeller_desktop|Any CPU
		{F3F9D70D-0EE9-4C88-89A5-0F992C58333C}.gcmodeller_desktop|x64.ActiveCfg = gcmodeller_desktop|x64
		{F3F9D70D-0EE9-4C88-89A5-0F992C58333C}.gcmodeller_desktop|x64.Build.0 = gcmodeller_desktop|x64
		{F3F9D70D-0EE9-4C88-89A5-0F992C58333C}.LipidSearch|Any CPU.ActiveCfg = Debug|Any CPU
		{F3F9D70D-0EE9-4C88-89A5-0F992C58333C}.LipidSearch|Any CPU.Build.0 = Debug|Any CPU
		{F3F9D70D-0EE9-4C88-89A5-0F992C58333C}.LipidSearch|ARM32.ActiveCfg = Rsharp_app_release|Any CPU
		{F3F9D70D-0EE9-4C88-89A5-0F992C58333C}.LipidSearch|ARM32.Build.0 = Rsharp_app_release|Any CPU
		{F3F9D70D-0EE9-4C88-89A5-0F992C58333C}.LipidSearch|x64.ActiveCfg = Debug|x64
		{F3F9D70D-0EE9-4C88-89A5-0F992C58333C}.LipidSearch|x64.Build.0 = Debug|x64
		{F3F9D70D-0EE9-4C88-89A5-0F992C58333C}.mzkit_win32|Any CPU.ActiveCfg = mzkit_win32|Any CPU
		{F3F9D70D-0EE9-4C88-89A5-0F992C58333C}.mzkit_win32|Any CPU.Build.0 = mzkit_win32|Any CPU
		{F3F9D70D-0EE9-4C88-89A5-0F992C58333C}.mzkit_win32|ARM32.ActiveCfg = mzkit_win32|Any CPU
		{F3F9D70D-0EE9-4C88-89A5-0F992C58333C}.mzkit_win32|ARM32.Build.0 = mzkit_win32|Any CPU
		{F3F9D70D-0EE9-4C88-89A5-0F992C58333C}.mzkit_win32|x64.ActiveCfg = mzkit_win32|x64
		{F3F9D70D-0EE9-4C88-89A5-0F992C58333C}.mzkit_win32|x64.Build.0 = mzkit_win32|x64
		{F3F9D70D-0EE9-4C88-89A5-0F992C58333C}.mzkit|Any CPU.ActiveCfg = mzkit_win32|Any CPU
		{F3F9D70D-0EE9-4C88-89A5-0F992C58333C}.mzkit|Any CPU.Build.0 = mzkit_win32|Any CPU
		{F3F9D70D-0EE9-4C88-89A5-0F992C58333C}.mzkit|ARM32.ActiveCfg = mzkit_win32|Any CPU
		{F3F9D70D-0EE9-4C88-89A5-0F992C58333C}.mzkit|ARM32.Build.0 = mzkit_win32|Any CPU
		{F3F9D70D-0EE9-4C88-89A5-0F992C58333C}.mzkit|x64.ActiveCfg = mzkit_win32|x64
		{F3F9D70D-0EE9-4C88-89A5-0F992C58333C}.mzkit|x64.Build.0 = mzkit_win32|x64
		{F3F9D70D-0EE9-4C88-89A5-0F992C58333C}.PlantMAT|Any CPU.ActiveCfg = PlantMAT|Any CPU
		{F3F9D70D-0EE9-4C88-89A5-0F992C58333C}.PlantMAT|Any CPU.Build.0 = PlantMAT|Any CPU
		{F3F9D70D-0EE9-4C88-89A5-0F992C58333C}.PlantMAT|ARM32.ActiveCfg = PlantMAT|Any CPU
		{F3F9D70D-0EE9-4C88-89A5-0F992C58333C}.PlantMAT|ARM32.Build.0 = PlantMAT|Any CPU
		{F3F9D70D-0EE9-4C88-89A5-0F992C58333C}.PlantMAT|x64.ActiveCfg = PlantMAT|x64
		{F3F9D70D-0EE9-4C88-89A5-0F992C58333C}.PlantMAT|x64.Build.0 = PlantMAT|x64
		{F3F9D70D-0EE9-4C88-89A5-0F992C58333C}.Release|Any CPU.ActiveCfg = Release|Any CPU
		{F3F9D70D-0EE9-4C88-89A5-0F992C58333C}.Release|Any CPU.Build.0 = Release|Any CPU
		{F3F9D70D-0EE9-4C88-89A5-0F992C58333C}.Release|ARM32.ActiveCfg = Release|Any CPU
		{F3F9D70D-0EE9-4C88-89A5-0F992C58333C}.Release|ARM32.Build.0 = Release|Any CPU
		{F3F9D70D-0EE9-4C88-89A5-0F992C58333C}.Release|x64.ActiveCfg = Release|x64
		{F3F9D70D-0EE9-4C88-89A5-0F992C58333C}.Release|x64.Build.0 = Release|x64
		{F3F9D70D-0EE9-4C88-89A5-0F992C58333C}.Rsharp_app_release|Any CPU.ActiveCfg = Rsharp_app_release|Any CPU
		{F3F9D70D-0EE9-4C88-89A5-0F992C58333C}.Rsharp_app_release|Any CPU.Build.0 = Rsharp_app_release|Any CPU
		{F3F9D70D-0EE9-4C88-89A5-0F992C58333C}.Rsharp_app_release|ARM32.ActiveCfg = Rsharp_app_release|Any CPU
		{F3F9D70D-0EE9-4C88-89A5-0F992C58333C}.Rsharp_app_release|ARM32.Build.0 = Rsharp_app_release|Any CPU
		{F3F9D70D-0EE9-4C88-89A5-0F992C58333C}.Rsharp_app_release|x64.ActiveCfg = Rsharp_app_release|x64
		{F3F9D70D-0EE9-4C88-89A5-0F992C58333C}.Rsharp_app_release|x64.Build.0 = Rsharp_app_release|x64
		{A13634C9-9F7C-49B3-B311-E1A6E20FECB2}.Debug|Any CPU.ActiveCfg = Debug|Any CPU
		{A13634C9-9F7C-49B3-B311-E1A6E20FECB2}.Debug|Any CPU.Build.0 = Debug|Any CPU
		{A13634C9-9F7C-49B3-B311-E1A6E20FECB2}.Debug|ARM32.ActiveCfg = Debug|ARM32
		{A13634C9-9F7C-49B3-B311-E1A6E20FECB2}.Debug|ARM32.Build.0 = Debug|ARM32
		{A13634C9-9F7C-49B3-B311-E1A6E20FECB2}.Debug|x64.ActiveCfg = Debug|x64
		{A13634C9-9F7C-49B3-B311-E1A6E20FECB2}.Debug|x64.Build.0 = Debug|x64
		{A13634C9-9F7C-49B3-B311-E1A6E20FECB2}.Docker|Any CPU.ActiveCfg = Debug|Any CPU
		{A13634C9-9F7C-49B3-B311-E1A6E20FECB2}.Docker|Any CPU.Build.0 = Debug|Any CPU
		{A13634C9-9F7C-49B3-B311-E1A6E20FECB2}.Docker|ARM32.ActiveCfg = Debug|ARM32
		{A13634C9-9F7C-49B3-B311-E1A6E20FECB2}.Docker|ARM32.Build.0 = Debug|ARM32
		{A13634C9-9F7C-49B3-B311-E1A6E20FECB2}.Docker|x64.ActiveCfg = Debug|x64
		{A13634C9-9F7C-49B3-B311-E1A6E20FECB2}.Docker|x64.Build.0 = Debug|x64
		{A13634C9-9F7C-49B3-B311-E1A6E20FECB2}.gcmodeller_desktop|Any CPU.ActiveCfg = gcmodeller_desktop|Any CPU
		{A13634C9-9F7C-49B3-B311-E1A6E20FECB2}.gcmodeller_desktop|Any CPU.Build.0 = gcmodeller_desktop|Any CPU
		{A13634C9-9F7C-49B3-B311-E1A6E20FECB2}.gcmodeller_desktop|ARM32.ActiveCfg = gcmodeller_desktop|ARM32
		{A13634C9-9F7C-49B3-B311-E1A6E20FECB2}.gcmodeller_desktop|ARM32.Build.0 = gcmodeller_desktop|ARM32
		{A13634C9-9F7C-49B3-B311-E1A6E20FECB2}.gcmodeller_desktop|x64.ActiveCfg = gcmodeller_desktop|x64
		{A13634C9-9F7C-49B3-B311-E1A6E20FECB2}.gcmodeller_desktop|x64.Build.0 = gcmodeller_desktop|x64
		{A13634C9-9F7C-49B3-B311-E1A6E20FECB2}.LipidSearch|Any CPU.ActiveCfg = LipidSearch|Any CPU
		{A13634C9-9F7C-49B3-B311-E1A6E20FECB2}.LipidSearch|Any CPU.Build.0 = LipidSearch|Any CPU
		{A13634C9-9F7C-49B3-B311-E1A6E20FECB2}.LipidSearch|ARM32.ActiveCfg = LipidSearch|ARM32
		{A13634C9-9F7C-49B3-B311-E1A6E20FECB2}.LipidSearch|ARM32.Build.0 = LipidSearch|ARM32
		{A13634C9-9F7C-49B3-B311-E1A6E20FECB2}.LipidSearch|x64.ActiveCfg = LipidSearch|x64
		{A13634C9-9F7C-49B3-B311-E1A6E20FECB2}.LipidSearch|x64.Build.0 = LipidSearch|x64
		{A13634C9-9F7C-49B3-B311-E1A6E20FECB2}.mzkit_win32|Any CPU.ActiveCfg = mzkit_win32|Any CPU
		{A13634C9-9F7C-49B3-B311-E1A6E20FECB2}.mzkit_win32|Any CPU.Build.0 = mzkit_win32|Any CPU
		{A13634C9-9F7C-49B3-B311-E1A6E20FECB2}.mzkit_win32|ARM32.ActiveCfg = mzkit_win32|ARM32
		{A13634C9-9F7C-49B3-B311-E1A6E20FECB2}.mzkit_win32|ARM32.Build.0 = mzkit_win32|ARM32
		{A13634C9-9F7C-49B3-B311-E1A6E20FECB2}.mzkit_win32|x64.ActiveCfg = mzkit_win32|x64
		{A13634C9-9F7C-49B3-B311-E1A6E20FECB2}.mzkit_win32|x64.Build.0 = mzkit_win32|x64
		{A13634C9-9F7C-49B3-B311-E1A6E20FECB2}.mzkit|Any CPU.ActiveCfg = mzkit_win32|Any CPU
		{A13634C9-9F7C-49B3-B311-E1A6E20FECB2}.mzkit|Any CPU.Build.0 = mzkit_win32|Any CPU
		{A13634C9-9F7C-49B3-B311-E1A6E20FECB2}.mzkit|ARM32.ActiveCfg = mzkit_win32|ARM32
		{A13634C9-9F7C-49B3-B311-E1A6E20FECB2}.mzkit|ARM32.Build.0 = mzkit_win32|ARM32
		{A13634C9-9F7C-49B3-B311-E1A6E20FECB2}.mzkit|x64.ActiveCfg = mzkit_win32|x64
		{A13634C9-9F7C-49B3-B311-E1A6E20FECB2}.mzkit|x64.Build.0 = mzkit_win32|x64
		{A13634C9-9F7C-49B3-B311-E1A6E20FECB2}.PlantMAT|Any CPU.ActiveCfg = PlantMAT|Any CPU
		{A13634C9-9F7C-49B3-B311-E1A6E20FECB2}.PlantMAT|Any CPU.Build.0 = PlantMAT|Any CPU
		{A13634C9-9F7C-49B3-B311-E1A6E20FECB2}.PlantMAT|ARM32.ActiveCfg = PlantMAT|ARM32
		{A13634C9-9F7C-49B3-B311-E1A6E20FECB2}.PlantMAT|ARM32.Build.0 = PlantMAT|ARM32
		{A13634C9-9F7C-49B3-B311-E1A6E20FECB2}.PlantMAT|x64.ActiveCfg = PlantMAT|x64
		{A13634C9-9F7C-49B3-B311-E1A6E20FECB2}.PlantMAT|x64.Build.0 = PlantMAT|x64
		{A13634C9-9F7C-49B3-B311-E1A6E20FECB2}.Release|Any CPU.ActiveCfg = Release|Any CPU
		{A13634C9-9F7C-49B3-B311-E1A6E20FECB2}.Release|Any CPU.Build.0 = Release|Any CPU
		{A13634C9-9F7C-49B3-B311-E1A6E20FECB2}.Release|ARM32.ActiveCfg = Release|ARM32
		{A13634C9-9F7C-49B3-B311-E1A6E20FECB2}.Release|ARM32.Build.0 = Release|ARM32
		{A13634C9-9F7C-49B3-B311-E1A6E20FECB2}.Release|x64.ActiveCfg = Release|x64
		{A13634C9-9F7C-49B3-B311-E1A6E20FECB2}.Release|x64.Build.0 = Release|x64
		{A13634C9-9F7C-49B3-B311-E1A6E20FECB2}.Rsharp_app_release|Any CPU.ActiveCfg = Rsharp_app_release|Any CPU
		{A13634C9-9F7C-49B3-B311-E1A6E20FECB2}.Rsharp_app_release|Any CPU.Build.0 = Rsharp_app_release|Any CPU
		{A13634C9-9F7C-49B3-B311-E1A6E20FECB2}.Rsharp_app_release|ARM32.ActiveCfg = Rsharp_app_release|ARM32
		{A13634C9-9F7C-49B3-B311-E1A6E20FECB2}.Rsharp_app_release|ARM32.Build.0 = Rsharp_app_release|ARM32
		{A13634C9-9F7C-49B3-B311-E1A6E20FECB2}.Rsharp_app_release|x64.ActiveCfg = Rsharp_app_release|x64
		{A13634C9-9F7C-49B3-B311-E1A6E20FECB2}.Rsharp_app_release|x64.Build.0 = Rsharp_app_release|x64
		{03F39EE1-6ED4-4AB7-A06A-35A9072BBCEB}.Debug|Any CPU.ActiveCfg = Debug|Any CPU
		{03F39EE1-6ED4-4AB7-A06A-35A9072BBCEB}.Debug|Any CPU.Build.0 = Debug|Any CPU
		{03F39EE1-6ED4-4AB7-A06A-35A9072BBCEB}.Debug|ARM32.ActiveCfg = Debug|Any CPU
		{03F39EE1-6ED4-4AB7-A06A-35A9072BBCEB}.Debug|ARM32.Build.0 = Debug|Any CPU
		{03F39EE1-6ED4-4AB7-A06A-35A9072BBCEB}.Debug|x64.ActiveCfg = Debug|x64
		{03F39EE1-6ED4-4AB7-A06A-35A9072BBCEB}.Debug|x64.Build.0 = Debug|x64
		{03F39EE1-6ED4-4AB7-A06A-35A9072BBCEB}.Docker|Any CPU.ActiveCfg = Debug|Any CPU
		{03F39EE1-6ED4-4AB7-A06A-35A9072BBCEB}.Docker|Any CPU.Build.0 = Debug|Any CPU
		{03F39EE1-6ED4-4AB7-A06A-35A9072BBCEB}.Docker|ARM32.ActiveCfg = Debug|Any CPU
		{03F39EE1-6ED4-4AB7-A06A-35A9072BBCEB}.Docker|ARM32.Build.0 = Debug|Any CPU
		{03F39EE1-6ED4-4AB7-A06A-35A9072BBCEB}.Docker|x64.ActiveCfg = Debug|x64
		{03F39EE1-6ED4-4AB7-A06A-35A9072BBCEB}.Docker|x64.Build.0 = Debug|x64
		{03F39EE1-6ED4-4AB7-A06A-35A9072BBCEB}.gcmodeller_desktop|Any CPU.ActiveCfg = gcmodeller_desktop|Any CPU
		{03F39EE1-6ED4-4AB7-A06A-35A9072BBCEB}.gcmodeller_desktop|Any CPU.Build.0 = gcmodeller_desktop|Any CPU
		{03F39EE1-6ED4-4AB7-A06A-35A9072BBCEB}.gcmodeller_desktop|ARM32.ActiveCfg = gcmodeller_desktop|Any CPU
		{03F39EE1-6ED4-4AB7-A06A-35A9072BBCEB}.gcmodeller_desktop|ARM32.Build.0 = gcmodeller_desktop|Any CPU
		{03F39EE1-6ED4-4AB7-A06A-35A9072BBCEB}.gcmodeller_desktop|x64.ActiveCfg = gcmodeller_desktop|x64
		{03F39EE1-6ED4-4AB7-A06A-35A9072BBCEB}.gcmodeller_desktop|x64.Build.0 = gcmodeller_desktop|x64
		{03F39EE1-6ED4-4AB7-A06A-35A9072BBCEB}.LipidSearch|Any CPU.ActiveCfg = LipidSearch|Any CPU
		{03F39EE1-6ED4-4AB7-A06A-35A9072BBCEB}.LipidSearch|Any CPU.Build.0 = LipidSearch|Any CPU
		{03F39EE1-6ED4-4AB7-A06A-35A9072BBCEB}.LipidSearch|ARM32.ActiveCfg = LipidSearch|Any CPU
		{03F39EE1-6ED4-4AB7-A06A-35A9072BBCEB}.LipidSearch|ARM32.Build.0 = LipidSearch|Any CPU
		{03F39EE1-6ED4-4AB7-A06A-35A9072BBCEB}.LipidSearch|x64.ActiveCfg = LipidSearch|x64
		{03F39EE1-6ED4-4AB7-A06A-35A9072BBCEB}.LipidSearch|x64.Build.0 = LipidSearch|x64
		{03F39EE1-6ED4-4AB7-A06A-35A9072BBCEB}.mzkit_win32|Any CPU.ActiveCfg = mzkit_win32|Any CPU
		{03F39EE1-6ED4-4AB7-A06A-35A9072BBCEB}.mzkit_win32|Any CPU.Build.0 = mzkit_win32|Any CPU
		{03F39EE1-6ED4-4AB7-A06A-35A9072BBCEB}.mzkit_win32|ARM32.ActiveCfg = mzkit_win32|Any CPU
		{03F39EE1-6ED4-4AB7-A06A-35A9072BBCEB}.mzkit_win32|ARM32.Build.0 = mzkit_win32|Any CPU
		{03F39EE1-6ED4-4AB7-A06A-35A9072BBCEB}.mzkit_win32|x64.ActiveCfg = mzkit_win32|x64
		{03F39EE1-6ED4-4AB7-A06A-35A9072BBCEB}.mzkit_win32|x64.Build.0 = mzkit_win32|x64
		{03F39EE1-6ED4-4AB7-A06A-35A9072BBCEB}.mzkit|Any CPU.ActiveCfg = mzkit_win32|Any CPU
		{03F39EE1-6ED4-4AB7-A06A-35A9072BBCEB}.mzkit|Any CPU.Build.0 = mzkit_win32|Any CPU
		{03F39EE1-6ED4-4AB7-A06A-35A9072BBCEB}.mzkit|ARM32.ActiveCfg = mzkit_win32|Any CPU
		{03F39EE1-6ED4-4AB7-A06A-35A9072BBCEB}.mzkit|ARM32.Build.0 = mzkit_win32|Any CPU
		{03F39EE1-6ED4-4AB7-A06A-35A9072BBCEB}.mzkit|x64.ActiveCfg = mzkit_win32|x64
		{03F39EE1-6ED4-4AB7-A06A-35A9072BBCEB}.mzkit|x64.Build.0 = mzkit_win32|x64
		{03F39EE1-6ED4-4AB7-A06A-35A9072BBCEB}.PlantMAT|Any CPU.ActiveCfg = PlantMAT|Any CPU
		{03F39EE1-6ED4-4AB7-A06A-35A9072BBCEB}.PlantMAT|Any CPU.Build.0 = PlantMAT|Any CPU
		{03F39EE1-6ED4-4AB7-A06A-35A9072BBCEB}.PlantMAT|ARM32.ActiveCfg = PlantMAT|Any CPU
		{03F39EE1-6ED4-4AB7-A06A-35A9072BBCEB}.PlantMAT|ARM32.Build.0 = PlantMAT|Any CPU
		{03F39EE1-6ED4-4AB7-A06A-35A9072BBCEB}.PlantMAT|x64.ActiveCfg = PlantMAT|x64
		{03F39EE1-6ED4-4AB7-A06A-35A9072BBCEB}.PlantMAT|x64.Build.0 = PlantMAT|x64
		{03F39EE1-6ED4-4AB7-A06A-35A9072BBCEB}.Release|Any CPU.ActiveCfg = Release|Any CPU
		{03F39EE1-6ED4-4AB7-A06A-35A9072BBCEB}.Release|Any CPU.Build.0 = Release|Any CPU
		{03F39EE1-6ED4-4AB7-A06A-35A9072BBCEB}.Release|ARM32.ActiveCfg = Release|Any CPU
		{03F39EE1-6ED4-4AB7-A06A-35A9072BBCEB}.Release|ARM32.Build.0 = Release|Any CPU
		{03F39EE1-6ED4-4AB7-A06A-35A9072BBCEB}.Release|x64.ActiveCfg = Release|x64
		{03F39EE1-6ED4-4AB7-A06A-35A9072BBCEB}.Release|x64.Build.0 = Release|x64
		{03F39EE1-6ED4-4AB7-A06A-35A9072BBCEB}.Rsharp_app_release|Any CPU.ActiveCfg = Rsharp_app_release|Any CPU
		{03F39EE1-6ED4-4AB7-A06A-35A9072BBCEB}.Rsharp_app_release|Any CPU.Build.0 = Rsharp_app_release|Any CPU
		{03F39EE1-6ED4-4AB7-A06A-35A9072BBCEB}.Rsharp_app_release|ARM32.ActiveCfg = Rsharp_app_release|Any CPU
		{03F39EE1-6ED4-4AB7-A06A-35A9072BBCEB}.Rsharp_app_release|ARM32.Build.0 = Rsharp_app_release|Any CPU
		{03F39EE1-6ED4-4AB7-A06A-35A9072BBCEB}.Rsharp_app_release|x64.ActiveCfg = Rsharp_app_release|x64
		{03F39EE1-6ED4-4AB7-A06A-35A9072BBCEB}.Rsharp_app_release|x64.Build.0 = Rsharp_app_release|x64
	EndGlobalSection
	GlobalSection(SolutionProperties) = preSolution
		HideSolutionNode = FALSE
	EndGlobalSection
	GlobalSection(NestedProjects) = preSolution
		{6785B834-791B-4131-962E-D2FB63C10C8D} = {F5EBEFB8-2ED2-4B1C-9978-62B3B82877B1}
		{EE6041C5-9C9F-4F73-A3B1-5B4FA18927E1} = {F5EBEFB8-2ED2-4B1C-9978-62B3B82877B1}
		{140F878E-B280-4AC2-8BCA-CF5806B2EB4E} = {F5EBEFB8-2ED2-4B1C-9978-62B3B82877B1}
		{E175E918-489C-4CC0-B4D9-86A433E14B80} = {D70A38BC-BC71-4A68-997E-D880E13D8BA1}
		{562D7D41-C5E9-4748-BAA0-E58E831D8E2E} = {F5EBEFB8-2ED2-4B1C-9978-62B3B82877B1}
		{D29601BF-0A87-48AC-97EA-51269F47BF9C} = {F5EBEFB8-2ED2-4B1C-9978-62B3B82877B1}
		{F3F9D70D-0EE9-4C88-89A5-0F992C58333C} = {F5EBEFB8-2ED2-4B1C-9978-62B3B82877B1}
		{A13634C9-9F7C-49B3-B311-E1A6E20FECB2} = {F5EBEFB8-2ED2-4B1C-9978-62B3B82877B1}
		{03F39EE1-6ED4-4AB7-A06A-35A9072BBCEB} = {D70A38BC-BC71-4A68-997E-D880E13D8BA1}
	EndGlobalSection
	GlobalSection(ExtensibilityGlobals) = postSolution
		SolutionGuid = {B9BAE3DB-7088-4998-80C4-047020F6C821}
	EndGlobalSection
	GlobalSection(SharedMSBuildProjectFiles) = preSolution
		Library\shares\dataframeHelper\dataframeHelper.projitems*{03f39ee1-6ed4-4ab7-a06a-35a9072bbceb}*SharedItemsImports = 5
		studio\Rstudio.common\Rstudio.common.projitems*{9a920fd1-8a2e-46d5-b4b7-f005e13fb6bb}*SharedItemsImports = 5
	EndGlobalSection
EndGlobal
