
Microsoft Visual Studio Solution File, Format Version 12.00
# Visual Studio Version 16
VisualStudioVersion = 16.0.30804.86
MinimumVisualStudioVersion = 10.0.40219.1
Project("{F184B08F-C81C-45F6-A57F-5ABD9991F28F}") = "snowFall", "snowFall\snowFall.vbproj", "{AC523AE1-B6B9-49BD-8F0A-49EBE02DCB65}"
EndProject
Global
	GlobalSection(SolutionConfigurationPlatforms) = preSolution
		Debug|Any CPU = Debug|Any CPU
		Release|Any CPU = Release|Any CPU
	EndGlobalSection
	GlobalSection(ProjectConfigurationPlatforms) = postSolution
		{AC523AE1-B6B9-49BD-8F0A-49EBE02DCB65}.Debug|Any CPU.ActiveCfg = Debug|Any CPU
		{AC523AE1-B6B9-49BD-8F0A-49EBE02DCB65}.Debug|Any CPU.Build.0 = Debug|Any CPU
		{AC523AE1-B6B9-49BD-8F0A-49EBE02DCB65}.Release|Any CPU.ActiveCfg = Release|Any CPU
		{AC523AE1-B6B9-49BD-8F0A-49EBE02DCB65}.Release|Any CPU.Build.0 = Release|Any CPU
	EndGlobalSection
	GlobalSection(SolutionProperties) = preSolution
		HideSolutionNode = FALSE
	EndGlobalSection
	GlobalSection(ExtensibilityGlobals) = postSolution
		SolutionGuid = {C0919FF1-9F7A-419B-929C-592779CEAADA}
	EndGlobalSection
EndGlobal
