
Microsoft Visual Studio Solution File, Format Version 12.00
# Visual Studio Version 17
VisualStudioVersion = 17.5.33209.295
MinimumVisualStudioVersion = 10.0.40219.1
Project("{778DAE3C-4631-46EA-AA77-85C1314464D9}") = "nsas", "nsas\nsas.vbproj", "{A6D4F46C-90C0-4FAE-825D-06FA69695D93}"
EndProject
Project("{2150E333-8FDC-42A3-9474-1A3956D46DE8}") = "framework", "framework", "{04FE73A3-791A-416E-A892-2128447E4A37}"
EndProject
Project("{778DAE3C-4631-46EA-AA77-85C1314464D9}") = "Core", "..\..\..\runtime\sciBASIC#\Microsoft.VisualBasic.Core\src\Core.vbproj", "{9DBA7542-9A4E-4396-9F6D-93E115E01720}"
EndProject
Project("{778DAE3C-4631-46EA-AA77-85C1314464D9}") = "Rsharp-netcore5", "..\..\R#\Rsharp-netcore5.vbproj", "{5683A4CC-EDA2-411C-93A6-8290D69FA79F}"
EndProject
Project("{778DAE3C-4631-46EA-AA77-85C1314464D9}") = "IronCodeDom", "IronCodeDom\IronCodeDom.vbproj", "{4D69A43E-C2BF-4822-A71A-D157C1AA9486}"
EndProject
Global
	GlobalSection(SolutionConfigurationPlatforms) = preSolution
		Debug|Any CPU = Debug|Any CPU
		Debug|x64 = Debug|x64
		Debug|x86 = Debug|x86
		gcmodeller_desktop|Any CPU = gcmodeller_desktop|Any CPU
		gcmodeller_desktop|x64 = gcmodeller_desktop|x64
		gcmodeller_desktop|x86 = gcmodeller_desktop|x86
		LipidSearch|Any CPU = LipidSearch|Any CPU
		LipidSearch|x64 = LipidSearch|x64
		LipidSearch|x86 = LipidSearch|x86
		mzkit_win32|Any CPU = mzkit_win32|Any CPU
		mzkit_win32|x64 = mzkit_win32|x64
		mzkit_win32|x86 = mzkit_win32|x86
		mzkit|Any CPU = mzkit|Any CPU
		mzkit|x64 = mzkit|x64
		mzkit|x86 = mzkit|x86
		NPSearch|Any CPU = NPSearch|Any CPU
		NPSearch|x64 = NPSearch|x64
		NPSearch|x86 = NPSearch|x86
		PlantMAT|Any CPU = PlantMAT|Any CPU
		PlantMAT|x64 = PlantMAT|x64
		PlantMAT|x86 = PlantMAT|x86
		Release|Any CPU = Release|Any CPU
		Release|x64 = Release|x64
		Release|x86 = Release|x86
		Rsharp_app_release|Any CPU = Rsharp_app_release|Any CPU
		Rsharp_app_release|x64 = Rsharp_app_release|x64
		Rsharp_app_release|x86 = Rsharp_app_release|x86
	EndGlobalSection
	GlobalSection(ProjectConfigurationPlatforms) = postSolution
		{A6D4F46C-90C0-4FAE-825D-06FA69695D93}.Debug|Any CPU.ActiveCfg = Debug|Any CPU
		{A6D4F46C-90C0-4FAE-825D-06FA69695D93}.Debug|Any CPU.Build.0 = Debug|Any CPU
		{A6D4F46C-90C0-4FAE-825D-06FA69695D93}.Debug|x64.ActiveCfg = Debug|Any CPU
		{A6D4F46C-90C0-4FAE-825D-06FA69695D93}.Debug|x64.Build.0 = Debug|Any CPU
		{A6D4F46C-90C0-4FAE-825D-06FA69695D93}.Debug|x86.ActiveCfg = Debug|Any CPU
		{A6D4F46C-90C0-4FAE-825D-06FA69695D93}.Debug|x86.Build.0 = Debug|Any CPU
		{A6D4F46C-90C0-4FAE-825D-06FA69695D93}.gcmodeller_desktop|Any CPU.ActiveCfg = Debug|Any CPU
		{A6D4F46C-90C0-4FAE-825D-06FA69695D93}.gcmodeller_desktop|Any CPU.Build.0 = Debug|Any CPU
		{A6D4F46C-90C0-4FAE-825D-06FA69695D93}.gcmodeller_desktop|x64.ActiveCfg = Debug|Any CPU
		{A6D4F46C-90C0-4FAE-825D-06FA69695D93}.gcmodeller_desktop|x64.Build.0 = Debug|Any CPU
		{A6D4F46C-90C0-4FAE-825D-06FA69695D93}.gcmodeller_desktop|x86.ActiveCfg = Debug|Any CPU
		{A6D4F46C-90C0-4FAE-825D-06FA69695D93}.gcmodeller_desktop|x86.Build.0 = Debug|Any CPU
		{A6D4F46C-90C0-4FAE-825D-06FA69695D93}.LipidSearch|Any CPU.ActiveCfg = Debug|Any CPU
		{A6D4F46C-90C0-4FAE-825D-06FA69695D93}.LipidSearch|Any CPU.Build.0 = Debug|Any CPU
		{A6D4F46C-90C0-4FAE-825D-06FA69695D93}.LipidSearch|x64.ActiveCfg = Debug|Any CPU
		{A6D4F46C-90C0-4FAE-825D-06FA69695D93}.LipidSearch|x64.Build.0 = Debug|Any CPU
		{A6D4F46C-90C0-4FAE-825D-06FA69695D93}.LipidSearch|x86.ActiveCfg = Debug|Any CPU
		{A6D4F46C-90C0-4FAE-825D-06FA69695D93}.LipidSearch|x86.Build.0 = Debug|Any CPU
		{A6D4F46C-90C0-4FAE-825D-06FA69695D93}.mzkit_win32|Any CPU.ActiveCfg = Debug|Any CPU
		{A6D4F46C-90C0-4FAE-825D-06FA69695D93}.mzkit_win32|Any CPU.Build.0 = Debug|Any CPU
		{A6D4F46C-90C0-4FAE-825D-06FA69695D93}.mzkit_win32|x64.ActiveCfg = Debug|Any CPU
		{A6D4F46C-90C0-4FAE-825D-06FA69695D93}.mzkit_win32|x64.Build.0 = Debug|Any CPU
		{A6D4F46C-90C0-4FAE-825D-06FA69695D93}.mzkit_win32|x86.ActiveCfg = Debug|Any CPU
		{A6D4F46C-90C0-4FAE-825D-06FA69695D93}.mzkit_win32|x86.Build.0 = Debug|Any CPU
		{A6D4F46C-90C0-4FAE-825D-06FA69695D93}.mzkit|Any CPU.ActiveCfg = Debug|Any CPU
		{A6D4F46C-90C0-4FAE-825D-06FA69695D93}.mzkit|Any CPU.Build.0 = Debug|Any CPU
		{A6D4F46C-90C0-4FAE-825D-06FA69695D93}.mzkit|x64.ActiveCfg = Debug|Any CPU
		{A6D4F46C-90C0-4FAE-825D-06FA69695D93}.mzkit|x64.Build.0 = Debug|Any CPU
		{A6D4F46C-90C0-4FAE-825D-06FA69695D93}.mzkit|x86.ActiveCfg = Debug|Any CPU
		{A6D4F46C-90C0-4FAE-825D-06FA69695D93}.mzkit|x86.Build.0 = Debug|Any CPU
		{A6D4F46C-90C0-4FAE-825D-06FA69695D93}.NPSearch|Any CPU.ActiveCfg = Debug|Any CPU
		{A6D4F46C-90C0-4FAE-825D-06FA69695D93}.NPSearch|Any CPU.Build.0 = Debug|Any CPU
		{A6D4F46C-90C0-4FAE-825D-06FA69695D93}.NPSearch|x64.ActiveCfg = Debug|Any CPU
		{A6D4F46C-90C0-4FAE-825D-06FA69695D93}.NPSearch|x64.Build.0 = Debug|Any CPU
		{A6D4F46C-90C0-4FAE-825D-06FA69695D93}.NPSearch|x86.ActiveCfg = Debug|Any CPU
		{A6D4F46C-90C0-4FAE-825D-06FA69695D93}.NPSearch|x86.Build.0 = Debug|Any CPU
		{A6D4F46C-90C0-4FAE-825D-06FA69695D93}.PlantMAT|Any CPU.ActiveCfg = Debug|Any CPU
		{A6D4F46C-90C0-4FAE-825D-06FA69695D93}.PlantMAT|Any CPU.Build.0 = Debug|Any CPU
		{A6D4F46C-90C0-4FAE-825D-06FA69695D93}.PlantMAT|x64.ActiveCfg = Debug|Any CPU
		{A6D4F46C-90C0-4FAE-825D-06FA69695D93}.PlantMAT|x64.Build.0 = Debug|Any CPU
		{A6D4F46C-90C0-4FAE-825D-06FA69695D93}.PlantMAT|x86.ActiveCfg = Debug|Any CPU
		{A6D4F46C-90C0-4FAE-825D-06FA69695D93}.PlantMAT|x86.Build.0 = Debug|Any CPU
		{A6D4F46C-90C0-4FAE-825D-06FA69695D93}.Release|Any CPU.ActiveCfg = Release|Any CPU
		{A6D4F46C-90C0-4FAE-825D-06FA69695D93}.Release|Any CPU.Build.0 = Release|Any CPU
		{A6D4F46C-90C0-4FAE-825D-06FA69695D93}.Release|x64.ActiveCfg = Release|Any CPU
		{A6D4F46C-90C0-4FAE-825D-06FA69695D93}.Release|x64.Build.0 = Release|Any CPU
		{A6D4F46C-90C0-4FAE-825D-06FA69695D93}.Release|x86.ActiveCfg = Release|Any CPU
		{A6D4F46C-90C0-4FAE-825D-06FA69695D93}.Release|x86.Build.0 = Release|Any CPU
		{A6D4F46C-90C0-4FAE-825D-06FA69695D93}.Rsharp_app_release|Any CPU.ActiveCfg = Release|Any CPU
		{A6D4F46C-90C0-4FAE-825D-06FA69695D93}.Rsharp_app_release|Any CPU.Build.0 = Release|Any CPU
		{A6D4F46C-90C0-4FAE-825D-06FA69695D93}.Rsharp_app_release|x64.ActiveCfg = Release|Any CPU
		{A6D4F46C-90C0-4FAE-825D-06FA69695D93}.Rsharp_app_release|x64.Build.0 = Release|Any CPU
		{A6D4F46C-90C0-4FAE-825D-06FA69695D93}.Rsharp_app_release|x86.ActiveCfg = Release|Any CPU
		{A6D4F46C-90C0-4FAE-825D-06FA69695D93}.Rsharp_app_release|x86.Build.0 = Release|Any CPU
		{9DBA7542-9A4E-4396-9F6D-93E115E01720}.Debug|Any CPU.ActiveCfg = Debug|Any CPU
		{9DBA7542-9A4E-4396-9F6D-93E115E01720}.Debug|Any CPU.Build.0 = Debug|Any CPU
		{9DBA7542-9A4E-4396-9F6D-93E115E01720}.Debug|x64.ActiveCfg = Debug|x64
		{9DBA7542-9A4E-4396-9F6D-93E115E01720}.Debug|x64.Build.0 = Debug|x64
		{9DBA7542-9A4E-4396-9F6D-93E115E01720}.Debug|x86.ActiveCfg = Debug|x86
		{9DBA7542-9A4E-4396-9F6D-93E115E01720}.Debug|x86.Build.0 = Debug|x86
		{9DBA7542-9A4E-4396-9F6D-93E115E01720}.gcmodeller_desktop|Any CPU.ActiveCfg = gcmodeller_desktop|Any CPU
		{9DBA7542-9A4E-4396-9F6D-93E115E01720}.gcmodeller_desktop|Any CPU.Build.0 = gcmodeller_desktop|Any CPU
		{9DBA7542-9A4E-4396-9F6D-93E115E01720}.gcmodeller_desktop|x64.ActiveCfg = gcmodeller_desktop|x64
		{9DBA7542-9A4E-4396-9F6D-93E115E01720}.gcmodeller_desktop|x64.Build.0 = gcmodeller_desktop|x64
		{9DBA7542-9A4E-4396-9F6D-93E115E01720}.gcmodeller_desktop|x86.ActiveCfg = gcmodeller_desktop|x86
		{9DBA7542-9A4E-4396-9F6D-93E115E01720}.gcmodeller_desktop|x86.Build.0 = gcmodeller_desktop|x86
		{9DBA7542-9A4E-4396-9F6D-93E115E01720}.LipidSearch|Any CPU.ActiveCfg = LipidSearch|Any CPU
		{9DBA7542-9A4E-4396-9F6D-93E115E01720}.LipidSearch|Any CPU.Build.0 = LipidSearch|Any CPU
		{9DBA7542-9A4E-4396-9F6D-93E115E01720}.LipidSearch|x64.ActiveCfg = LipidSearch|x64
		{9DBA7542-9A4E-4396-9F6D-93E115E01720}.LipidSearch|x64.Build.0 = LipidSearch|x64
		{9DBA7542-9A4E-4396-9F6D-93E115E01720}.LipidSearch|x86.ActiveCfg = LipidSearch|x86
		{9DBA7542-9A4E-4396-9F6D-93E115E01720}.LipidSearch|x86.Build.0 = LipidSearch|x86
		{9DBA7542-9A4E-4396-9F6D-93E115E01720}.mzkit_win32|Any CPU.ActiveCfg = mzkit_win32|Any CPU
		{9DBA7542-9A4E-4396-9F6D-93E115E01720}.mzkit_win32|Any CPU.Build.0 = mzkit_win32|Any CPU
		{9DBA7542-9A4E-4396-9F6D-93E115E01720}.mzkit_win32|x64.ActiveCfg = mzkit_win32|x64
		{9DBA7542-9A4E-4396-9F6D-93E115E01720}.mzkit_win32|x64.Build.0 = mzkit_win32|x64
		{9DBA7542-9A4E-4396-9F6D-93E115E01720}.mzkit_win32|x86.ActiveCfg = mzkit_win32|x86
		{9DBA7542-9A4E-4396-9F6D-93E115E01720}.mzkit_win32|x86.Build.0 = mzkit_win32|x86
		{9DBA7542-9A4E-4396-9F6D-93E115E01720}.mzkit|Any CPU.ActiveCfg = mzkit|Any CPU
		{9DBA7542-9A4E-4396-9F6D-93E115E01720}.mzkit|Any CPU.Build.0 = mzkit|Any CPU
		{9DBA7542-9A4E-4396-9F6D-93E115E01720}.mzkit|x64.ActiveCfg = mzkit|x64
		{9DBA7542-9A4E-4396-9F6D-93E115E01720}.mzkit|x64.Build.0 = mzkit|x64
		{9DBA7542-9A4E-4396-9F6D-93E115E01720}.mzkit|x86.ActiveCfg = mzkit|x86
		{9DBA7542-9A4E-4396-9F6D-93E115E01720}.mzkit|x86.Build.0 = mzkit|x86
		{9DBA7542-9A4E-4396-9F6D-93E115E01720}.NPSearch|Any CPU.ActiveCfg = NPSearch|Any CPU
		{9DBA7542-9A4E-4396-9F6D-93E115E01720}.NPSearch|Any CPU.Build.0 = NPSearch|Any CPU
		{9DBA7542-9A4E-4396-9F6D-93E115E01720}.NPSearch|x64.ActiveCfg = NPSearch|x64
		{9DBA7542-9A4E-4396-9F6D-93E115E01720}.NPSearch|x64.Build.0 = NPSearch|x64
		{9DBA7542-9A4E-4396-9F6D-93E115E01720}.NPSearch|x86.ActiveCfg = NPSearch|x86
		{9DBA7542-9A4E-4396-9F6D-93E115E01720}.NPSearch|x86.Build.0 = NPSearch|x86
		{9DBA7542-9A4E-4396-9F6D-93E115E01720}.PlantMAT|Any CPU.ActiveCfg = PlantMAT|Any CPU
		{9DBA7542-9A4E-4396-9F6D-93E115E01720}.PlantMAT|Any CPU.Build.0 = PlantMAT|Any CPU
		{9DBA7542-9A4E-4396-9F6D-93E115E01720}.PlantMAT|x64.ActiveCfg = PlantMAT|x64
		{9DBA7542-9A4E-4396-9F6D-93E115E01720}.PlantMAT|x64.Build.0 = PlantMAT|x64
		{9DBA7542-9A4E-4396-9F6D-93E115E01720}.PlantMAT|x86.ActiveCfg = PlantMAT|x86
		{9DBA7542-9A4E-4396-9F6D-93E115E01720}.PlantMAT|x86.Build.0 = PlantMAT|x86
		{9DBA7542-9A4E-4396-9F6D-93E115E01720}.Release|Any CPU.ActiveCfg = Release|Any CPU
		{9DBA7542-9A4E-4396-9F6D-93E115E01720}.Release|Any CPU.Build.0 = Release|Any CPU
		{9DBA7542-9A4E-4396-9F6D-93E115E01720}.Release|x64.ActiveCfg = Release|x64
		{9DBA7542-9A4E-4396-9F6D-93E115E01720}.Release|x64.Build.0 = Release|x64
		{9DBA7542-9A4E-4396-9F6D-93E115E01720}.Release|x86.ActiveCfg = Release|x86
		{9DBA7542-9A4E-4396-9F6D-93E115E01720}.Release|x86.Build.0 = Release|x86
		{9DBA7542-9A4E-4396-9F6D-93E115E01720}.Rsharp_app_release|Any CPU.ActiveCfg = Rsharp_app_release|Any CPU
		{9DBA7542-9A4E-4396-9F6D-93E115E01720}.Rsharp_app_release|Any CPU.Build.0 = Rsharp_app_release|Any CPU
		{9DBA7542-9A4E-4396-9F6D-93E115E01720}.Rsharp_app_release|x64.ActiveCfg = Rsharp_app_release|x64
		{9DBA7542-9A4E-4396-9F6D-93E115E01720}.Rsharp_app_release|x64.Build.0 = Rsharp_app_release|x64
		{9DBA7542-9A4E-4396-9F6D-93E115E01720}.Rsharp_app_release|x86.ActiveCfg = Rsharp_app_release|x86
		{9DBA7542-9A4E-4396-9F6D-93E115E01720}.Rsharp_app_release|x86.Build.0 = Rsharp_app_release|x86
		{5683A4CC-EDA2-411C-93A6-8290D69FA79F}.Debug|Any CPU.ActiveCfg = Debug|Any CPU
		{5683A4CC-EDA2-411C-93A6-8290D69FA79F}.Debug|Any CPU.Build.0 = Debug|Any CPU
		{5683A4CC-EDA2-411C-93A6-8290D69FA79F}.Debug|x64.ActiveCfg = Debug|x64
		{5683A4CC-EDA2-411C-93A6-8290D69FA79F}.Debug|x64.Build.0 = Debug|x64
		{5683A4CC-EDA2-411C-93A6-8290D69FA79F}.Debug|x86.ActiveCfg = Debug|Any CPU
		{5683A4CC-EDA2-411C-93A6-8290D69FA79F}.Debug|x86.Build.0 = Debug|Any CPU
		{5683A4CC-EDA2-411C-93A6-8290D69FA79F}.gcmodeller_desktop|Any CPU.ActiveCfg = gcmodeller_desktop|Any CPU
		{5683A4CC-EDA2-411C-93A6-8290D69FA79F}.gcmodeller_desktop|Any CPU.Build.0 = gcmodeller_desktop|Any CPU
		{5683A4CC-EDA2-411C-93A6-8290D69FA79F}.gcmodeller_desktop|x64.ActiveCfg = gcmodeller_desktop|x64
		{5683A4CC-EDA2-411C-93A6-8290D69FA79F}.gcmodeller_desktop|x64.Build.0 = gcmodeller_desktop|x64
		{5683A4CC-EDA2-411C-93A6-8290D69FA79F}.gcmodeller_desktop|x86.ActiveCfg = gcmodeller_desktop|Any CPU
		{5683A4CC-EDA2-411C-93A6-8290D69FA79F}.gcmodeller_desktop|x86.Build.0 = gcmodeller_desktop|Any CPU
		{5683A4CC-EDA2-411C-93A6-8290D69FA79F}.LipidSearch|Any CPU.ActiveCfg = LipidSearch|Any CPU
		{5683A4CC-EDA2-411C-93A6-8290D69FA79F}.LipidSearch|Any CPU.Build.0 = LipidSearch|Any CPU
		{5683A4CC-EDA2-411C-93A6-8290D69FA79F}.LipidSearch|x64.ActiveCfg = LipidSearch|x64
		{5683A4CC-EDA2-411C-93A6-8290D69FA79F}.LipidSearch|x64.Build.0 = LipidSearch|x64
		{5683A4CC-EDA2-411C-93A6-8290D69FA79F}.LipidSearch|x86.ActiveCfg = LipidSearch|Any CPU
		{5683A4CC-EDA2-411C-93A6-8290D69FA79F}.LipidSearch|x86.Build.0 = LipidSearch|Any CPU
		{5683A4CC-EDA2-411C-93A6-8290D69FA79F}.mzkit_win32|Any CPU.ActiveCfg = mzkit|Any CPU
		{5683A4CC-EDA2-411C-93A6-8290D69FA79F}.mzkit_win32|Any CPU.Build.0 = mzkit|Any CPU
		{5683A4CC-EDA2-411C-93A6-8290D69FA79F}.mzkit_win32|x64.ActiveCfg = mzkit|x64
		{5683A4CC-EDA2-411C-93A6-8290D69FA79F}.mzkit_win32|x64.Build.0 = mzkit|x64
		{5683A4CC-EDA2-411C-93A6-8290D69FA79F}.mzkit_win32|x86.ActiveCfg = mzkit|Any CPU
		{5683A4CC-EDA2-411C-93A6-8290D69FA79F}.mzkit_win32|x86.Build.0 = mzkit|Any CPU
		{5683A4CC-EDA2-411C-93A6-8290D69FA79F}.mzkit|Any CPU.ActiveCfg = mzkit|Any CPU
		{5683A4CC-EDA2-411C-93A6-8290D69FA79F}.mzkit|Any CPU.Build.0 = mzkit|Any CPU
		{5683A4CC-EDA2-411C-93A6-8290D69FA79F}.mzkit|x64.ActiveCfg = mzkit|x64
		{5683A4CC-EDA2-411C-93A6-8290D69FA79F}.mzkit|x64.Build.0 = mzkit|x64
		{5683A4CC-EDA2-411C-93A6-8290D69FA79F}.mzkit|x86.ActiveCfg = mzkit|Any CPU
		{5683A4CC-EDA2-411C-93A6-8290D69FA79F}.mzkit|x86.Build.0 = mzkit|Any CPU
		{5683A4CC-EDA2-411C-93A6-8290D69FA79F}.NPSearch|Any CPU.ActiveCfg = NPSearch|Any CPU
		{5683A4CC-EDA2-411C-93A6-8290D69FA79F}.NPSearch|Any CPU.Build.0 = NPSearch|Any CPU
		{5683A4CC-EDA2-411C-93A6-8290D69FA79F}.NPSearch|x64.ActiveCfg = NPSearch|x64
		{5683A4CC-EDA2-411C-93A6-8290D69FA79F}.NPSearch|x64.Build.0 = NPSearch|x64
		{5683A4CC-EDA2-411C-93A6-8290D69FA79F}.NPSearch|x86.ActiveCfg = NPSearch|Any CPU
		{5683A4CC-EDA2-411C-93A6-8290D69FA79F}.NPSearch|x86.Build.0 = NPSearch|Any CPU
		{5683A4CC-EDA2-411C-93A6-8290D69FA79F}.PlantMAT|Any CPU.ActiveCfg = PlantMAT|Any CPU
		{5683A4CC-EDA2-411C-93A6-8290D69FA79F}.PlantMAT|Any CPU.Build.0 = PlantMAT|Any CPU
		{5683A4CC-EDA2-411C-93A6-8290D69FA79F}.PlantMAT|x64.ActiveCfg = PlantMAT|x64
		{5683A4CC-EDA2-411C-93A6-8290D69FA79F}.PlantMAT|x64.Build.0 = PlantMAT|x64
		{5683A4CC-EDA2-411C-93A6-8290D69FA79F}.PlantMAT|x86.ActiveCfg = PlantMAT|Any CPU
		{5683A4CC-EDA2-411C-93A6-8290D69FA79F}.PlantMAT|x86.Build.0 = PlantMAT|Any CPU
		{5683A4CC-EDA2-411C-93A6-8290D69FA79F}.Release|Any CPU.ActiveCfg = Release|Any CPU
		{5683A4CC-EDA2-411C-93A6-8290D69FA79F}.Release|Any CPU.Build.0 = Release|Any CPU
		{5683A4CC-EDA2-411C-93A6-8290D69FA79F}.Release|x64.ActiveCfg = Release|x64
		{5683A4CC-EDA2-411C-93A6-8290D69FA79F}.Release|x64.Build.0 = Release|x64
		{5683A4CC-EDA2-411C-93A6-8290D69FA79F}.Release|x86.ActiveCfg = Release|Any CPU
		{5683A4CC-EDA2-411C-93A6-8290D69FA79F}.Release|x86.Build.0 = Release|Any CPU
		{5683A4CC-EDA2-411C-93A6-8290D69FA79F}.Rsharp_app_release|Any CPU.ActiveCfg = Rsharp_app_release|Any CPU
		{5683A4CC-EDA2-411C-93A6-8290D69FA79F}.Rsharp_app_release|Any CPU.Build.0 = Rsharp_app_release|Any CPU
		{5683A4CC-EDA2-411C-93A6-8290D69FA79F}.Rsharp_app_release|x64.ActiveCfg = Rsharp_app_release|x64
		{5683A4CC-EDA2-411C-93A6-8290D69FA79F}.Rsharp_app_release|x64.Build.0 = Rsharp_app_release|x64
		{5683A4CC-EDA2-411C-93A6-8290D69FA79F}.Rsharp_app_release|x86.ActiveCfg = Rsharp_app_release|Any CPU
		{5683A4CC-EDA2-411C-93A6-8290D69FA79F}.Rsharp_app_release|x86.Build.0 = Rsharp_app_release|Any CPU
		{4D69A43E-C2BF-4822-A71A-D157C1AA9486}.Debug|Any CPU.ActiveCfg = Debug|Any CPU
		{4D69A43E-C2BF-4822-A71A-D157C1AA9486}.Debug|Any CPU.Build.0 = Debug|Any CPU
		{4D69A43E-C2BF-4822-A71A-D157C1AA9486}.Debug|x64.ActiveCfg = Debug|x64
		{4D69A43E-C2BF-4822-A71A-D157C1AA9486}.Debug|x64.Build.0 = Debug|x64
		{4D69A43E-C2BF-4822-A71A-D157C1AA9486}.Debug|x86.ActiveCfg = Debug|Any CPU
		{4D69A43E-C2BF-4822-A71A-D157C1AA9486}.Debug|x86.Build.0 = Debug|Any CPU
		{4D69A43E-C2BF-4822-A71A-D157C1AA9486}.gcmodeller_desktop|Any CPU.ActiveCfg = Debug|Any CPU
		{4D69A43E-C2BF-4822-A71A-D157C1AA9486}.gcmodeller_desktop|Any CPU.Build.0 = Debug|Any CPU
		{4D69A43E-C2BF-4822-A71A-D157C1AA9486}.gcmodeller_desktop|x64.ActiveCfg = Debug|x64
		{4D69A43E-C2BF-4822-A71A-D157C1AA9486}.gcmodeller_desktop|x64.Build.0 = Debug|x64
		{4D69A43E-C2BF-4822-A71A-D157C1AA9486}.gcmodeller_desktop|x86.ActiveCfg = Debug|Any CPU
		{4D69A43E-C2BF-4822-A71A-D157C1AA9486}.gcmodeller_desktop|x86.Build.0 = Debug|Any CPU
		{4D69A43E-C2BF-4822-A71A-D157C1AA9486}.LipidSearch|Any CPU.ActiveCfg = Debug|Any CPU
		{4D69A43E-C2BF-4822-A71A-D157C1AA9486}.LipidSearch|Any CPU.Build.0 = Debug|Any CPU
		{4D69A43E-C2BF-4822-A71A-D157C1AA9486}.LipidSearch|x64.ActiveCfg = Debug|x64
		{4D69A43E-C2BF-4822-A71A-D157C1AA9486}.LipidSearch|x64.Build.0 = Debug|x64
		{4D69A43E-C2BF-4822-A71A-D157C1AA9486}.LipidSearch|x86.ActiveCfg = Debug|Any CPU
		{4D69A43E-C2BF-4822-A71A-D157C1AA9486}.LipidSearch|x86.Build.0 = Debug|Any CPU
		{4D69A43E-C2BF-4822-A71A-D157C1AA9486}.mzkit_win32|Any CPU.ActiveCfg = mzkit_win32|Any CPU
		{4D69A43E-C2BF-4822-A71A-D157C1AA9486}.mzkit_win32|Any CPU.Build.0 = mzkit_win32|Any CPU
		{4D69A43E-C2BF-4822-A71A-D157C1AA9486}.mzkit_win32|x64.ActiveCfg = mzkit_win32|x64
		{4D69A43E-C2BF-4822-A71A-D157C1AA9486}.mzkit_win32|x64.Build.0 = mzkit_win32|x64
		{4D69A43E-C2BF-4822-A71A-D157C1AA9486}.mzkit_win32|x86.ActiveCfg = mzkit_win32|Any CPU
		{4D69A43E-C2BF-4822-A71A-D157C1AA9486}.mzkit_win32|x86.Build.0 = mzkit_win32|Any CPU
		{4D69A43E-C2BF-4822-A71A-D157C1AA9486}.mzkit|Any CPU.ActiveCfg = mzkit_win32|Any CPU
		{4D69A43E-C2BF-4822-A71A-D157C1AA9486}.mzkit|Any CPU.Build.0 = mzkit_win32|Any CPU
		{4D69A43E-C2BF-4822-A71A-D157C1AA9486}.mzkit|x64.ActiveCfg = mzkit_win32|x64
		{4D69A43E-C2BF-4822-A71A-D157C1AA9486}.mzkit|x64.Build.0 = mzkit_win32|x64
		{4D69A43E-C2BF-4822-A71A-D157C1AA9486}.mzkit|x86.ActiveCfg = mzkit_win32|Any CPU
		{4D69A43E-C2BF-4822-A71A-D157C1AA9486}.mzkit|x86.Build.0 = mzkit_win32|Any CPU
		{4D69A43E-C2BF-4822-A71A-D157C1AA9486}.NPSearch|Any CPU.ActiveCfg = Debug|Any CPU
		{4D69A43E-C2BF-4822-A71A-D157C1AA9486}.NPSearch|Any CPU.Build.0 = Debug|Any CPU
		{4D69A43E-C2BF-4822-A71A-D157C1AA9486}.NPSearch|x64.ActiveCfg = Debug|x64
		{4D69A43E-C2BF-4822-A71A-D157C1AA9486}.NPSearch|x64.Build.0 = Debug|x64
		{4D69A43E-C2BF-4822-A71A-D157C1AA9486}.NPSearch|x86.ActiveCfg = Debug|Any CPU
		{4D69A43E-C2BF-4822-A71A-D157C1AA9486}.NPSearch|x86.Build.0 = Debug|Any CPU
		{4D69A43E-C2BF-4822-A71A-D157C1AA9486}.PlantMAT|Any CPU.ActiveCfg = Debug|Any CPU
		{4D69A43E-C2BF-4822-A71A-D157C1AA9486}.PlantMAT|Any CPU.Build.0 = Debug|Any CPU
		{4D69A43E-C2BF-4822-A71A-D157C1AA9486}.PlantMAT|x64.ActiveCfg = Debug|x64
		{4D69A43E-C2BF-4822-A71A-D157C1AA9486}.PlantMAT|x64.Build.0 = Debug|x64
		{4D69A43E-C2BF-4822-A71A-D157C1AA9486}.PlantMAT|x86.ActiveCfg = Debug|Any CPU
		{4D69A43E-C2BF-4822-A71A-D157C1AA9486}.PlantMAT|x86.Build.0 = Debug|Any CPU
		{4D69A43E-C2BF-4822-A71A-D157C1AA9486}.Release|Any CPU.ActiveCfg = Release|Any CPU
		{4D69A43E-C2BF-4822-A71A-D157C1AA9486}.Release|Any CPU.Build.0 = Release|Any CPU
		{4D69A43E-C2BF-4822-A71A-D157C1AA9486}.Release|x64.ActiveCfg = Release|x64
		{4D69A43E-C2BF-4822-A71A-D157C1AA9486}.Release|x64.Build.0 = Release|x64
		{4D69A43E-C2BF-4822-A71A-D157C1AA9486}.Release|x86.ActiveCfg = Release|Any CPU
		{4D69A43E-C2BF-4822-A71A-D157C1AA9486}.Release|x86.Build.0 = Release|Any CPU
		{4D69A43E-C2BF-4822-A71A-D157C1AA9486}.Rsharp_app_release|Any CPU.ActiveCfg = Rsharp_app_release|Any CPU
		{4D69A43E-C2BF-4822-A71A-D157C1AA9486}.Rsharp_app_release|Any CPU.Build.0 = Rsharp_app_release|Any CPU
		{4D69A43E-C2BF-4822-A71A-D157C1AA9486}.Rsharp_app_release|x64.ActiveCfg = Rsharp_app_release|x64
		{4D69A43E-C2BF-4822-A71A-D157C1AA9486}.Rsharp_app_release|x64.Build.0 = Rsharp_app_release|x64
		{4D69A43E-C2BF-4822-A71A-D157C1AA9486}.Rsharp_app_release|x86.ActiveCfg = Rsharp_app_release|Any CPU
		{4D69A43E-C2BF-4822-A71A-D157C1AA9486}.Rsharp_app_release|x86.Build.0 = Rsharp_app_release|Any CPU
	EndGlobalSection
	GlobalSection(SolutionProperties) = preSolution
		HideSolutionNode = FALSE
	EndGlobalSection
	GlobalSection(NestedProjects) = preSolution
		{9DBA7542-9A4E-4396-9F6D-93E115E01720} = {04FE73A3-791A-416E-A892-2128447E4A37}
		{5683A4CC-EDA2-411C-93A6-8290D69FA79F} = {04FE73A3-791A-416E-A892-2128447E4A37}
	EndGlobalSection
	GlobalSection(ExtensibilityGlobals) = postSolution
		SolutionGuid = {2C816381-88C1-400E-8717-C64193187B50}
	EndGlobalSection
EndGlobal
