
Microsoft Visual Studio Solution File, Format Version 12.00
# Visual Studio Version 17
VisualStudioVersion = 17.6.33606.364
MinimumVisualStudioVersion = 10.0.40219.1
Project("{778DAE3C-4631-46EA-AA77-85C1314464D9}") = "nts", "nts\nts.vbproj", "{C537A1BC-ACEE-466F-A44D-43FC3D2BCAF0}"
EndProject
Project("{2150E333-8FDC-42A3-9474-1A3956D46DE8}") = "framework", "framework", "{A0EF2702-1A3C-44B4-8C17-9FD5EDD89D05}"
EndProject
Project("{778DAE3C-4631-46EA-AA77-85C1314464D9}") = "Core", "..\..\..\runtime\sciBASIC#\Microsoft.VisualBasic.Core\src\Core.vbproj", "{5EF7A126-F20E-41EC-B912-E30C145A1DDE}"
EndProject
Project("{778DAE3C-4631-46EA-AA77-85C1314464D9}") = "Rsharp-netcore5", "..\..\R#\Rsharp-netcore5.vbproj", "{01B010F9-3F3A-4F16-A353-A0C2FDA0F4F5}"
EndProject
Project("{778DAE3C-4631-46EA-AA77-85C1314464D9}") = "IronCodeDom", "IronCodeDom\IronCodeDom.vbproj", "{455CB7F3-E093-4691-BDFE-89936FDE96D3}"
EndProject
Project("{F184B08F-C81C-45F6-A57F-5ABD9991F28F}") = "test", "nts\test\test.vbproj", "{B5CA4A0F-129E-4AD9-B604-037253CA2361}"
EndProject
Global
	GlobalSection(SolutionConfigurationPlatforms) = preSolution
		Debug|Any CPU = Debug|Any CPU
		Debug|x64 = Debug|x64
		Debug|x86 = Debug|x86
		gcmodeller_desktop|Any CPU = gcmodeller_desktop|Any CPU
		gcmodeller_desktop|x64 = gcmodeller_desktop|x64
		gcmodeller_desktop|x86 = gcmodeller_desktop|x86
		LipidSearch|Any CPU = LipidSearch|Any CPU
		LipidSearch|x64 = LipidSearch|x64
		LipidSearch|x86 = LipidSearch|x86
		mzkit_win32|Any CPU = mzkit_win32|Any CPU
		mzkit_win32|x64 = mzkit_win32|x64
		mzkit_win32|x86 = mzkit_win32|x86
		mzkit|Any CPU = mzkit|Any CPU
		mzkit|x64 = mzkit|x64
		mzkit|x86 = mzkit|x86
		NPSearch|Any CPU = NPSearch|Any CPU
		NPSearch|x64 = NPSearch|x64
		NPSearch|x86 = NPSearch|x86
		PlantMAT|Any CPU = PlantMAT|Any CPU
		PlantMAT|x64 = PlantMAT|x64
		PlantMAT|x86 = PlantMAT|x86
		Release|Any CPU = Release|Any CPU
		Release|x64 = Release|x64
		Release|x86 = Release|x86
		Rsharp_app_release|Any CPU = Rsharp_app_release|Any CPU
		Rsharp_app_release|x64 = Rsharp_app_release|x64
		Rsharp_app_release|x86 = Rsharp_app_release|x86
	EndGlobalSection
	GlobalSection(ProjectConfigurationPlatforms) = postSolution
		{C537A1BC-ACEE-466F-A44D-43FC3D2BCAF0}.Debug|Any CPU.ActiveCfg = Debug|Any CPU
		{C537A1BC-ACEE-466F-A44D-43FC3D2BCAF0}.Debug|Any CPU.Build.0 = Debug|Any CPU
		{C537A1BC-ACEE-466F-A44D-43FC3D2BCAF0}.Debug|x64.ActiveCfg = Debug|x64
		{C537A1BC-ACEE-466F-A44D-43FC3D2BCAF0}.Debug|x64.Build.0 = Debug|x64
		{C537A1BC-ACEE-466F-A44D-43FC3D2BCAF0}.Debug|x86.ActiveCfg = Debug|Any CPU
		{C537A1BC-ACEE-466F-A44D-43FC3D2BCAF0}.Debug|x86.Build.0 = Debug|Any CPU
		{C537A1BC-ACEE-466F-A44D-43FC3D2BCAF0}.gcmodeller_desktop|Any CPU.ActiveCfg = Debug|Any CPU
		{C537A1BC-ACEE-466F-A44D-43FC3D2BCAF0}.gcmodeller_desktop|Any CPU.Build.0 = Debug|Any CPU
		{C537A1BC-ACEE-466F-A44D-43FC3D2BCAF0}.gcmodeller_desktop|x64.ActiveCfg = Debug|x64
		{C537A1BC-ACEE-466F-A44D-43FC3D2BCAF0}.gcmodeller_desktop|x64.Build.0 = Debug|x64
		{C537A1BC-ACEE-466F-A44D-43FC3D2BCAF0}.gcmodeller_desktop|x86.ActiveCfg = Debug|Any CPU
		{C537A1BC-ACEE-466F-A44D-43FC3D2BCAF0}.gcmodeller_desktop|x86.Build.0 = Debug|Any CPU
		{C537A1BC-ACEE-466F-A44D-43FC3D2BCAF0}.LipidSearch|Any CPU.ActiveCfg = Debug|Any CPU
		{C537A1BC-ACEE-466F-A44D-43FC3D2BCAF0}.LipidSearch|Any CPU.Build.0 = Debug|Any CPU
		{C537A1BC-ACEE-466F-A44D-43FC3D2BCAF0}.LipidSearch|x64.ActiveCfg = Debug|x64
		{C537A1BC-ACEE-466F-A44D-43FC3D2BCAF0}.LipidSearch|x64.Build.0 = Debug|x64
		{C537A1BC-ACEE-466F-A44D-43FC3D2BCAF0}.LipidSearch|x86.ActiveCfg = Debug|Any CPU
		{C537A1BC-ACEE-466F-A44D-43FC3D2BCAF0}.LipidSearch|x86.Build.0 = Debug|Any CPU
		{C537A1BC-ACEE-466F-A44D-43FC3D2BCAF0}.mzkit_win32|Any CPU.ActiveCfg = mzkit_win32|Any CPU
		{C537A1BC-ACEE-466F-A44D-43FC3D2BCAF0}.mzkit_win32|Any CPU.Build.0 = mzkit_win32|Any CPU
		{C537A1BC-ACEE-466F-A44D-43FC3D2BCAF0}.mzkit_win32|x64.ActiveCfg = mzkit_win32|x64
		{C537A1BC-ACEE-466F-A44D-43FC3D2BCAF0}.mzkit_win32|x64.Build.0 = mzkit_win32|x64
		{C537A1BC-ACEE-466F-A44D-43FC3D2BCAF0}.mzkit_win32|x86.ActiveCfg = mzkit_win32|Any CPU
		{C537A1BC-ACEE-466F-A44D-43FC3D2BCAF0}.mzkit_win32|x86.Build.0 = mzkit_win32|Any CPU
		{C537A1BC-ACEE-466F-A44D-43FC3D2BCAF0}.mzkit|Any CPU.ActiveCfg = mzkit_win32|Any CPU
		{C537A1BC-ACEE-466F-A44D-43FC3D2BCAF0}.mzkit|Any CPU.Build.0 = mzkit_win32|Any CPU
		{C537A1BC-ACEE-466F-A44D-43FC3D2BCAF0}.mzkit|x64.ActiveCfg = mzkit_win32|x64
		{C537A1BC-ACEE-466F-A44D-43FC3D2BCAF0}.mzkit|x64.Build.0 = mzkit_win32|x64
		{C537A1BC-ACEE-466F-A44D-43FC3D2BCAF0}.mzkit|x86.ActiveCfg = mzkit_win32|Any CPU
		{C537A1BC-ACEE-466F-A44D-43FC3D2BCAF0}.mzkit|x86.Build.0 = mzkit_win32|Any CPU
		{C537A1BC-ACEE-466F-A44D-43FC3D2BCAF0}.NPSearch|Any CPU.ActiveCfg = Debug|Any CPU
		{C537A1BC-ACEE-466F-A44D-43FC3D2BCAF0}.NPSearch|Any CPU.Build.0 = Debug|Any CPU
		{C537A1BC-ACEE-466F-A44D-43FC3D2BCAF0}.NPSearch|x64.ActiveCfg = Debug|x64
		{C537A1BC-ACEE-466F-A44D-43FC3D2BCAF0}.NPSearch|x64.Build.0 = Debug|x64
		{C537A1BC-ACEE-466F-A44D-43FC3D2BCAF0}.NPSearch|x86.ActiveCfg = Debug|Any CPU
		{C537A1BC-ACEE-466F-A44D-43FC3D2BCAF0}.NPSearch|x86.Build.0 = Debug|Any CPU
		{C537A1BC-ACEE-466F-A44D-43FC3D2BCAF0}.PlantMAT|Any CPU.ActiveCfg = Debug|Any CPU
		{C537A1BC-ACEE-466F-A44D-43FC3D2BCAF0}.PlantMAT|Any CPU.Build.0 = Debug|Any CPU
		{C537A1BC-ACEE-466F-A44D-43FC3D2BCAF0}.PlantMAT|x64.ActiveCfg = Debug|x64
		{C537A1BC-ACEE-466F-A44D-43FC3D2BCAF0}.PlantMAT|x64.Build.0 = Debug|x64
		{C537A1BC-ACEE-466F-A44D-43FC3D2BCAF0}.PlantMAT|x86.ActiveCfg = Debug|Any CPU
		{C537A1BC-ACEE-466F-A44D-43FC3D2BCAF0}.PlantMAT|x86.Build.0 = Debug|Any CPU
		{C537A1BC-ACEE-466F-A44D-43FC3D2BCAF0}.Release|Any CPU.ActiveCfg = Release|Any CPU
		{C537A1BC-ACEE-466F-A44D-43FC3D2BCAF0}.Release|Any CPU.Build.0 = Release|Any CPU
		{C537A1BC-ACEE-466F-A44D-43FC3D2BCAF0}.Release|x64.ActiveCfg = Release|x64
		{C537A1BC-ACEE-466F-A44D-43FC3D2BCAF0}.Release|x64.Build.0 = Release|x64
		{C537A1BC-ACEE-466F-A44D-43FC3D2BCAF0}.Release|x86.ActiveCfg = Release|Any CPU
		{C537A1BC-ACEE-466F-A44D-43FC3D2BCAF0}.Release|x86.Build.0 = Release|Any CPU
		{C537A1BC-ACEE-466F-A44D-43FC3D2BCAF0}.Rsharp_app_release|Any CPU.ActiveCfg = Rsharp_app_release|Any CPU
		{C537A1BC-ACEE-466F-A44D-43FC3D2BCAF0}.Rsharp_app_release|Any CPU.Build.0 = Rsharp_app_release|Any CPU
		{C537A1BC-ACEE-466F-A44D-43FC3D2BCAF0}.Rsharp_app_release|x64.ActiveCfg = Rsharp_app_release|x64
		{C537A1BC-ACEE-466F-A44D-43FC3D2BCAF0}.Rsharp_app_release|x64.Build.0 = Rsharp_app_release|x64
		{C537A1BC-ACEE-466F-A44D-43FC3D2BCAF0}.Rsharp_app_release|x86.ActiveCfg = Rsharp_app_release|Any CPU
		{C537A1BC-ACEE-466F-A44D-43FC3D2BCAF0}.Rsharp_app_release|x86.Build.0 = Rsharp_app_release|Any CPU
		{5EF7A126-F20E-41EC-B912-E30C145A1DDE}.Debug|Any CPU.ActiveCfg = Debug|Any CPU
		{5EF7A126-F20E-41EC-B912-E30C145A1DDE}.Debug|Any CPU.Build.0 = Debug|Any CPU
		{5EF7A126-F20E-41EC-B912-E30C145A1DDE}.Debug|x64.ActiveCfg = Debug|x64
		{5EF7A126-F20E-41EC-B912-E30C145A1DDE}.Debug|x64.Build.0 = Debug|x64
		{5EF7A126-F20E-41EC-B912-E30C145A1DDE}.Debug|x86.ActiveCfg = Debug|x86
		{5EF7A126-F20E-41EC-B912-E30C145A1DDE}.Debug|x86.Build.0 = Debug|x86
		{5EF7A126-F20E-41EC-B912-E30C145A1DDE}.gcmodeller_desktop|Any CPU.ActiveCfg = gcmodeller_desktop|Any CPU
		{5EF7A126-F20E-41EC-B912-E30C145A1DDE}.gcmodeller_desktop|Any CPU.Build.0 = gcmodeller_desktop|Any CPU
		{5EF7A126-F20E-41EC-B912-E30C145A1DDE}.gcmodeller_desktop|x64.ActiveCfg = gcmodeller_desktop|x64
		{5EF7A126-F20E-41EC-B912-E30C145A1DDE}.gcmodeller_desktop|x64.Build.0 = gcmodeller_desktop|x64
		{5EF7A126-F20E-41EC-B912-E30C145A1DDE}.gcmodeller_desktop|x86.ActiveCfg = gcmodeller_desktop|x86
		{5EF7A126-F20E-41EC-B912-E30C145A1DDE}.gcmodeller_desktop|x86.Build.0 = gcmodeller_desktop|x86
		{5EF7A126-F20E-41EC-B912-E30C145A1DDE}.LipidSearch|Any CPU.ActiveCfg = LipidSearch|Any CPU
		{5EF7A126-F20E-41EC-B912-E30C145A1DDE}.LipidSearch|Any CPU.Build.0 = LipidSearch|Any CPU
		{5EF7A126-F20E-41EC-B912-E30C145A1DDE}.LipidSearch|x64.ActiveCfg = LipidSearch|x64
		{5EF7A126-F20E-41EC-B912-E30C145A1DDE}.LipidSearch|x64.Build.0 = LipidSearch|x64
		{5EF7A126-F20E-41EC-B912-E30C145A1DDE}.LipidSearch|x86.ActiveCfg = LipidSearch|x86
		{5EF7A126-F20E-41EC-B912-E30C145A1DDE}.LipidSearch|x86.Build.0 = LipidSearch|x86
		{5EF7A126-F20E-41EC-B912-E30C145A1DDE}.mzkit_win32|Any CPU.ActiveCfg = mzkit_win32|Any CPU
		{5EF7A126-F20E-41EC-B912-E30C145A1DDE}.mzkit_win32|Any CPU.Build.0 = mzkit_win32|Any CPU
		{5EF7A126-F20E-41EC-B912-E30C145A1DDE}.mzkit_win32|x64.ActiveCfg = mzkit_win32|x64
		{5EF7A126-F20E-41EC-B912-E30C145A1DDE}.mzkit_win32|x64.Build.0 = mzkit_win32|x64
		{5EF7A126-F20E-41EC-B912-E30C145A1DDE}.mzkit_win32|x86.ActiveCfg = mzkit_win32|x86
		{5EF7A126-F20E-41EC-B912-E30C145A1DDE}.mzkit_win32|x86.Build.0 = mzkit_win32|x86
		{5EF7A126-F20E-41EC-B912-E30C145A1DDE}.mzkit|Any CPU.ActiveCfg = mzkit|Any CPU
		{5EF7A126-F20E-41EC-B912-E30C145A1DDE}.mzkit|Any CPU.Build.0 = mzkit|Any CPU
		{5EF7A126-F20E-41EC-B912-E30C145A1DDE}.mzkit|x64.ActiveCfg = mzkit|x64
		{5EF7A126-F20E-41EC-B912-E30C145A1DDE}.mzkit|x64.Build.0 = mzkit|x64
		{5EF7A126-F20E-41EC-B912-E30C145A1DDE}.mzkit|x86.ActiveCfg = mzkit|x86
		{5EF7A126-F20E-41EC-B912-E30C145A1DDE}.mzkit|x86.Build.0 = mzkit|x86
		{5EF7A126-F20E-41EC-B912-E30C145A1DDE}.NPSearch|Any CPU.ActiveCfg = NPSearch|Any CPU
		{5EF7A126-F20E-41EC-B912-E30C145A1DDE}.NPSearch|Any CPU.Build.0 = NPSearch|Any CPU
		{5EF7A126-F20E-41EC-B912-E30C145A1DDE}.NPSearch|x64.ActiveCfg = NPSearch|x64
		{5EF7A126-F20E-41EC-B912-E30C145A1DDE}.NPSearch|x64.Build.0 = NPSearch|x64
		{5EF7A126-F20E-41EC-B912-E30C145A1DDE}.NPSearch|x86.ActiveCfg = NPSearch|x86
		{5EF7A126-F20E-41EC-B912-E30C145A1DDE}.NPSearch|x86.Build.0 = NPSearch|x86
		{5EF7A126-F20E-41EC-B912-E30C145A1DDE}.PlantMAT|Any CPU.ActiveCfg = PlantMAT|Any CPU
		{5EF7A126-F20E-41EC-B912-E30C145A1DDE}.PlantMAT|Any CPU.Build.0 = PlantMAT|Any CPU
		{5EF7A126-F20E-41EC-B912-E30C145A1DDE}.PlantMAT|x64.ActiveCfg = PlantMAT|x64
		{5EF7A126-F20E-41EC-B912-E30C145A1DDE}.PlantMAT|x64.Build.0 = PlantMAT|x64
		{5EF7A126-F20E-41EC-B912-E30C145A1DDE}.PlantMAT|x86.ActiveCfg = PlantMAT|x86
		{5EF7A126-F20E-41EC-B912-E30C145A1DDE}.PlantMAT|x86.Build.0 = PlantMAT|x86
		{5EF7A126-F20E-41EC-B912-E30C145A1DDE}.Release|Any CPU.ActiveCfg = Release|Any CPU
		{5EF7A126-F20E-41EC-B912-E30C145A1DDE}.Release|Any CPU.Build.0 = Release|Any CPU
		{5EF7A126-F20E-41EC-B912-E30C145A1DDE}.Release|x64.ActiveCfg = Release|x64
		{5EF7A126-F20E-41EC-B912-E30C145A1DDE}.Release|x64.Build.0 = Release|x64
		{5EF7A126-F20E-41EC-B912-E30C145A1DDE}.Release|x86.ActiveCfg = Release|x86
		{5EF7A126-F20E-41EC-B912-E30C145A1DDE}.Release|x86.Build.0 = Release|x86
		{5EF7A126-F20E-41EC-B912-E30C145A1DDE}.Rsharp_app_release|Any CPU.ActiveCfg = Rsharp_app_release|Any CPU
		{5EF7A126-F20E-41EC-B912-E30C145A1DDE}.Rsharp_app_release|Any CPU.Build.0 = Rsharp_app_release|Any CPU
		{5EF7A126-F20E-41EC-B912-E30C145A1DDE}.Rsharp_app_release|x64.ActiveCfg = Rsharp_app_release|x64
		{5EF7A126-F20E-41EC-B912-E30C145A1DDE}.Rsharp_app_release|x64.Build.0 = Rsharp_app_release|x64
		{5EF7A126-F20E-41EC-B912-E30C145A1DDE}.Rsharp_app_release|x86.ActiveCfg = Rsharp_app_release|x86
		{5EF7A126-F20E-41EC-B912-E30C145A1DDE}.Rsharp_app_release|x86.Build.0 = Rsharp_app_release|x86
		{01B010F9-3F3A-4F16-A353-A0C2FDA0F4F5}.Debug|Any CPU.ActiveCfg = Debug|Any CPU
		{01B010F9-3F3A-4F16-A353-A0C2FDA0F4F5}.Debug|Any CPU.Build.0 = Debug|Any CPU
		{01B010F9-3F3A-4F16-A353-A0C2FDA0F4F5}.Debug|x64.ActiveCfg = Debug|x64
		{01B010F9-3F3A-4F16-A353-A0C2FDA0F4F5}.Debug|x64.Build.0 = Debug|x64
		{01B010F9-3F3A-4F16-A353-A0C2FDA0F4F5}.Debug|x86.ActiveCfg = Debug|Any CPU
		{01B010F9-3F3A-4F16-A353-A0C2FDA0F4F5}.Debug|x86.Build.0 = Debug|Any CPU
		{01B010F9-3F3A-4F16-A353-A0C2FDA0F4F5}.gcmodeller_desktop|Any CPU.ActiveCfg = gcmodeller_desktop|Any CPU
		{01B010F9-3F3A-4F16-A353-A0C2FDA0F4F5}.gcmodeller_desktop|Any CPU.Build.0 = gcmodeller_desktop|Any CPU
		{01B010F9-3F3A-4F16-A353-A0C2FDA0F4F5}.gcmodeller_desktop|x64.ActiveCfg = gcmodeller_desktop|x64
		{01B010F9-3F3A-4F16-A353-A0C2FDA0F4F5}.gcmodeller_desktop|x64.Build.0 = gcmodeller_desktop|x64
		{01B010F9-3F3A-4F16-A353-A0C2FDA0F4F5}.gcmodeller_desktop|x86.ActiveCfg = gcmodeller_desktop|Any CPU
		{01B010F9-3F3A-4F16-A353-A0C2FDA0F4F5}.gcmodeller_desktop|x86.Build.0 = gcmodeller_desktop|Any CPU
		{01B010F9-3F3A-4F16-A353-A0C2FDA0F4F5}.LipidSearch|Any CPU.ActiveCfg = LipidSearch|Any CPU
		{01B010F9-3F3A-4F16-A353-A0C2FDA0F4F5}.LipidSearch|Any CPU.Build.0 = LipidSearch|Any CPU
		{01B010F9-3F3A-4F16-A353-A0C2FDA0F4F5}.LipidSearch|x64.ActiveCfg = LipidSearch|x64
		{01B010F9-3F3A-4F16-A353-A0C2FDA0F4F5}.LipidSearch|x64.Build.0 = LipidSearch|x64
		{01B010F9-3F3A-4F16-A353-A0C2FDA0F4F5}.LipidSearch|x86.ActiveCfg = LipidSearch|Any CPU
		{01B010F9-3F3A-4F16-A353-A0C2FDA0F4F5}.LipidSearch|x86.Build.0 = LipidSearch|Any CPU
		{01B010F9-3F3A-4F16-A353-A0C2FDA0F4F5}.mzkit_win32|Any CPU.ActiveCfg = mzkit|Any CPU
		{01B010F9-3F3A-4F16-A353-A0C2FDA0F4F5}.mzkit_win32|Any CPU.Build.0 = mzkit|Any CPU
		{01B010F9-3F3A-4F16-A353-A0C2FDA0F4F5}.mzkit_win32|x64.ActiveCfg = mzkit|x64
		{01B010F9-3F3A-4F16-A353-A0C2FDA0F4F5}.mzkit_win32|x64.Build.0 = mzkit|x64
		{01B010F9-3F3A-4F16-A353-A0C2FDA0F4F5}.mzkit_win32|x86.ActiveCfg = mzkit|Any CPU
		{01B010F9-3F3A-4F16-A353-A0C2FDA0F4F5}.mzkit_win32|x86.Build.0 = mzkit|Any CPU
		{01B010F9-3F3A-4F16-A353-A0C2FDA0F4F5}.mzkit|Any CPU.ActiveCfg = mzkit|Any CPU
		{01B010F9-3F3A-4F16-A353-A0C2FDA0F4F5}.mzkit|Any CPU.Build.0 = mzkit|Any CPU
		{01B010F9-3F3A-4F16-A353-A0C2FDA0F4F5}.mzkit|x64.ActiveCfg = mzkit|x64
		{01B010F9-3F3A-4F16-A353-A0C2FDA0F4F5}.mzkit|x64.Build.0 = mzkit|x64
		{01B010F9-3F3A-4F16-A353-A0C2FDA0F4F5}.mzkit|x86.ActiveCfg = mzkit|Any CPU
		{01B010F9-3F3A-4F16-A353-A0C2FDA0F4F5}.mzkit|x86.Build.0 = mzkit|Any CPU
		{01B010F9-3F3A-4F16-A353-A0C2FDA0F4F5}.NPSearch|Any CPU.ActiveCfg = NPSearch|Any CPU
		{01B010F9-3F3A-4F16-A353-A0C2FDA0F4F5}.NPSearch|Any CPU.Build.0 = NPSearch|Any CPU
		{01B010F9-3F3A-4F16-A353-A0C2FDA0F4F5}.NPSearch|x64.ActiveCfg = NPSearch|x64
		{01B010F9-3F3A-4F16-A353-A0C2FDA0F4F5}.NPSearch|x64.Build.0 = NPSearch|x64
		{01B010F9-3F3A-4F16-A353-A0C2FDA0F4F5}.NPSearch|x86.ActiveCfg = NPSearch|Any CPU
		{01B010F9-3F3A-4F16-A353-A0C2FDA0F4F5}.NPSearch|x86.Build.0 = NPSearch|Any CPU
		{01B010F9-3F3A-4F16-A353-A0C2FDA0F4F5}.PlantMAT|Any CPU.ActiveCfg = PlantMAT|Any CPU
		{01B010F9-3F3A-4F16-A353-A0C2FDA0F4F5}.PlantMAT|Any CPU.Build.0 = PlantMAT|Any CPU
		{01B010F9-3F3A-4F16-A353-A0C2FDA0F4F5}.PlantMAT|x64.ActiveCfg = PlantMAT|x64
		{01B010F9-3F3A-4F16-A353-A0C2FDA0F4F5}.PlantMAT|x64.Build.0 = PlantMAT|x64
		{01B010F9-3F3A-4F16-A353-A0C2FDA0F4F5}.PlantMAT|x86.ActiveCfg = PlantMAT|Any CPU
		{01B010F9-3F3A-4F16-A353-A0C2FDA0F4F5}.PlantMAT|x86.Build.0 = PlantMAT|Any CPU
		{01B010F9-3F3A-4F16-A353-A0C2FDA0F4F5}.Release|Any CPU.ActiveCfg = Release|Any CPU
		{01B010F9-3F3A-4F16-A353-A0C2FDA0F4F5}.Release|Any CPU.Build.0 = Release|Any CPU
		{01B010F9-3F3A-4F16-A353-A0C2FDA0F4F5}.Release|x64.ActiveCfg = Release|x64
		{01B010F9-3F3A-4F16-A353-A0C2FDA0F4F5}.Release|x64.Build.0 = Release|x64
		{01B010F9-3F3A-4F16-A353-A0C2FDA0F4F5}.Release|x86.ActiveCfg = Release|Any CPU
		{01B010F9-3F3A-4F16-A353-A0C2FDA0F4F5}.Release|x86.Build.0 = Release|Any CPU
		{01B010F9-3F3A-4F16-A353-A0C2FDA0F4F5}.Rsharp_app_release|Any CPU.ActiveCfg = Rsharp_app_release|Any CPU
		{01B010F9-3F3A-4F16-A353-A0C2FDA0F4F5}.Rsharp_app_release|Any CPU.Build.0 = Rsharp_app_release|Any CPU
		{01B010F9-3F3A-4F16-A353-A0C2FDA0F4F5}.Rsharp_app_release|x64.ActiveCfg = Rsharp_app_release|x64
		{01B010F9-3F3A-4F16-A353-A0C2FDA0F4F5}.Rsharp_app_release|x64.Build.0 = Rsharp_app_release|x64
		{01B010F9-3F3A-4F16-A353-A0C2FDA0F4F5}.Rsharp_app_release|x86.ActiveCfg = Rsharp_app_release|Any CPU
		{01B010F9-3F3A-4F16-A353-A0C2FDA0F4F5}.Rsharp_app_release|x86.Build.0 = Rsharp_app_release|Any CPU
		{455CB7F3-E093-4691-BDFE-89936FDE96D3}.Debug|Any CPU.ActiveCfg = Debug|Any CPU
		{455CB7F3-E093-4691-BDFE-89936FDE96D3}.Debug|Any CPU.Build.0 = Debug|Any CPU
		{455CB7F3-E093-4691-BDFE-89936FDE96D3}.Debug|x64.ActiveCfg = Debug|x64
		{455CB7F3-E093-4691-BDFE-89936FDE96D3}.Debug|x64.Build.0 = Debug|x64
		{455CB7F3-E093-4691-BDFE-89936FDE96D3}.Debug|x86.ActiveCfg = Debug|Any CPU
		{455CB7F3-E093-4691-BDFE-89936FDE96D3}.Debug|x86.Build.0 = Debug|Any CPU
		{455CB7F3-E093-4691-BDFE-89936FDE96D3}.gcmodeller_desktop|Any CPU.ActiveCfg = Debug|Any CPU
		{455CB7F3-E093-4691-BDFE-89936FDE96D3}.gcmodeller_desktop|Any CPU.Build.0 = Debug|Any CPU
		{455CB7F3-E093-4691-BDFE-89936FDE96D3}.gcmodeller_desktop|x64.ActiveCfg = Debug|x64
		{455CB7F3-E093-4691-BDFE-89936FDE96D3}.gcmodeller_desktop|x64.Build.0 = Debug|x64
		{455CB7F3-E093-4691-BDFE-89936FDE96D3}.gcmodeller_desktop|x86.ActiveCfg = Debug|Any CPU
		{455CB7F3-E093-4691-BDFE-89936FDE96D3}.gcmodeller_desktop|x86.Build.0 = Debug|Any CPU
		{455CB7F3-E093-4691-BDFE-89936FDE96D3}.LipidSearch|Any CPU.ActiveCfg = Debug|Any CPU
		{455CB7F3-E093-4691-BDFE-89936FDE96D3}.LipidSearch|Any CPU.Build.0 = Debug|Any CPU
		{455CB7F3-E093-4691-BDFE-89936FDE96D3}.LipidSearch|x64.ActiveCfg = Debug|x64
		{455CB7F3-E093-4691-BDFE-89936FDE96D3}.LipidSearch|x64.Build.0 = Debug|x64
		{455CB7F3-E093-4691-BDFE-89936FDE96D3}.LipidSearch|x86.ActiveCfg = Debug|Any CPU
		{455CB7F3-E093-4691-BDFE-89936FDE96D3}.LipidSearch|x86.Build.0 = Debug|Any CPU
		{455CB7F3-E093-4691-BDFE-89936FDE96D3}.mzkit_win32|Any CPU.ActiveCfg = mzkit_win32|Any CPU
		{455CB7F3-E093-4691-BDFE-89936FDE96D3}.mzkit_win32|Any CPU.Build.0 = mzkit_win32|Any CPU
		{455CB7F3-E093-4691-BDFE-89936FDE96D3}.mzkit_win32|x64.ActiveCfg = mzkit_win32|x64
		{455CB7F3-E093-4691-BDFE-89936FDE96D3}.mzkit_win32|x64.Build.0 = mzkit_win32|x64
		{455CB7F3-E093-4691-BDFE-89936FDE96D3}.mzkit_win32|x86.ActiveCfg = mzkit_win32|Any CPU
		{455CB7F3-E093-4691-BDFE-89936FDE96D3}.mzkit_win32|x86.Build.0 = mzkit_win32|Any CPU
		{455CB7F3-E093-4691-BDFE-89936FDE96D3}.mzkit|Any CPU.ActiveCfg = mzkit_win32|Any CPU
		{455CB7F3-E093-4691-BDFE-89936FDE96D3}.mzkit|Any CPU.Build.0 = mzkit_win32|Any CPU
		{455CB7F3-E093-4691-BDFE-89936FDE96D3}.mzkit|x64.ActiveCfg = mzkit_win32|x64
		{455CB7F3-E093-4691-BDFE-89936FDE96D3}.mzkit|x64.Build.0 = mzkit_win32|x64
		{455CB7F3-E093-4691-BDFE-89936FDE96D3}.mzkit|x86.ActiveCfg = mzkit_win32|Any CPU
		{455CB7F3-E093-4691-BDFE-89936FDE96D3}.mzkit|x86.Build.0 = mzkit_win32|Any CPU
		{455CB7F3-E093-4691-BDFE-89936FDE96D3}.NPSearch|Any CPU.ActiveCfg = Debug|Any CPU
		{455CB7F3-E093-4691-BDFE-89936FDE96D3}.NPSearch|Any CPU.Build.0 = Debug|Any CPU
		{455CB7F3-E093-4691-BDFE-89936FDE96D3}.NPSearch|x64.ActiveCfg = Debug|x64
		{455CB7F3-E093-4691-BDFE-89936FDE96D3}.NPSearch|x64.Build.0 = Debug|x64
		{455CB7F3-E093-4691-BDFE-89936FDE96D3}.NPSearch|x86.ActiveCfg = Debug|Any CPU
		{455CB7F3-E093-4691-BDFE-89936FDE96D3}.NPSearch|x86.Build.0 = Debug|Any CPU
		{455CB7F3-E093-4691-BDFE-89936FDE96D3}.PlantMAT|Any CPU.ActiveCfg = Debug|Any CPU
		{455CB7F3-E093-4691-BDFE-89936FDE96D3}.PlantMAT|Any CPU.Build.0 = Debug|Any CPU
		{455CB7F3-E093-4691-BDFE-89936FDE96D3}.PlantMAT|x64.ActiveCfg = Debug|x64
		{455CB7F3-E093-4691-BDFE-89936FDE96D3}.PlantMAT|x64.Build.0 = Debug|x64
		{455CB7F3-E093-4691-BDFE-89936FDE96D3}.PlantMAT|x86.ActiveCfg = Debug|Any CPU
		{455CB7F3-E093-4691-BDFE-89936FDE96D3}.PlantMAT|x86.Build.0 = Debug|Any CPU
		{455CB7F3-E093-4691-BDFE-89936FDE96D3}.Release|Any CPU.ActiveCfg = Release|Any CPU
		{455CB7F3-E093-4691-BDFE-89936FDE96D3}.Release|Any CPU.Build.0 = Release|Any CPU
		{455CB7F3-E093-4691-BDFE-89936FDE96D3}.Release|x64.ActiveCfg = Release|x64
		{455CB7F3-E093-4691-BDFE-89936FDE96D3}.Release|x64.Build.0 = Release|x64
		{455CB7F3-E093-4691-BDFE-89936FDE96D3}.Release|x86.ActiveCfg = Release|Any CPU
		{455CB7F3-E093-4691-BDFE-89936FDE96D3}.Release|x86.Build.0 = Release|Any CPU
		{455CB7F3-E093-4691-BDFE-89936FDE96D3}.Rsharp_app_release|Any CPU.ActiveCfg = Rsharp_app_release|Any CPU
		{455CB7F3-E093-4691-BDFE-89936FDE96D3}.Rsharp_app_release|Any CPU.Build.0 = Rsharp_app_release|Any CPU
		{455CB7F3-E093-4691-BDFE-89936FDE96D3}.Rsharp_app_release|x64.ActiveCfg = Rsharp_app_release|x64
		{455CB7F3-E093-4691-BDFE-89936FDE96D3}.Rsharp_app_release|x64.Build.0 = Rsharp_app_release|x64
		{455CB7F3-E093-4691-BDFE-89936FDE96D3}.Rsharp_app_release|x86.ActiveCfg = Rsharp_app_release|Any CPU
		{455CB7F3-E093-4691-BDFE-89936FDE96D3}.Rsharp_app_release|x86.Build.0 = Rsharp_app_release|Any CPU
		{B5CA4A0F-129E-4AD9-B604-037253CA2361}.Debug|Any CPU.ActiveCfg = Debug|Any CPU
		{B5CA4A0F-129E-4AD9-B604-037253CA2361}.Debug|Any CPU.Build.0 = Debug|Any CPU
		{B5CA4A0F-129E-4AD9-B604-037253CA2361}.Debug|x64.ActiveCfg = Debug|Any CPU
		{B5CA4A0F-129E-4AD9-B604-037253CA2361}.Debug|x64.Build.0 = Debug|Any CPU
		{B5CA4A0F-129E-4AD9-B604-037253CA2361}.Debug|x86.ActiveCfg = Debug|Any CPU
		{B5CA4A0F-129E-4AD9-B604-037253CA2361}.Debug|x86.Build.0 = Debug|Any CPU
		{B5CA4A0F-129E-4AD9-B604-037253CA2361}.gcmodeller_desktop|Any CPU.ActiveCfg = Debug|Any CPU
		{B5CA4A0F-129E-4AD9-B604-037253CA2361}.gcmodeller_desktop|Any CPU.Build.0 = Debug|Any CPU
		{B5CA4A0F-129E-4AD9-B604-037253CA2361}.gcmodeller_desktop|x64.ActiveCfg = Debug|Any CPU
		{B5CA4A0F-129E-4AD9-B604-037253CA2361}.gcmodeller_desktop|x64.Build.0 = Debug|Any CPU
		{B5CA4A0F-129E-4AD9-B604-037253CA2361}.gcmodeller_desktop|x86.ActiveCfg = Debug|Any CPU
		{B5CA4A0F-129E-4AD9-B604-037253CA2361}.gcmodeller_desktop|x86.Build.0 = Debug|Any CPU
		{B5CA4A0F-129E-4AD9-B604-037253CA2361}.LipidSearch|Any CPU.ActiveCfg = Debug|Any CPU
		{B5CA4A0F-129E-4AD9-B604-037253CA2361}.LipidSearch|Any CPU.Build.0 = Debug|Any CPU
		{B5CA4A0F-129E-4AD9-B604-037253CA2361}.LipidSearch|x64.ActiveCfg = Debug|Any CPU
		{B5CA4A0F-129E-4AD9-B604-037253CA2361}.LipidSearch|x64.Build.0 = Debug|Any CPU
		{B5CA4A0F-129E-4AD9-B604-037253CA2361}.LipidSearch|x86.ActiveCfg = Debug|Any CPU
		{B5CA4A0F-129E-4AD9-B604-037253CA2361}.LipidSearch|x86.Build.0 = Debug|Any CPU
		{B5CA4A0F-129E-4AD9-B604-037253CA2361}.mzkit_win32|Any CPU.ActiveCfg = Debug|Any CPU
		{B5CA4A0F-129E-4AD9-B604-037253CA2361}.mzkit_win32|Any CPU.Build.0 = Debug|Any CPU
		{B5CA4A0F-129E-4AD9-B604-037253CA2361}.mzkit_win32|x64.ActiveCfg = Debug|Any CPU
		{B5CA4A0F-129E-4AD9-B604-037253CA2361}.mzkit_win32|x64.Build.0 = Debug|Any CPU
		{B5CA4A0F-129E-4AD9-B604-037253CA2361}.mzkit_win32|x86.ActiveCfg = Debug|Any CPU
		{B5CA4A0F-129E-4AD9-B604-037253CA2361}.mzkit_win32|x86.Build.0 = Debug|Any CPU
		{B5CA4A0F-129E-4AD9-B604-037253CA2361}.mzkit|Any CPU.ActiveCfg = Debug|Any CPU
		{B5CA4A0F-129E-4AD9-B604-037253CA2361}.mzkit|Any CPU.Build.0 = Debug|Any CPU
		{B5CA4A0F-129E-4AD9-B604-037253CA2361}.mzkit|x64.ActiveCfg = Debug|Any CPU
		{B5CA4A0F-129E-4AD9-B604-037253CA2361}.mzkit|x64.Build.0 = Debug|Any CPU
		{B5CA4A0F-129E-4AD9-B604-037253CA2361}.mzkit|x86.ActiveCfg = Debug|Any CPU
		{B5CA4A0F-129E-4AD9-B604-037253CA2361}.mzkit|x86.Build.0 = Debug|Any CPU
		{B5CA4A0F-129E-4AD9-B604-037253CA2361}.NPSearch|Any CPU.ActiveCfg = Debug|Any CPU
		{B5CA4A0F-129E-4AD9-B604-037253CA2361}.NPSearch|Any CPU.Build.0 = Debug|Any CPU
		{B5CA4A0F-129E-4AD9-B604-037253CA2361}.NPSearch|x64.ActiveCfg = Debug|Any CPU
		{B5CA4A0F-129E-4AD9-B604-037253CA2361}.NPSearch|x64.Build.0 = Debug|Any CPU
		{B5CA4A0F-129E-4AD9-B604-037253CA2361}.NPSearch|x86.ActiveCfg = Debug|Any CPU
		{B5CA4A0F-129E-4AD9-B604-037253CA2361}.NPSearch|x86.Build.0 = Debug|Any CPU
		{B5CA4A0F-129E-4AD9-B604-037253CA2361}.PlantMAT|Any CPU.ActiveCfg = Debug|Any CPU
		{B5CA4A0F-129E-4AD9-B604-037253CA2361}.PlantMAT|Any CPU.Build.0 = Debug|Any CPU
		{B5CA4A0F-129E-4AD9-B604-037253CA2361}.PlantMAT|x64.ActiveCfg = Debug|Any CPU
		{B5CA4A0F-129E-4AD9-B604-037253CA2361}.PlantMAT|x64.Build.0 = Debug|Any CPU
		{B5CA4A0F-129E-4AD9-B604-037253CA2361}.PlantMAT|x86.ActiveCfg = Debug|Any CPU
		{B5CA4A0F-129E-4AD9-B604-037253CA2361}.PlantMAT|x86.Build.0 = Debug|Any CPU
		{B5CA4A0F-129E-4AD9-B604-037253CA2361}.Release|Any CPU.ActiveCfg = Release|Any CPU
		{B5CA4A0F-129E-4AD9-B604-037253CA2361}.Release|Any CPU.Build.0 = Release|Any CPU
		{B5CA4A0F-129E-4AD9-B604-037253CA2361}.Release|x64.ActiveCfg = Release|Any CPU
		{B5CA4A0F-129E-4AD9-B604-037253CA2361}.Release|x64.Build.0 = Release|Any CPU
		{B5CA4A0F-129E-4AD9-B604-037253CA2361}.Release|x86.ActiveCfg = Release|Any CPU
		{B5CA4A0F-129E-4AD9-B604-037253CA2361}.Release|x86.Build.0 = Release|Any CPU
		{B5CA4A0F-129E-4AD9-B604-037253CA2361}.Rsharp_app_release|Any CPU.ActiveCfg = Release|Any CPU
		{B5CA4A0F-129E-4AD9-B604-037253CA2361}.Rsharp_app_release|Any CPU.Build.0 = Release|Any CPU
		{B5CA4A0F-129E-4AD9-B604-037253CA2361}.Rsharp_app_release|x64.ActiveCfg = Debug|x64
		{B5CA4A0F-129E-4AD9-B604-037253CA2361}.Rsharp_app_release|x64.Build.0 = Debug|x64
		{B5CA4A0F-129E-4AD9-B604-037253CA2361}.Rsharp_app_release|x86.ActiveCfg = Release|Any CPU
		{B5CA4A0F-129E-4AD9-B604-037253CA2361}.Rsharp_app_release|x86.Build.0 = Release|Any CPU
	EndGlobalSection
	GlobalSection(SolutionProperties) = preSolution
		HideSolutionNode = FALSE
	EndGlobalSection
	GlobalSection(NestedProjects) = preSolution
		{5EF7A126-F20E-41EC-B912-E30C145A1DDE} = {A0EF2702-1A3C-44B4-8C17-9FD5EDD89D05}
		{01B010F9-3F3A-4F16-A353-A0C2FDA0F4F5} = {A0EF2702-1A3C-44B4-8C17-9FD5EDD89D05}
		{455CB7F3-E093-4691-BDFE-89936FDE96D3} = {A0EF2702-1A3C-44B4-8C17-9FD5EDD89D05}
	EndGlobalSection
	GlobalSection(ExtensibilityGlobals) = postSolution
		SolutionGuid = {62A7AC92-F65A-423A-8764-3DE9D1B8FDFA}
	EndGlobalSection
EndGlobal
